// !$*UTF8*$!
{
	archiveVersion = 1;
	classes = {
	};
	objectVersion = 46;
	objects = {

/* Begin PBXBuildFile section */
		DF25B2321AA6461200C75CFE /* Ticket.m in Sources */ = {isa = PBXBuildFile; fileRef = DF25B2311AA6461200C75CFE /* Ticket.m */; };
		DF3F5DC01AA7DD57001D36C8 /* WinningTicketViewController.m in Sources */ = {isa = PBXBuildFile; fileRef = DF3F5DBF1AA7DD57001D36C8 /* WinningTicketViewController.m */; };
		DF5BF4071AA620EE00FBEFFA /* main.m in Sources */ = {isa = PBXBuildFile; fileRef = DF5BF4061AA620EE00FBEFFA /* main.m */; };
		DF5BF40A1AA620EE00FBEFFA /* AppDelegate.m in Sources */ = {isa = PBXBuildFile; fileRef = DF5BF4091AA620EE00FBEFFA /* AppDelegate.m */; };
		DF5BF4101AA620EE00FBEFFA /* Main.storyboard in Resources */ = {isa = PBXBuildFile; fileRef = DF5BF40E1AA620EE00FBEFFA /* Main.storyboard */; };
		DF5BF4121AA620EE00FBEFFA /* Images.xcassets in Resources */ = {isa = PBXBuildFile; fileRef = DF5BF4111AA620EE00FBEFFA /* Images.xcassets */; };
		DF5BF4151AA620EE00FBEFFA /* LaunchScreen.xib in Resources */ = {isa = PBXBuildFile; fileRef = DF5BF4131AA620EE00FBEFFA /* LaunchScreen.xib */; };
		DF5BF4211AA620EE00FBEFFA /* JackpotTests.m in Sources */ = {isa = PBXBuildFile; fileRef = DF5BF4201AA620EE00FBEFFA /* JackpotTests.m */; };
		DF5BF42C1AA621AD00FBEFFA /* TicketsTableViewController.m in Sources */ = {isa = PBXBuildFile; fileRef = DF5BF42B1AA621AD00FBEFFA /* TicketsTableViewController.m */; };
/* End PBXBuildFile section */

/* Begin PBXContainerItemProxy section */
		DF5BF41B1AA620EE00FBEFFA /* PBXContainerItemProxy */ = {
			isa = PBXContainerItemProxy;
			containerPortal = DF5BF3F91AA620EE00FBEFFA /* Project object */;
			proxyType = 1;
			remoteGlobalIDString = DF5BF4001AA620EE00FBEFFA;
			remoteInfo = Jackpot;
		};
/* End PBXContainerItemProxy section */

/* Begin PBXFileReference section */
		DF25B2301AA6461200C75CFE /* Ticket.h */ = {isa = PBXFileReference; fileEncoding = 4; lastKnownFileType = sourcecode.c.h; path = Ticket.h; sourceTree = "<group>"; };
		DF25B2311AA6461200C75CFE /* Ticket.m */ = {isa = PBXFileReference; fileEncoding = 4; lastKnownFileType = sourcecode.c.objc; path = Ticket.m; sourceTree = "<group>"; };
		DF3F5DBE1AA7DD57001D36C8 /* WinningTicketViewController.h */ = {isa = PBXFileReference; fileEncoding = 4; lastKnownFileType = sourcecode.c.h; path = WinningTicketViewController.h; sourceTree = "<group>"; };
		DF3F5DBF1AA7DD57001D36C8 /* WinningTicketViewController.m */ = {isa = PBXFileReference; fileEncoding = 4; lastKnownFileType = sourcecode.c.objc; path = WinningTicketViewController.m; sourceTree = "<group>"; };
		DF5BF4011AA620EE00FBEFFA /* Jackpot.app */ = {isa = PBXFileReference; explicitFileType = wrapper.application; includeInIndex = 0; path = Jackpot.app; sourceTree = BUILT_PRODUCTS_DIR; };
		DF5BF4051AA620EE00FBEFFA /* Info.plist */ = {isa = PBXFileReference; lastKnownFileType = text.plist.xml; path = Info.plist; sourceTree = "<group>"; };
		DF5BF4061AA620EE00FBEFFA /* main.m */ = {isa = PBXFileReference; lastKnownFileType = sourcecode.c.objc; path = main.m; sourceTree = "<group>"; };
		DF5BF4081AA620EE00FBEFFA /* AppDelegate.h */ = {isa = PBXFileReference; lastKnownFileType = sourcecode.c.h; path = AppDelegate.h; sourceTree = "<group>"; };
		DF5BF4091AA620EE00FBEFFA /* AppDelegate.m */ = {isa = PBXFileReference; lastKnownFileType = sourcecode.c.objc; path = AppDelegate.m; sourceTree = "<group>"; };
		DF5BF40F1AA620EE00FBEFFA /* Base */ = {isa = PBXFileReference; lastKnownFileType = file.storyboard; name = Base; path = Base.lproj/Main.storyboard; sourceTree = "<group>"; };
		DF5BF4111AA620EE00FBEFFA /* Images.xcassets */ = {isa = PBXFileReference; lastKnownFileType = folder.assetcatalog; path = Images.xcassets; sourceTree = "<group>"; };
		DF5BF4141AA620EE00FBEFFA /* Base */ = {isa = PBXFileReference; lastKnownFileType = file.xib; name = Base; path = Base.lproj/LaunchScreen.xib; sourceTree = "<group>"; };
		DF5BF41A1AA620EE00FBEFFA /* JackpotTests.xctest */ = {isa = PBXFileReference; explicitFileType = wrapper.cfbundle; includeInIndex = 0; path = JackpotTests.xctest; sourceTree = BUILT_PRODUCTS_DIR; };
		DF5BF41F1AA620EE00FBEFFA /* Info.plist */ = {isa = PBXFileReference; lastKnownFileType = text.plist.xml; path = Info.plist; sourceTree = "<group>"; };
		DF5BF4201AA620EE00FBEFFA /* JackpotTests.m */ = {isa = PBXFileReference; lastKnownFileType = sourcecode.c.objc; path = JackpotTests.m; sourceTree = "<group>"; };
		DF5BF42A1AA621AD00FBEFFA /* TicketsTableViewController.h */ = {isa = PBXFileReference; fileEncoding = 4; lastKnownFileType = sourcecode.c.h; path = TicketsTableViewController.h; sourceTree = "<group>"; };
		DF5BF42B1AA621AD00FBEFFA /* TicketsTableViewController.m */ = {isa = PBXFileReference; fileEncoding = 4; lastKnownFileType = sourcecode.c.objc; path = TicketsTableViewController.m; sourceTree = "<group>"; };
/* End PBXFileReference section */

/* Begin PBXFrameworksBuildPhase section */
		DF5BF3FE1AA620EE00FBEFFA /* Frameworks */ = {
			isa = PBXFrameworksBuildPhase;
			buildActionMask = 2147483647;
			files = (
			);
			runOnlyForDeploymentPostprocessing = 0;
		};
		DF5BF4171AA620EE00FBEFFA /* Frameworks */ = {
			isa = PBXFrameworksBuildPhase;
			buildActionMask = 2147483647;
			files = (
			);
			runOnlyForDeploymentPostprocessing = 0;
		};
/* End PBXFrameworksBuildPhase section */

/* Begin PBXGroup section */
		DF5BF3F81AA620EE00FBEFFA = {
			isa = PBXGroup;
			children = (
				DF5BF4031AA620EE00FBEFFA /* Jackpot */,
				DF5BF41D1AA620EE00FBEFFA /* JackpotTests */,
				DF5BF4021AA620EE00FBEFFA /* Products */,
			);
			sourceTree = "<group>";
		};
		DF5BF4021AA620EE00FBEFFA /* Products */ = {
			isa = PBXGroup;
			children = (
				DF5BF4011AA620EE00FBEFFA /* Jackpot.app */,
				DF5BF41A1AA620EE00FBEFFA /* JackpotTests.xctest */,
			);
			name = Products;
			sourceTree = "<group>";
		};
		DF5BF4031AA620EE00FBEFFA /* Jackpot */ = {
			isa = PBXGroup;
			children = (
				DF5BF4081AA620EE00FBEFFA /* AppDelegate.h */,
				DF5BF4091AA620EE00FBEFFA /* AppDelegate.m */,
				DF5BF42A1AA621AD00FBEFFA /* TicketsTableViewController.h */,
				DF5BF42B1AA621AD00FBEFFA /* TicketsTableViewController.m */,
				DF3F5DBE1AA7DD57001D36C8 /* WinningTicketViewController.h */,
				DF3F5DBF1AA7DD57001D36C8 /* WinningTicketViewController.m */,
				DF25B2301AA6461200C75CFE /* Ticket.h */,
				DF25B2311AA6461200C75CFE /* Ticket.m */,
				DF5BF40E1AA620EE00FBEFFA /* Main.storyboard */,
				DF5BF4111AA620EE00FBEFFA /* Images.xcassets */,
				DF5BF4131AA620EE00FBEFFA /* LaunchScreen.xib */,
				DF5BF4041AA620EE00FBEFFA /* Supporting Files */,
			);
			path = Jackpot;
			sourceTree = "<group>";
		};
		DF5BF4041AA620EE00FBEFFA /* Supporting Files */ = {
			isa = PBXGroup;
			children = (
				DF5BF4051AA620EE00FBEFFA /* Info.plist */,
				DF5BF4061AA620EE00FBEFFA /* main.m */,
			);
			name = "Supporting Files";
			sourceTree = "<group>";
		};
		DF5BF41D1AA620EE00FBEFFA /* JackpotTests */ = {
			isa = PBXGroup;
			children = (
				DF5BF4201AA620EE00FBEFFA /* JackpotTests.m */,
				DF5BF41E1AA620EE00FBEFFA /* Supporting Files */,
			);
			path = JackpotTests;
			sourceTree = "<group>";
		};
		DF5BF41E1AA620EE00FBEFFA /* Supporting Files */ = {
			isa = PBXGroup;
			children = (
				DF5BF41F1AA620EE00FBEFFA /* Info.plist */,
			);
			name = "Supporting Files";
			sourceTree = "<group>";
		};
/* End PBXGroup section */

/* Begin PBXNativeTarget section */
		DF5BF4001AA620EE00FBEFFA /* Jackpot */ = {
			isa = PBXNativeTarget;
			buildConfigurationList = DF5BF4241AA620EE00FBEFFA /* Build configuration list for PBXNativeTarget "Jackpot" */;
			buildPhases = (
				DF5BF3FD1AA620EE00FBEFFA /* Sources */,
				DF5BF3FE1AA620EE00FBEFFA /* Frameworks */,
				DF5BF3FF1AA620EE00FBEFFA /* Resources */,
			);
			buildRules = (
			);
			dependencies = (
			);
			name = Jackpot;
			productName = Jackpot;
			productReference = DF5BF4011AA620EE00FBEFFA /* Jackpot.app */;
			productType = "com.apple.product-type.application";
		};
		DF5BF4191AA620EE00FBEFFA /* JackpotTests */ = {
			isa = PBXNativeTarget;
			buildConfigurationList = DF5BF4271AA620EE00FBEFFA /* Build configuration list for PBXNativeTarget "JackpotTests" */;
			buildPhases = (
				DF5BF4161AA620EE00FBEFFA /* Sources */,
				DF5BF4171AA620EE00FBEFFA /* Frameworks */,
				DF5BF4181AA620EE00FBEFFA /* Resources */,
			);
			buildRules = (
			);
			dependencies = (
				DF5BF41C1AA620EE00FBEFFA /* PBXTargetDependency */,
			);
			name = JackpotTests;
			productName = JackpotTests;
			productReference = DF5BF41A1AA620EE00FBEFFA /* JackpotTests.xctest */;
			productType = "com.apple.product-type.bundle.unit-test";
		};
/* End PBXNativeTarget section */

/* Begin PBXProject section */
		DF5BF3F91AA620EE00FBEFFA /* Project object */ = {
			isa = PBXProject;
			attributes = {
				LastUpgradeCheck = 0610;
				ORGANIZATIONNAME = "The Iron Yard";
				TargetAttributes = {
					DF5BF4001AA620EE00FBEFFA = {
						CreatedOnToolsVersion = 6.1.1;
					};
					DF5BF4191AA620EE00FBEFFA = {
						CreatedOnToolsVersion = 6.1.1;
						TestTargetID = DF5BF4001AA620EE00FBEFFA;
					};
				};
			};
			buildConfigurationList = DF5BF3FC1AA620EE00FBEFFA /* Build configuration list for PBXProject "Jackpot" */;
			compatibilityVersion = "Xcode 3.2";
			developmentRegion = English;
			hasScannedForEncodings = 0;
			knownRegions = (
				en,
				Base,
			);
			mainGroup = DF5BF3F81AA620EE00FBEFFA;
			productRefGroup = DF5BF4021AA620EE00FBEFFA /* Products */;
			projectDirPath = "";
			projectRoot = "";
			targets = (
				DF5BF4001AA620EE00FBEFFA /* Jackpot */,
				DF5BF4191AA620EE00FBEFFA /* JackpotTests */,
			);
		};
/* End PBXProject section */

/* Begin PBXResourcesBuildPhase section */
		DF5BF3FF1AA620EE00FBEFFA /* Resources */ = {
			isa = PBXResourcesBuildPhase;
			buildActionMask = 2147483647;
			files = (
				DF5BF4101AA620EE00FBEFFA /* Main.storyboard in Resources */,
				DF5BF4151AA620EE00FBEFFA /* LaunchScreen.xib in Resources */,
				DF5BF4121AA620EE00FBEFFA /* Images.xcassets in Resources */,
			);
			runOnlyForDeploymentPostprocessing = 0;
		};
		DF5BF4181AA620EE00FBEFFA /* Resources */ = {
			isa = PBXResourcesBuildPhase;
			buildActionMask = 2147483647;
			files = (
			);
			runOnlyForDeploymentPostprocessing = 0;
		};
/* End PBXResourcesBuildPhase section */

/* Begin PBXSourcesBuildPhase section */
		DF5BF3FD1AA620EE00FBEFFA /* Sources */ = {
			isa = PBXSourcesBuildPhase;
			buildActionMask = 2147483647;
			files = (
				DF3F5DC01AA7DD57001D36C8 /* WinningTicketViewController.m in Sources */,
				DF5BF40A1AA620EE00FBEFFA /* AppDelegate.m in Sources */,
				DF5BF4071AA620EE00FBEFFA /* main.m in Sources */,
				DF5BF42C1AA621AD00FBEFFA /* TicketsTableViewController.m in Sources */,
				DF25B2321AA6461200C75CFE /* Ticket.m in Sources */,
			);
			runOnlyForDeploymentPostprocessing = 0;
		};
		DF5BF4161AA620EE00FBEFFA /* Sources */ = {
			isa = PBXSourcesBuildPhase;
			buildActionMask = 2147483647;
			files = (
				DF5BF4211AA620EE00FBEFFA /* JackpotTests.m in Sources */,
			);
			runOnlyForDeploymentPostprocessing = 0;
		};
/* End PBXSourcesBuildPhase section */

/* Begin PBXTargetDependency section */
		DF5BF41C1AA620EE00FBEFFA /* PBXTargetDependency */ = {
			isa = PBXTargetDependency;
			target = DF5BF4001AA620EE00FBEFFA /* Jackpot */;
			targetProxy = DF5BF41B1AA620EE00FBEFFA /* PBXContainerItemProxy */;
		};
/* End PBXTargetDependency section */

/* Begin PBXVariantGroup section */
		DF5BF40E1AA620EE00FBEFFA /* Main.storyboard */ = {
			isa = PBXVariantGroup;
			children = (
				DF5BF40F1AA620EE00FBEFFA /* Base */,
			);
			name = Main.storyboard;
			sourceTree = "<group>";
		};
		DF5BF4131AA620EE00FBEFFA /* LaunchScreen.xib */ = {
			isa = PBXVariantGroup;
			children = (
				DF5BF4141AA620EE00FBEFFA /* Base */,
			);
			name = LaunchScreen.xib;
			sourceTree = "<group>";
		};
/* End PBXVariantGroup section */

/* Begin XCBuildConfiguration section */
		DF5BF4221AA620EE00FBEFFA /* Debug */ = {
			isa = XCBuildConfiguration;
			buildSettings = {
				ALWAYS_SEARCH_USER_PATHS = NO;
				CLANG_CXX_LANGUAGE_STANDARD = "gnu++0x";
				CLANG_CXX_LIBRARY = "libc++";
				CLANG_ENABLE_MODULES = YES;
				CLANG_ENABLE_OBJC_ARC = YES;
				CLANG_WARN_BOOL_CONVERSION = YES;
				CLANG_WARN_CONSTANT_CONVERSION = YES;
				CLANG_WARN_DIRECT_OBJC_ISA_USAGE = YES_ERROR;
				CLANG_WARN_EMPTY_BODY = YES;
				CLANG_WARN_ENUM_CONVERSION = YES;
				CLANG_WARN_INT_CONVERSION = YES;
				CLANG_WARN_OBJC_ROOT_CLASS = YES_ERROR;
				CLANG_WARN_UNREACHABLE_CODE = YES;
				CLANG_WARN__DUPLICATE_METHOD_MATCH = YES;
				"CODE_SIGN_IDENTITY[sdk=iphoneos*]" = "iPhone Developer";
				COPY_PHASE_STRIP = NO;
				ENABLE_STRICT_OBJC_MSGSEND = YES;
				GCC_C_LANGUAGE_STANDARD = gnu99;
				GCC_DYNAMIC_NO_PIC = NO;
				GCC_OPTIMIZATION_LEVEL = 0;
				GCC_PREPROCESSOR_DEFINITIONS = (
					"DEBUG=1",
					"$(inherited)",
				);
				GCC_SYMBOLS_PRIVATE_EXTERN = NO;
				GCC_WARN_64_TO_32_BIT_CONVERSION = YES;
				GCC_WARN_ABOUT_RETURN_TYPE = YES_ERROR;
				GCC_WARN_UNDECLARED_SELECTOR = YES;
				GCC_WARN_UNINITIALIZED_AUTOS = YES_AGGRESSIVE;
				GCC_WARN_UNUSED_FUNCTION = YES;
				GCC_WARN_UNUSED_VARIABLE = YES;
				IPHONEOS_DEPLOYMENT_TARGET = 8.1;
				MTL_ENABLE_DEBUG_INFO = YES;
				ONLY_ACTIVE_ARCH = YES;
				SDKROOT = iphoneos;
			};
			name = Debug;
		};
		DF5BF4231AA620EE00FBEFFA /* Release */ = {
			isa = XCBuildConfiguration;
			buildSettings = {
				ALWAYS_SEARCH_USER_PATHS = NO;
				CLANG_CXX_LANGUAGE_STANDARD = "gnu++0x";
				CLANG_CXX_LIBRARY = "libc++";
				CLANG_ENABLE_MODULES = YES;
				CLANG_ENABLE_OBJC_ARC = YES;
				CLANG_WARN_BOOL_CONVERSION = YES;
				CLANG_WARN_CONSTANT_CONVERSION = YES;
				CLANG_WARN_DIRECT_OBJC_ISA_USAGE = YES_ERROR;
				CLANG_WARN_EMPTY_BODY = YES;
				CLANG_WARN_ENUM_CONVERSION = YES;
				CLANG_WARN_INT_CONVERSION = YES;
				CLANG_WARN_OBJC_ROOT_CLASS = YES_ERROR;
				CLANG_WARN_UNREACHABLE_CODE = YES;
				CLANG_WARN__DUPLICATE_METHOD_MATCH = YES;
				"CODE_SIGN_IDENTITY[sdk=iphoneos*]" = "iPhone Developer";
				COPY_PHASE_STRIP = YES;
				ENABLE_NS_ASSERTIONS = NO;
				ENABLE_STRICT_OBJC_MSGSEND = YES;
				GCC_C_LANGUAGE_STANDARD = gnu99;
				GCC_WARN_64_TO_32_BIT_CONVERSION = YES;
				GCC_WARN_ABOUT_RETURN_TYPE = YES_ERROR;
				GCC_WARN_UNDECLARED_SELECTOR = YES;
				GCC_WARN_UNINITIALIZED_AUTOS = YES_AGGRESSIVE;
				GCC_WARN_UNUSED_FUNCTION = YES;
				GCC_WARN_UNUSED_VARIABLE = YES;
				IPHONEOS_DEPLOYMENT_TARGET = 8.1;
				MTL_ENABLE_DEBUG_INFO = NO;
				SDKROOT = iphoneos;
				VALIDATE_PRODUCT = YES;
			};
			name = Release;
		};
		DF5BF4251AA620EE00FBEFFA /* Debug */ = {
			isa = XCBuildConfiguration;
			buildSettings = {
				ASSETCATALOG_COMPILER_APPICON_NAME = AppIcon;
				INFOPLIST_FILE = Jackpot/Info.plist;
				LD_RUNPATH_SEARCH_PATHS = "$(inherited) @executable_path/Frameworks";
				PRODUCT_NAME = "$(TARGET_NAME)";
			};
			name = Debug;
		};
		DF5BF4261AA620EE00FBEFFA /* Release */ = {
			isa = XCBuildConfiguration;
			buildSettings = {
				ASSETCATALOG_COMPILER_APPICON_NAME = AppIcon;
				INFOPLIST_FILE = Jackpot/Info.plist;
				LD_RUNPATH_SEARCH_PATHS = "$(inherited) @executable_path/Frameworks";
				PRODUCT_NAME = "$(TARGET_NAME)";
			};
			name = Release;
		};
		DF5BF4281AA620EE00FBEFFA /* Debug */ = {
			isa = XCBuildConfiguration;
			buildSettings = {
				BUNDLE_LOADER = "$(TEST_HOST)";
				FRAMEWORK_SEARCH_PATHS = (
					"$(SDKROOT)/Developer/Library/Frameworks",
					"$(inherited)",
				);
				GCC_PREPROCESSOR_DEFINITIONS = (
					"DEBUG=1",
					"$(inherited)",
				);
				INFOPLIST_FILE = JackpotTests/Info.plist;
				LD_RUNPATH_SEARCH_PATHS = "$(inherited) @executable_path/Frameworks @loader_path/Frameworks";
				PRODUCT_NAME = "$(TARGET_NAME)";
				TEST_HOST = "$(BUILT_PRODUCTS_DIR)/Jackpot.app/Jackpot";
			};
			name = Debug;
		};
		DF5BF4291AA620EE00FBEFFA /* Release */ = {
			isa = XCBuildConfiguration;
			buildSettings = {
				BUNDLE_LOADER = "$(TEST_HOST)";
				FRAMEWORK_SEARCH_PATHS = (
					"$(SDKROOT)/Developer/Library/Frameworks",
					"$(inherited)",
				);
				INFOPLIST_FILE = JackpotTests/Info.plist;
				LD_RUNPATH_SEARCH_PATHS = "$(inherited) @executable_path/Frameworks @loader_path/Frameworks";
				PRODUCT_NAME = "$(TARGET_NAME)";
				TEST_HOST = "$(BUILT_PRODUCTS_DIR)/Jackpot.app/Jackpot";
			};
			name = Release;
		};
/* End XCBuildConfiguration section */

/* Begin XCConfigurationList section */
		DF5BF3FC1AA620EE00FBEFFA /* Build configuration list for PBXProject "Jackpot" */ = {
			isa = XCConfigurationList;
			buildConfigurations = (
				DF5BF4221AA620EE00FBEFFA /* Debug */,
				DF5BF4231AA620EE00FBEFFA /* Release */,
			);
			defaultConfigurationIsVisible = 0;
			defaultConfigurationName = Release;
		};
		DF5BF4241AA620EE00FBEFFA /* Build configuration list for PBXNativeTarget "Jackpot" */ = {
			isa = XCConfigurationList;
			buildConfigurations = (
				DF5BF4251AA620EE00FBEFFA /* Debug */,
				DF5BF4261AA620EE00FBEFFA /* Release */,
			);
			defaultConfigurationIsVisible = 0;
			defaultConfigurationName = Release;
		};
		DF5BF4271AA620EE00FBEFFA /* Build configuration list for PBXNativeTarget "JackpotTests" */ = {
			isa = XCConfigurationList;
			buildConfigurations = (
				DF5BF4281AA620EE00FBEFFA /* Debug */,
				DF5BF4291AA620EE00FBEFFA /* Release */,
			);
			defaultConfigurationIsVisible = 0;
			defaultConfigurationName = Release;
		};
/* End XCConfigurationList section */
	};
	rootObject = DF5BF3F91AA620EE00FBEFFA /* Project object */;
}
