// !$*UTF8*$!
{
	archiveVersion = 1;
	classes = {
	};
	objectVersion = 46;
	objects = {

/* Begin PBXBuildFile section */
		DF0D838F1AAF4F0A00321D14 /* main.m in Sources */ = {isa = PBXBuildFile; fileRef = DF0D838E1AAF4F0A00321D14 /* main.m */; };
		DF0D83921AAF4F0A00321D14 /* AppDelegate.m in Sources */ = {isa = PBXBuildFile; fileRef = DF0D83911AAF4F0A00321D14 /* AppDelegate.m */; };
		DF0D83981AAF4F0A00321D14 /* Main.storyboard in Resources */ = {isa = PBXBuildFile; fileRef = DF0D83961AAF4F0A00321D14 /* Main.storyboard */; };
		DF0D839A1AAF4F0A00321D14 /* Images.xcassets in Resources */ = {isa = PBXBuildFile; fileRef = DF0D83991AAF4F0A00321D14 /* Images.xcassets */; };
		DF0D839D1AAF4F0A00321D14 /* LaunchScreen.xib in Resources */ = {isa = PBXBuildFile; fileRef = DF0D839B1AAF4F0A00321D14 /* LaunchScreen.xib */; };
		DF0D83A91AAF4F0A00321D14 /* High_VoltageTests.m in Sources */ = {isa = PBXBuildFile; fileRef = DF0D83A81AAF4F0A00321D14 /* High_VoltageTests.m */; };
		DF4514741AB0C93700B6E58A /* ValueTypesTableViewController.m in Sources */ = {isa = PBXBuildFile; fileRef = DF4514731AB0C93700B6E58A /* ValueTypesTableViewController.m */; };
		DFA8F2701AAF824D003A81F2 /* VoltageCalculatorTableViewController.m in Sources */ = {isa = PBXBuildFile; fileRef = DFA8F26F1AAF824D003A81F2 /* VoltageCalculatorTableViewController.m */; };
		DFA8F2771AAF93ED003A81F2 /* ElectricityConversions.m in Sources */ = {isa = PBXBuildFile; fileRef = DFA8F2761AAF93ED003A81F2 /* ElectricityConversions.m */; };
/* End PBXBuildFile section */

/* Begin PBXContainerItemProxy section */
		DF0D83A31AAF4F0A00321D14 /* PBXContainerItemProxy */ = {
			isa = PBXContainerItemProxy;
			containerPortal = DF0D83811AAF4F0A00321D14 /* Project object */;
			proxyType = 1;
			remoteGlobalIDString = DF0D83881AAF4F0A00321D14;
			remoteInfo = "High Voltage";
		};
/* End PBXContainerItemProxy section */

/* Begin PBXFileReference section */
		DF0D83891AAF4F0A00321D14 /* High Voltage.app */ = {isa = PBXFileReference; explicitFileType = wrapper.application; includeInIndex = 0; path = "High Voltage.app"; sourceTree = BUILT_PRODUCTS_DIR; };
		DF0D838D1AAF4F0A00321D14 /* Info.plist */ = {isa = PBXFileReference; lastKnownFileType = text.plist.xml; path = Info.plist; sourceTree = "<group>"; };
		DF0D838E1AAF4F0A00321D14 /* main.m */ = {isa = PBXFileReference; lastKnownFileType = sourcecode.c.objc; path = main.m; sourceTree = "<group>"; };
		DF0D83901AAF4F0A00321D14 /* AppDelegate.h */ = {isa = PBXFileReference; lastKnownFileType = sourcecode.c.h; path = AppDelegate.h; sourceTree = "<group>"; };
		DF0D83911AAF4F0A00321D14 /* AppDelegate.m */ = {isa = PBXFileReference; lastKnownFileType = sourcecode.c.objc; path = AppDelegate.m; sourceTree = "<group>"; };
		DF0D83971AAF4F0A00321D14 /* Base */ = {isa = PBXFileReference; lastKnownFileType = file.storyboard; name = Base; path = Base.lproj/Main.storyboard; sourceTree = "<group>"; };
		DF0D83991AAF4F0A00321D14 /* Images.xcassets */ = {isa = PBXFileReference; lastKnownFileType = folder.assetcatalog; path = Images.xcassets; sourceTree = "<group>"; };
		DF0D839C1AAF4F0A00321D14 /* Base */ = {isa = PBXFileReference; lastKnownFileType = file.xib; name = Base; path = Base.lproj/LaunchScreen.xib; sourceTree = "<group>"; };
		DF0D83A21AAF4F0A00321D14 /* High VoltageTests.xctest */ = {isa = PBXFileReference; explicitFileType = wrapper.cfbundle; includeInIndex = 0; path = "High VoltageTests.xctest"; sourceTree = BUILT_PRODUCTS_DIR; };
		DF0D83A71AAF4F0A00321D14 /* Info.plist */ = {isa = PBXFileReference; lastKnownFileType = text.plist.xml; path = Info.plist; sourceTree = "<group>"; };
		DF0D83A81AAF4F0A00321D14 /* High_VoltageTests.m */ = {isa = PBXFileReference; lastKnownFileType = sourcecode.c.objc; path = High_VoltageTests.m; sourceTree = "<group>"; };
		DF4514721AB0C93700B6E58A /* ValueTypesTableViewController.h */ = {isa = PBXFileReference; fileEncoding = 4; lastKnownFileType = sourcecode.c.h; path = ValueTypesTableViewController.h; sourceTree = "<group>"; };
		DF4514731AB0C93700B6E58A /* ValueTypesTableViewController.m */ = {isa = PBXFileReference; fileEncoding = 4; lastKnownFileType = sourcecode.c.objc; path = ValueTypesTableViewController.m; sourceTree = "<group>"; };
		DFA8F26E1AAF824D003A81F2 /* VoltageCalculatorTableViewController.h */ = {isa = PBXFileReference; fileEncoding = 4; lastKnownFileType = sourcecode.c.h; path = VoltageCalculatorTableViewController.h; sourceTree = "<group>"; };
		DFA8F26F1AAF824D003A81F2 /* VoltageCalculatorTableViewController.m */ = {isa = PBXFileReference; fileEncoding = 4; lastKnownFileType = sourcecode.c.objc; path = VoltageCalculatorTableViewController.m; sourceTree = "<group>"; };
		DFA8F2751AAF93ED003A81F2 /* ElectricityConversions.h */ = {isa = PBXFileReference; fileEncoding = 4; lastKnownFileType = sourcecode.c.h; path = ElectricityConversions.h; sourceTree = "<group>"; };
		DFA8F2761AAF93ED003A81F2 /* ElectricityConversions.m */ = {isa = PBXFileReference; fileEncoding = 4; lastKnownFileType = sourcecode.c.objc; path = ElectricityConversions.m; sourceTree = "<group>"; };
/* End PBXFileReference section */

/* Begin PBXFrameworksBuildPhase section */
		DF0D83861AAF4F0A00321D14 /* Frameworks */ = {
			isa = PBXFrameworksBuildPhase;
			buildActionMask = 2147483647;
			files = (
			);
			runOnlyForDeploymentPostprocessing = 0;
		};
		DF0D839F1AAF4F0A00321D14 /* Frameworks */ = {
			isa = PBXFrameworksBuildPhase;
			buildActionMask = 2147483647;
			files = (
			);
			runOnlyForDeploymentPostprocessing = 0;
		};
/* End PBXFrameworksBuildPhase section */

/* Begin PBXGroup section */
		DF0D83801AAF4F0A00321D14 = {
			isa = PBXGroup;
			children = (
				DF0D838B1AAF4F0A00321D14 /* High Voltage */,
				DF0D83A51AAF4F0A00321D14 /* High VoltageTests */,
				DF0D838A1AAF4F0A00321D14 /* Products */,
			);
			sourceTree = "<group>";
		};
		DF0D838A1AAF4F0A00321D14 /* Products */ = {
			isa = PBXGroup;
			children = (
				DF0D83891AAF4F0A00321D14 /* High Voltage.app */,
				DF0D83A21AAF4F0A00321D14 /* High VoltageTests.xctest */,
			);
			name = Products;
			sourceTree = "<group>";
		};
		DF0D838B1AAF4F0A00321D14 /* High Voltage */ = {
			isa = PBXGroup;
			children = (
				DF0D83901AAF4F0A00321D14 /* AppDelegate.h */,
				DF0D83911AAF4F0A00321D14 /* AppDelegate.m */,
				DFA8F2751AAF93ED003A81F2 /* ElectricityConversions.h */,
				DFA8F2761AAF93ED003A81F2 /* ElectricityConversions.m */,
				DFA8F26E1AAF824D003A81F2 /* VoltageCalculatorTableViewController.h */,
				DFA8F26F1AAF824D003A81F2 /* VoltageCalculatorTableViewController.m */,
				DF4514721AB0C93700B6E58A /* ValueTypesTableViewController.h */,
				DF4514731AB0C93700B6E58A /* ValueTypesTableViewController.m */,
				DF0D83961AAF4F0A00321D14 /* Main.storyboard */,
				DF0D83991AAF4F0A00321D14 /* Images.xcassets */,
				DF0D839B1AAF4F0A00321D14 /* LaunchScreen.xib */,
				DF0D838C1AAF4F0A00321D14 /* Supporting Files */,
			);
			path = "High Voltage";
			sourceTree = "<group>";
		};
		DF0D838C1AAF4F0A00321D14 /* Supporting Files */ = {
			isa = PBXGroup;
			children = (
				DF0D838D1AAF4F0A00321D14 /* Info.plist */,
				DF0D838E1AAF4F0A00321D14 /* main.m */,
			);
			name = "Supporting Files";
			sourceTree = "<group>";
		};
		DF0D83A51AAF4F0A00321D14 /* High VoltageTests */ = {
			isa = PBXGroup;
			children = (
				DF0D83A81AAF4F0A00321D14 /* High_VoltageTests.m */,
				DF0D83A61AAF4F0A00321D14 /* Supporting Files */,
			);
			path = "High VoltageTests";
			sourceTree = "<group>";
		};
		DF0D83A61AAF4F0A00321D14 /* Supporting Files */ = {
			isa = PBXGroup;
			children = (
				DF0D83A71AAF4F0A00321D14 /* Info.plist */,
			);
			name = "Supporting Files";
			sourceTree = "<group>";
		};
/* End PBXGroup section */

/* Begin PBXNativeTarget section */
		DF0D83881AAF4F0A00321D14 /* High Voltage */ = {
			isa = PBXNativeTarget;
			buildConfigurationList = DF0D83AC1AAF4F0A00321D14 /* Build configuration list for PBXNativeTarget "High Voltage" */;
			buildPhases = (
				DF0D83851AAF4F0A00321D14 /* Sources */,
				DF0D83861AAF4F0A00321D14 /* Frameworks */,
				DF0D83871AAF4F0A00321D14 /* Resources */,
			);
			buildRules = (
			);
			dependencies = (
			);
			name = "High Voltage";
			productName = "High Voltage";
			productReference = DF0D83891AAF4F0A00321D14 /* High Voltage.app */;
			productType = "com.apple.product-type.application";
		};
		DF0D83A11AAF4F0A00321D14 /* High VoltageTests */ = {
			isa = PBXNativeTarget;
			buildConfigurationList = DF0D83AF1AAF4F0A00321D14 /* Build configuration list for PBXNativeTarget "High VoltageTests" */;
			buildPhases = (
				DF0D839E1AAF4F0A00321D14 /* Sources */,
				DF0D839F1AAF4F0A00321D14 /* Frameworks */,
				DF0D83A01AAF4F0A00321D14 /* Resources */,
			);
			buildRules = (
			);
			dependencies = (
				DF0D83A41AAF4F0A00321D14 /* PBXTargetDependency */,
			);
			name = "High VoltageTests";
			productName = "High VoltageTests";
			productReference = DF0D83A21AAF4F0A00321D14 /* High VoltageTests.xctest */;
			productType = "com.apple.product-type.bundle.unit-test";
		};
/* End PBXNativeTarget section */

/* Begin PBXProject section */
		DF0D83811AAF4F0A00321D14 /* Project object */ = {
			isa = PBXProject;
			attributes = {
				LastUpgradeCheck = 0710;
				ORGANIZATIONNAME = "The Iron Yard";
				TargetAttributes = {
					DF0D83881AAF4F0A00321D14 = {
						CreatedOnToolsVersion = 6.1.1;
					};
					DF0D83A11AAF4F0A00321D14 = {
						CreatedOnToolsVersion = 6.1.1;
						TestTargetID = DF0D83881AAF4F0A00321D14;
					};
				};
			};
			buildConfigurationList = DF0D83841AAF4F0A00321D14 /* Build configuration list for PBXProject "High Voltage" */;
			compatibilityVersion = "Xcode 3.2";
			developmentRegion = English;
			hasScannedForEncodings = 0;
			knownRegions = (
				en,
				Base,
			);
			mainGroup = DF0D83801AAF4F0A00321D14;
			productRefGroup = DF0D838A1AAF4F0A00321D14 /* Products */;
			projectDirPath = "";
			projectRoot = "";
			targets = (
				DF0D83881AAF4F0A00321D14 /* High Voltage */,
				DF0D83A11AAF4F0A00321D14 /* High VoltageTests */,
			);
		};
/* End PBXProject section */

/* Begin PBXResourcesBuildPhase section */
		DF0D83871AAF4F0A00321D14 /* Resources */ = {
			isa = PBXResourcesBuildPhase;
			buildActionMask = 2147483647;
			files = (
				DF0D83981AAF4F0A00321D14 /* Main.storyboard in Resources */,
				DF0D839D1AAF4F0A00321D14 /* LaunchScreen.xib in Resources */,
				DF0D839A1AAF4F0A00321D14 /* Images.xcassets in Resources */,
			);
			runOnlyForDeploymentPostprocessing = 0;
		};
		DF0D83A01AAF4F0A00321D14 /* Resources */ = {
			isa = PBXResourcesBuildPhase;
			buildActionMask = 2147483647;
			files = (
			);
			runOnlyForDeploymentPostprocessing = 0;
		};
/* End PBXResourcesBuildPhase section */

/* Begin PBXSourcesBuildPhase section */
		DF0D83851AAF4F0A00321D14 /* Sources */ = {
			isa = PBXSourcesBuildPhase;
			buildActionMask = 2147483647;
			files = (
				DF4514741AB0C93700B6E58A /* ValueTypesTableViewController.m in Sources */,
				DFA8F2701AAF824D003A81F2 /* VoltageCalculatorTableViewController.m in Sources */,
				DF0D83921AAF4F0A00321D14 /* AppDelegate.m in Sources */,
				DF0D838F1AAF4F0A00321D14 /* main.m in Sources */,
				DFA8F2771AAF93ED003A81F2 /* ElectricityConversions.m in Sources */,
			);
			runOnlyForDeploymentPostprocessing = 0;
		};
		DF0D839E1AAF4F0A00321D14 /* Sources */ = {
			isa = PBXSourcesBuildPhase;
			buildActionMask = 2147483647;
			files = (
				DF0D83A91AAF4F0A00321D14 /* High_VoltageTests.m in Sources */,
			);
			runOnlyForDeploymentPostprocessing = 0;
		};
/* End PBXSourcesBuildPhase section */

/* Begin PBXTargetDependency section */
		DF0D83A41AAF4F0A00321D14 /* PBXTargetDependency */ = {
			isa = PBXTargetDependency;
			target = DF0D83881AAF4F0A00321D14 /* High Voltage */;
			targetProxy = DF0D83A31AAF4F0A00321D14 /* PBXContainerItemProxy */;
		};
/* End PBXTargetDependency section */

/* Begin PBXVariantGroup section */
		DF0D83961AAF4F0A00321D14 /* Main.storyboard */ = {
			isa = PBXVariantGroup;
			children = (
				DF0D83971AAF4F0A00321D14 /* Base */,
			);
			name = Main.storyboard;
			sourceTree = "<group>";
		};
		DF0D839B1AAF4F0A00321D14 /* LaunchScreen.xib */ = {
			isa = PBXVariantGroup;
			children = (
				DF0D839C1AAF4F0A00321D14 /* Base */,
			);
			name = LaunchScreen.xib;
			sourceTree = "<group>";
		};
/* End PBXVariantGroup section */

/* Begin XCBuildConfiguration section */
		DF0D83AA1AAF4F0A00321D14 /* Debug */ = {
			isa = XCBuildConfiguration;
			buildSettings = {
				ALWAYS_SEARCH_USER_PATHS = NO;
				CLANG_CXX_LANGUAGE_STANDARD = "gnu++0x";
				CLANG_CXX_LIBRARY = "libc++";
				CLANG_ENABLE_MODULES = YES;
				CLANG_ENABLE_OBJC_ARC = YES;
				CLANG_WARN_BOOL_CONVERSION = YES;
				CLANG_WARN_CONSTANT_CONVERSION = YES;
				CLANG_WARN_DIRECT_OBJC_ISA_USAGE = YES_ERROR;
				CLANG_WARN_EMPTY_BODY = YES;
				CLANG_WARN_ENUM_CONVERSION = YES;
				CLANG_WARN_INT_CONVERSION = YES;
				CLANG_WARN_OBJC_ROOT_CLASS = YES_ERROR;
				CLANG_WARN_UNREACHABLE_CODE = YES;
				CLANG_WARN__DUPLICATE_METHOD_MATCH = YES;
				"CODE_SIGN_IDENTITY[sdk=iphoneos*]" = "iPhone Developer";
				COPY_PHASE_STRIP = NO;
				ENABLE_STRICT_OBJC_MSGSEND = YES;
				ENABLE_TESTABILITY = YES;
				GCC_C_LANGUAGE_STANDARD = gnu99;
				GCC_DYNAMIC_NO_PIC = NO;
				GCC_OPTIMIZATION_LEVEL = 0;
				GCC_PREPROCESSOR_DEFINITIONS = (
					"DEBUG=1",
					"$(inherited)",
				);
				GCC_SYMBOLS_PRIVATE_EXTERN = NO;
				GCC_WARN_64_TO_32_BIT_CONVERSION = YES;
				GCC_WARN_ABOUT_RETURN_TYPE = YES_ERROR;
				GCC_WARN_UNDECLARED_SELECTOR = YES;
				GCC_WARN_UNINITIALIZED_AUTOS = YES_AGGRESSIVE;
				GCC_WARN_UNUSED_FUNCTION = YES;
				GCC_WARN_UNUSED_VARIABLE = YES;
				IPHONEOS_DEPLOYMENT_TARGET = 8.1;
				MTL_ENABLE_DEBUG_INFO = YES;
				ONLY_ACTIVE_ARCH = YES;
				SDKROOT = iphoneos;
			};
			name = Debug;
		};
		DF0D83AB1AAF4F0A00321D14 /* Release */ = {
			isa = XCBuildConfiguration;
			buildSettings = {
				ALWAYS_SEARCH_USER_PATHS = NO;
				CLANG_CXX_LANGUAGE_STANDARD = "gnu++0x";
				CLANG_CXX_LIBRARY = "libc++";
				CLANG_ENABLE_MODULES = YES;
				CLANG_ENABLE_OBJC_ARC = YES;
				CLANG_WARN_BOOL_CONVERSION = YES;
				CLANG_WARN_CONSTANT_CONVERSION = YES;
				CLANG_WARN_DIRECT_OBJC_ISA_USAGE = YES_ERROR;
				CLANG_WARN_EMPTY_BODY = YES;
				CLANG_WARN_ENUM_CONVERSION = YES;
				CLANG_WARN_INT_CONVERSION = YES;
				CLANG_WARN_OBJC_ROOT_CLASS = YES_ERROR;
				CLANG_WARN_UNREACHABLE_CODE = YES;
				CLANG_WARN__DUPLICATE_METHOD_MATCH = YES;
				"CODE_SIGN_IDENTITY[sdk=iphoneos*]" = "iPhone Developer";
				COPY_PHASE_STRIP = YES;
				ENABLE_NS_ASSERTIONS = NO;
				ENABLE_STRICT_OBJC_MSGSEND = YES;
				GCC_C_LANGUAGE_STANDARD = gnu99;
				GCC_WARN_64_TO_32_BIT_CONVERSION = YES;
				GCC_WARN_ABOUT_RETURN_TYPE = YES_ERROR;
				GCC_WARN_UNDECLARED_SELECTOR = YES;
				GCC_WARN_UNINITIALIZED_AUTOS = YES_AGGRESSIVE;
				GCC_WARN_UNUSED_FUNCTION = YES;
				GCC_WARN_UNUSED_VARIABLE = YES;
				IPHONEOS_DEPLOYMENT_TARGET = 8.1;
				MTL_ENABLE_DEBUG_INFO = NO;
				SDKROOT = iphoneos;
				VALIDATE_PRODUCT = YES;
			};
			name = Release;
		};
		DF0D83AD1AAF4F0A00321D14 /* Debug */ = {
			isa = XCBuildConfiguration;
			buildSettings = {
				ASSETCATALOG_COMPILER_APPICON_NAME = AppIcon;
				INFOPLIST_FILE = "High Voltage/Info.plist";
				LD_RUNPATH_SEARCH_PATHS = "$(inherited) @executable_path/Frameworks";
				LIBRARY_SEARCH_PATHS = (
					"$(inherited)",
					"$(PROJECT_DIR)/High\\ Voltage",
				);
				PRODUCT_BUNDLE_IDENTIFIER = "com.tiy.$(PRODUCT_NAME:rfc1034identifier)";
				PRODUCT_NAME = "$(TARGET_NAME)";
				TARGETED_DEVICE_FAMILY = "1,2";
			};
			name = Debug;
		};
		DF0D83AE1AAF4F0A00321D14 /* Release */ = {
			isa = XCBuildConfiguration;
			buildSettings = {
				ASSETCATALOG_COMPILER_APPICON_NAME = AppIcon;
				INFOPLIST_FILE = "High Voltage/Info.plist";
				LD_RUNPATH_SEARCH_PATHS = "$(inherited) @executable_path/Frameworks";
				LIBRARY_SEARCH_PATHS = (
					"$(inherited)",
					"$(PROJECT_DIR)/High\\ Voltage",
				);
				PRODUCT_BUNDLE_IDENTIFIER = "com.tiy.$(PRODUCT_NAME:rfc1034identifier)";
				PRODUCT_NAME = "$(TARGET_NAME)";
				TARGETED_DEVICE_FAMILY = "1,2";
			};
			name = Release;
		};
		DF0D83B01AAF4F0A00321D14 /* Debug */ = {
			isa = XCBuildConfiguration;
			buildSettings = {
				BUNDLE_LOADER = "$(TEST_HOST)";
				FRAMEWORK_SEARCH_PATHS = (
					"$(SDKROOT)/Developer/Library/Frameworks",
					"$(inherited)",
				);
				GCC_PREPROCESSOR_DEFINITIONS = (
					"DEBUG=1",
					"$(inherited)",
				);
				INFOPLIST_FILE = "High VoltageTests/Info.plist";
				LD_RUNPATH_SEARCH_PATHS = "$(inherited) @executable_path/Frameworks @loader_path/Frameworks";
				PRODUCT_BUNDLE_IDENTIFIER = "com.tiy.$(PRODUCT_NAME:rfc1034identifier)";
				PRODUCT_NAME = "$(TARGET_NAME)";
				TEST_HOST = "$(BUILT_PRODUCTS_DIR)/High Voltage.app/High Voltage";
			};
			name = Debug;
		};
		DF0D83B11AAF4F0A00321D14 /* Release */ = {
			isa = XCBuildConfiguration;
			buildSettings = {
				BUNDLE_LOADER = "$(TEST_HOST)";
				FRAMEWORK_SEARCH_PATHS = (
					"$(SDKROOT)/Developer/Library/Frameworks",
					"$(inherited)",
				);
				INFOPLIST_FILE = "High VoltageTests/Info.plist";
				LD_RUNPATH_SEARCH_PATHS = "$(inherited) @executable_path/Frameworks @loader_path/Frameworks";
				PRODUCT_BUNDLE_IDENTIFIER = "com.tiy.$(PRODUCT_NAME:rfc1034identifier)";
				PRODUCT_NAME = "$(TARGET_NAME)";
				TEST_HOST = "$(BUILT_PRODUCTS_DIR)/High Voltage.app/High Voltage";
			};
			name = Release;
		};
/* End XCBuildConfiguration section */

/* Begin XCConfigurationList section */
		DF0D83841AAF4F0A00321D14 /* Build configuration list for PBXProject "High Voltage" */ = {
			isa = XCConfigurationList;
			buildConfigurations = (
				DF0D83AA1AAF4F0A00321D14 /* Debug */,
				DF0D83AB1AAF4F0A00321D14 /* Release */,
			);
			defaultConfigurationIsVisible = 0;
			defaultConfigurationName = Release;
		};
		DF0D83AC1AAF4F0A00321D14 /* Build configuration list for PBXNativeTarget "High Voltage" */ = {
			isa = XCConfigurationList;
			buildConfigurations = (
				DF0D83AD1AAF4F0A00321D14 /* Debug */,
				DF0D83AE1AAF4F0A00321D14 /* Release */,
			);
			defaultConfigurationIsVisible = 0;
			defaultConfigurationName = Release;
		};
		DF0D83AF1AAF4F0A00321D14 /* Build configuration list for PBXNativeTarget "High VoltageTests" */ = {
			isa = XCConfigurationList;
			buildConfigurations = (
				DF0D83B01AAF4F0A00321D14 /* Debug */,
				DF0D83B11AAF4F0A00321D14 /* Release */,
			);
			defaultConfigurationIsVisible = 0;
			defaultConfigurationName = Release;
		};
/* End XCConfigurationList section */
	};
	rootObject = DF0D83811AAF4F0A00321D14 /* Project object */;
}
