// !$*UTF8*$!
{
	archiveVersion = 1;
	classes = {
	};
	objectVersion = 46;
	objects = {

/* Begin PBXBuildFile section */
		DF3ED8A51BDE70EA003A914B /* AppDelegate.swift in Sources */ = {isa = PBXBuildFile; fileRef = DF3ED8A41BDE70EA003A914B /* AppDelegate.swift */; };
		DF3ED8A71BDE70EA003A914B /* ViewController.swift in Sources */ = {isa = PBXBuildFile; fileRef = DF3ED8A61BDE70EA003A914B /* ViewController.swift */; };
		DF3ED8AA1BDE70EA003A914B /* Main.storyboard in Resources */ = {isa = PBXBuildFile; fileRef = DF3ED8A81BDE70EA003A914B /* Main.storyboard */; };
		DF3ED8AC1BDE70EA003A914B /* Assets.xcassets in Resources */ = {isa = PBXBuildFile; fileRef = DF3ED8AB1BDE70EA003A914B /* Assets.xcassets */; };
		DF3ED8AF1BDE70EA003A914B /* LaunchScreen.storyboard in Resources */ = {isa = PBXBuildFile; fileRef = DF3ED8AD1BDE70EA003A914B /* LaunchScreen.storyboard */; };
/* End PBXBuildFile section */

/* Begin PBXFileReference section */
		DF3ED8A11BDE70EA003A914B /* TackyTacTac.app */ = {isa = PBXFileReference; explicitFileType = wrapper.application; includeInIndex = 0; path = TackyTacTac.app; sourceTree = BUILT_PRODUCTS_DIR; };
		DF3ED8A41BDE70EA003A914B /* AppDelegate.swift */ = {isa = PBXFileReference; lastKnownFileType = sourcecode.swift; path = AppDelegate.swift; sourceTree = "<group>"; };
		DF3ED8A61BDE70EA003A914B /* ViewController.swift */ = {isa = PBXFileReference; lastKnownFileType = sourcecode.swift; path = ViewController.swift; sourceTree = "<group>"; };
		DF3ED8A91BDE70EA003A914B /* Base */ = {isa = PBXFileReference; lastKnownFileType = file.storyboard; name = Base; path = Base.lproj/Main.storyboard; sourceTree = "<group>"; };
		DF3ED8AB1BDE70EA003A914B /* Assets.xcassets */ = {isa = PBXFileReference; lastKnownFileType = folder.assetcatalog; path = Assets.xcassets; sourceTree = "<group>"; };
		DF3ED8AE1BDE70EA003A914B /* Base */ = {isa = PBXFileReference; lastKnownFileType = file.storyboard; name = Base; path = Base.lproj/LaunchScreen.storyboard; sourceTree = "<group>"; };
		DF3ED8B01BDE70EA003A914B /* Info.plist */ = {isa = PBXFileReference; lastKnownFileType = text.plist.xml; path = Info.plist; sourceTree = "<group>"; };
/* End PBXFileReference section */

/* Begin PBXFrameworksBuildPhase section */
		DF3ED89E1BDE70EA003A914B /* Frameworks */ = {
			isa = PBXFrameworksBuildPhase;
			buildActionMask = 2147483647;
			files = (
			);
			runOnlyForDeploymentPostprocessing = 0;
		};
/* End PBXFrameworksBuildPhase section */

/* Begin PBXGroup section */
		DF3ED8981BDE70EA003A914B = {
			isa = PBXGroup;
			children = (
				DF3ED8A31BDE70EA003A914B /* TackyTacTac */,
				DF3ED8A21BDE70EA003A914B /* Products */,
			);
			sourceTree = "<group>";
		};
		DF3ED8A21BDE70EA003A914B /* Products */ = {
			isa = PBXGroup;
			children = (
				DF3ED8A11BDE70EA003A914B /* TackyTacTac.app */,
			);
			name = Products;
			sourceTree = "<group>";
		};
		DF3ED8A31BDE70EA003A914B /* TackyTacTac */ = {
			isa = PBXGroup;
			children = (
				DF3ED8A41BDE70EA003A914B /* AppDelegate.swift */,
				DF3ED8A61BDE70EA003A914B /* ViewController.swift */,
				DF3ED8A81BDE70EA003A914B /* Main.storyboard */,
				DF3ED8AB1BDE70EA003A914B /* Assets.xcassets */,
				DF3ED8AD1BDE70EA003A914B /* LaunchScreen.storyboard */,
				DF3ED8B01BDE70EA003A914B /* Info.plist */,
			);
			path = TackyTacTac;
			sourceTree = "<group>";
		};
/* End PBXGroup section */

/* Begin PBXNativeTarget section */
		DF3ED8A01BDE70EA003A914B /* TackyTacTac */ = {
			isa = PBXNativeTarget;
			buildConfigurationList = DF3ED8B31BDE70EA003A914B /* Build configuration list for PBXNativeTarget "TackyTacTac" */;
			buildPhases = (
				DF3ED89D1BDE70EA003A914B /* Sources */,
				DF3ED89E1BDE70EA003A914B /* Frameworks */,
				DF3ED89F1BDE70EA003A914B /* Resources */,
			);
			buildRules = (
			);
			dependencies = (
			);
			name = TackyTacTac;
			productName = TackyTacTac;
			productReference = DF3ED8A11BDE70EA003A914B /* TackyTacTac.app */;
			productType = "com.apple.product-type.application";
		};
/* End PBXNativeTarget section */

/* Begin PBXProject section */
		DF3ED8991BDE70EA003A914B /* Project object */ = {
			isa = PBXProject;
			attributes = {
				LastSwiftUpdateCheck = 0710;
				LastUpgradeCheck = 0710;
				ORGANIZATIONNAME = "The Iron Yard";
				TargetAttributes = {
					DF3ED8A01BDE70EA003A914B = {
						CreatedOnToolsVersion = 7.1;
					};
				};
			};
			buildConfigurationList = DF3ED89C1BDE70EA003A914B /* Build configuration list for PBXProject "TackyTacTac" */;
			compatibilityVersion = "Xcode 3.2";
			developmentRegion = English;
			hasScannedForEncodings = 0;
			knownRegions = (
				en,
				Base,
			);
			mainGroup = DF3ED8981BDE70EA003A914B;
			productRefGroup = DF3ED8A21BDE70EA003A914B /* Products */;
			projectDirPath = "";
			projectRoot = "";
			targets = (
				DF3ED8A01BDE70EA003A914B /* TackyTacTac */,
			);
		};
/* End PBXProject section */

/* Begin PBXResourcesBuildPhase section */
		DF3ED89F1BDE70EA003A914B /* Resources */ = {
			isa = PBXResourcesBuildPhase;
			buildActionMask = 2147483647;
			files = (
				DF3ED8AF1BDE70EA003A914B /* LaunchScreen.storyboard in Resources */,
				DF3ED8AC1BDE70EA003A914B /* Assets.xcassets in Resources */,
				DF3ED8AA1BDE70EA003A914B /* Main.storyboard in Resources */,
			);
			runOnlyForDeploymentPostprocessing = 0;
		};
/* End PBXResourcesBuildPhase section */

/* Begin PBXSourcesBuildPhase section */
		DF3ED89D1BDE70EA003A914B /* Sources */ = {
			isa = PBXSourcesBuildPhase;
			buildActionMask = 2147483647;
			files = (
				DF3ED8A71BDE70EA003A914B /* ViewController.swift in Sources */,
				DF3ED8A51BDE70EA003A914B /* AppDelegate.swift in Sources */,
			);
			runOnlyForDeploymentPostprocessing = 0;
		};
/* End PBXSourcesBuildPhase section */

/* Begin PBXVariantGroup section */
		DF3ED8A81BDE70EA003A914B /* Main.storyboard */ = {
			isa = PBXVariantGroup;
			children = (
				DF3ED8A91BDE70EA003A914B /* Base */,
			);
			name = Main.storyboard;
			sourceTree = "<group>";
		};
		DF3ED8AD1BDE70EA003A914B /* LaunchScreen.storyboard */ = {
			isa = PBXVariantGroup;
			children = (
				DF3ED8AE1BDE70EA003A914B /* Base */,
			);
			name = LaunchScreen.storyboard;
			sourceTree = "<group>";
		};
/* End PBXVariantGroup section */

/* Begin XCBuildConfiguration section */
		DF3ED8B11BDE70EA003A914B /* Debug */ = {
			isa = XCBuildConfiguration;
			buildSettings = {
				ALWAYS_SEARCH_USER_PATHS = NO;
				CLANG_CXX_LANGUAGE_STANDARD = "gnu++0x";
				CLANG_CXX_LIBRARY = "libc++";
				CLANG_ENABLE_MODULES = YES;
				CLANG_ENABLE_OBJC_ARC = YES;
				CLANG_WARN_BOOL_CONVERSION = YES;
				CLANG_WARN_CONSTANT_CONVERSION = YES;
				CLANG_WARN_DIRECT_OBJC_ISA_USAGE = YES_ERROR;
				CLANG_WARN_EMPTY_BODY = YES;
				CLANG_WARN_ENUM_CONVERSION = YES;
				CLANG_WARN_INT_CONVERSION = YES;
				CLANG_WARN_OBJC_ROOT_CLASS = YES_ERROR;
				CLANG_WARN_UNREACHABLE_CODE = YES;
				CLANG_WARN__DUPLICATE_METHOD_MATCH = YES;
				"CODE_SIGN_IDENTITY[sdk=iphoneos*]" = "iPhone Developer";
				COPY_PHASE_STRIP = NO;
				DEBUG_INFORMATION_FORMAT = dwarf;
				ENABLE_STRICT_OBJC_MSGSEND = YES;
				ENABLE_TESTABILITY = YES;
				GCC_C_LANGUAGE_STANDARD = gnu99;
				GCC_DYNAMIC_NO_PIC = NO;
				GCC_NO_COMMON_BLOCKS = YES;
				GCC_OPTIMIZATION_LEVEL = 0;
				GCC_PREPROCESSOR_DEFINITIONS = (
					"DEBUG=1",
					"$(inherited)",
				);
				GCC_WARN_64_TO_32_BIT_CONVERSION = YES;
				GCC_WARN_ABOUT_RETURN_TYPE = YES_ERROR;
				GCC_WARN_UNDECLARED_SELECTOR = YES;
				GCC_WARN_UNINITIALIZED_AUTOS = YES_AGGRESSIVE;
				GCC_WARN_UNUSED_FUNCTION = YES;
				GCC_WARN_UNUSED_VARIABLE = YES;
				IPHONEOS_DEPLOYMENT_TARGET = 9.1;
				MTL_ENABLE_DEBUG_INFO = YES;
				ONLY_ACTIVE_ARCH = YES;
				SDKROOT = iphoneos;
				SWIFT_OPTIMIZATION_LEVEL = "-Onone";
				TARGETED_DEVICE_FAMILY = "1,2";
			};
			name = Debug;
		};
		DF3ED8B21BDE70EA003A914B /* Release */ = {
			isa = XCBuildConfiguration;
			buildSettings = {
				ALWAYS_SEARCH_USER_PATHS = NO;
				CLANG_CXX_LANGUAGE_STANDARD = "gnu++0x";
				CLANG_CXX_LIBRARY = "libc++";
				CLANG_ENABLE_MODULES = YES;
				CLANG_ENABLE_OBJC_ARC = YES;
				CLANG_WARN_BOOL_CONVERSION = YES;
				CLANG_WARN_CONSTANT_CONVERSION = YES;
				CLANG_WARN_DIRECT_OBJC_ISA_USAGE = YES_ERROR;
				CLANG_WARN_EMPTY_BODY = YES;
				CLANG_WARN_ENUM_CONVERSION = YES;
				CLANG_WARN_INT_CONVERSION = YES;
				CLANG_WARN_OBJC_ROOT_CLASS = YES_ERROR;
				CLANG_WARN_UNREACHABLE_CODE = YES;
				CLANG_WARN__DUPLICATE_METHOD_MATCH = YES;
				"CODE_SIGN_IDENTITY[sdk=iphoneos*]" = "iPhone Developer";
				COPY_PHASE_STRIP = NO;
				DEBUG_INFORMATION_FORMAT = "dwarf-with-dsym";
				ENABLE_NS_ASSERTIONS = NO;
				ENABLE_STRICT_OBJC_MSGSEND = YES;
				GCC_C_LANGUAGE_STANDARD = gnu99;
				GCC_NO_COMMON_BLOCKS = YES;
				GCC_WARN_64_TO_32_BIT_CONVERSION = YES;
				GCC_WARN_ABOUT_RETURN_TYPE = YES_ERROR;
				GCC_WARN_UNDECLARED_SELECTOR = YES;
				GCC_WARN_UNINITIALIZED_AUTOS = YES_AGGRESSIVE;
				GCC_WARN_UNUSED_FUNCTION = YES;
				GCC_WARN_UNUSED_VARIABLE = YES;
				IPHONEOS_DEPLOYMENT_TARGET = 9.1;
				MTL_ENABLE_DEBUG_INFO = NO;
				SDKROOT = iphoneos;
				TARGETED_DEVICE_FAMILY = "1,2";
				VALIDATE_PRODUCT = YES;
			};
			name = Release;
		};
		DF3ED8B41BDE70EA003A914B /* Debug */ = {
			isa = XCBuildConfiguration;
			buildSettings = {
				ASSETCATALOG_COMPILER_APPICON_NAME = AppIcon;
				INFOPLIST_FILE = TackyTacTac/Info.plist;
				LD_RUNPATH_SEARCH_PATHS = "$(inherited) @executable_path/Frameworks";
				PRODUCT_BUNDLE_IDENTIFIER = com.tiy.TackyTacTac;
				PRODUCT_NAME = "$(TARGET_NAME)";
			};
			name = Debug;
		};
		DF3ED8B51BDE70EA003A914B /* Release */ = {
			isa = XCBuildConfiguration;
			buildSettings = {
				ASSETCATALOG_COMPILER_APPICON_NAME = AppIcon;
				INFOPLIST_FILE = TackyTacTac/Info.plist;
				LD_RUNPATH_SEARCH_PATHS = "$(inherited) @executable_path/Frameworks";
				PRODUCT_BUNDLE_IDENTIFIER = com.tiy.TackyTacTac;
				PRODUCT_NAME = "$(TARGET_NAME)";
			};
			name = Release;
		};
/* End XCBuildConfiguration section */

/* Begin XCConfigurationList section */
		DF3ED89C1BDE70EA003A914B /* Build configuration list for PBXProject "TackyTacTac" */ = {
			isa = XCConfigurationList;
			buildConfigurations = (
				DF3ED8B11BDE70EA003A914B /* Debug */,
				DF3ED8B21BDE70EA003A914B /* Release */,
			);
			defaultConfigurationIsVisible = 0;
			defaultConfigurationName = Release;
		};
		DF3ED8B31BDE70EA003A914B /* Build configuration list for PBXNativeTarget "TackyTacTac" */ = {
			isa = XCConfigurationList;
			buildConfigurations = (
				DF3ED8B41BDE70EA003A914B /* Debug */,
				DF3ED8B51BDE70EA003A914B /* Release */,
			);
			defaultConfigurationIsVisible = 0;
		};
/* End XCConfigurationList section */
	};
	rootObject = DF3ED8991BDE70EA003A914B /* Project object */;
}
