// !$*UTF8*$!
{
	archiveVersion = 1;
	classes = {
	};
	objectVersion = 46;
	objects = {

/* Begin PBXBuildFile section */
		DF0F1A5B1BDD430E00687574 /* AppDelegate.swift in Sources */ = {isa = PBXBuildFile; fileRef = DF0F1A5A1BDD430E00687574 /* AppDelegate.swift */; };
		DF0F1A621BDD430E00687574 /* Assets.xcassets in Resources */ = {isa = PBXBuildFile; fileRef = DF0F1A611BDD430E00687574 /* Assets.xcassets */; };
		DF0F1A651BDD430E00687574 /* LaunchScreen.storyboard in Resources */ = {isa = PBXBuildFile; fileRef = DF0F1A631BDD430E00687574 /* LaunchScreen.storyboard */; };
		DF0F1A6D1BDD438100687574 /* AlbumListViewController.swift in Sources */ = {isa = PBXBuildFile; fileRef = DF0F1A6C1BDD438100687574 /* AlbumListViewController.swift */; };
		DF0F1A6F1BDD4ECD00687574 /* Default-568h@2x.png in Resources */ = {isa = PBXBuildFile; fileRef = DF0F1A6E1BDD4ECD00687574 /* Default-568h@2x.png */; };
		DF0F1A711BDD75CE00687574 /* APIController.swift in Sources */ = {isa = PBXBuildFile; fileRef = DF0F1A701BDD75CE00687574 /* APIController.swift */; };
		DF3ED8B91BDEA1A3003A914B /* Blank52.png in Resources */ = {isa = PBXBuildFile; fileRef = DF3ED8B81BDEA1A3003A914B /* Blank52.png */; };
		DF3ED8BB1BDEA5B6003A914B /* Album.swift in Sources */ = {isa = PBXBuildFile; fileRef = DF3ED8BA1BDEA5B6003A914B /* Album.swift */; };
		DFA8D9871C1699FE002397CF /* AppSearchTests.swift in Sources */ = {isa = PBXBuildFile; fileRef = DFA8D9861C1699FE002397CF /* AppSearchTests.swift */; };
		DFA8D98F1C169D92002397CF /* AlbumDataProvider.swift in Sources */ = {isa = PBXBuildFile; fileRef = DFA8D98E1C169D92002397CF /* AlbumDataProvider.swift */; };
		DFA8D9911C1714B6002397CF /* AlbumDataProviderProtocol.swift in Sources */ = {isa = PBXBuildFile; fileRef = DFA8D9901C1714B6002397CF /* AlbumDataProviderProtocol.swift */; };
/* End PBXBuildFile section */

/* Begin PBXContainerItemProxy section */
		DFA8D9891C1699FE002397CF /* PBXContainerItemProxy */ = {
			isa = PBXContainerItemProxy;
			containerPortal = DF0F1A4F1BDD430E00687574 /* Project object */;
			proxyType = 1;
			remoteGlobalIDString = DF0F1A561BDD430E00687574;
			remoteInfo = AppSearch;
		};
/* End PBXContainerItemProxy section */

/* Begin PBXFileReference section */
		DF0F1A571BDD430E00687574 /* AppSearch.app */ = {isa = PBXFileReference; explicitFileType = wrapper.application; includeInIndex = 0; path = AppSearch.app; sourceTree = BUILT_PRODUCTS_DIR; };
		DF0F1A5A1BDD430E00687574 /* AppDelegate.swift */ = {isa = PBXFileReference; lastKnownFileType = sourcecode.swift; path = AppDelegate.swift; sourceTree = "<group>"; };
		DF0F1A611BDD430E00687574 /* Assets.xcassets */ = {isa = PBXFileReference; lastKnownFileType = folder.assetcatalog; path = Assets.xcassets; sourceTree = "<group>"; };
		DF0F1A641BDD430E00687574 /* Base */ = {isa = PBXFileReference; lastKnownFileType = file.storyboard; name = Base; path = Base.lproj/LaunchScreen.storyboard; sourceTree = "<group>"; };
		DF0F1A661BDD430E00687574 /* Info.plist */ = {isa = PBXFileReference; lastKnownFileType = text.plist.xml; path = Info.plist; sourceTree = "<group>"; };
		DF0F1A6C1BDD438100687574 /* AlbumListViewController.swift */ = {isa = PBXFileReference; fileEncoding = 4; lastKnownFileType = sourcecode.swift; path = AlbumListViewController.swift; sourceTree = "<group>"; };
		DF0F1A6E1BDD4ECD00687574 /* Default-568h@2x.png */ = {isa = PBXFileReference; lastKnownFileType = image.png; name = "Default-568h@2x.png"; path = "../Default-568h@2x.png"; sourceTree = "<group>"; };
		DF0F1A701BDD75CE00687574 /* APIController.swift */ = {isa = PBXFileReference; fileEncoding = 4; lastKnownFileType = sourcecode.swift; path = APIController.swift; sourceTree = "<group>"; };
		DF3ED8B81BDEA1A3003A914B /* Blank52.png */ = {isa = PBXFileReference; lastKnownFileType = image.png; path = Blank52.png; sourceTree = "<group>"; };
		DF3ED8BA1BDEA5B6003A914B /* Album.swift */ = {isa = PBXFileReference; fileEncoding = 4; lastKnownFileType = sourcecode.swift; path = Album.swift; sourceTree = "<group>"; };
		DFA8D9841C1699FE002397CF /* AppSearchTests.xctest */ = {isa = PBXFileReference; explicitFileType = wrapper.cfbundle; includeInIndex = 0; path = AppSearchTests.xctest; sourceTree = BUILT_PRODUCTS_DIR; };
		DFA8D9861C1699FE002397CF /* AppSearchTests.swift */ = {isa = PBXFileReference; lastKnownFileType = sourcecode.swift; path = AppSearchTests.swift; sourceTree = "<group>"; };
		DFA8D9881C1699FE002397CF /* Info.plist */ = {isa = PBXFileReference; lastKnownFileType = text.plist.xml; path = Info.plist; sourceTree = "<group>"; };
		DFA8D98E1C169D92002397CF /* AlbumDataProvider.swift */ = {isa = PBXFileReference; fileEncoding = 4; lastKnownFileType = sourcecode.swift; path = AlbumDataProvider.swift; sourceTree = "<group>"; };
		DFA8D9901C1714B6002397CF /* AlbumDataProviderProtocol.swift */ = {isa = PBXFileReference; fileEncoding = 4; lastKnownFileType = sourcecode.swift; path = AlbumDataProviderProtocol.swift; sourceTree = "<group>"; };
/* End PBXFileReference section */

/* Begin PBXFrameworksBuildPhase section */
		DF0F1A541BDD430E00687574 /* Frameworks */ = {
			isa = PBXFrameworksBuildPhase;
			buildActionMask = 2147483647;
			files = (
			);
			runOnlyForDeploymentPostprocessing = 0;
		};
		DFA8D9811C1699FE002397CF /* Frameworks */ = {
			isa = PBXFrameworksBuildPhase;
			buildActionMask = 2147483647;
			files = (
			);
			runOnlyForDeploymentPostprocessing = 0;
		};
/* End PBXFrameworksBuildPhase section */

/* Begin PBXGroup section */
		DF0F1A4E1BDD430E00687574 = {
			isa = PBXGroup;
			children = (
				DF0F1A591BDD430E00687574 /* AppSearch */,
				DFA8D9851C1699FE002397CF /* AppSearchTests */,
				DF0F1A581BDD430E00687574 /* Products */,
			);
			sourceTree = "<group>";
		};
		DF0F1A581BDD430E00687574 /* Products */ = {
			isa = PBXGroup;
			children = (
				DF0F1A571BDD430E00687574 /* AppSearch.app */,
				DFA8D9841C1699FE002397CF /* AppSearchTests.xctest */,
			);
			name = Products;
			sourceTree = "<group>";
		};
		DF0F1A591BDD430E00687574 /* AppSearch */ = {
			isa = PBXGroup;
			children = (
				DF0F1A6E1BDD4ECD00687574 /* Default-568h@2x.png */,
				DF3ED8B81BDEA1A3003A914B /* Blank52.png */,
				DF0F1A5A1BDD430E00687574 /* AppDelegate.swift */,
				DF0F1A6C1BDD438100687574 /* AlbumListViewController.swift */,
				DFA8D98E1C169D92002397CF /* AlbumDataProvider.swift */,
				DFA8D9901C1714B6002397CF /* AlbumDataProviderProtocol.swift */,
				DF0F1A701BDD75CE00687574 /* APIController.swift */,
				DF3ED8BA1BDEA5B6003A914B /* Album.swift */,
				DF0F1A611BDD430E00687574 /* Assets.xcassets */,
				DF0F1A631BDD430E00687574 /* LaunchScreen.storyboard */,
				DF0F1A661BDD430E00687574 /* Info.plist */,
			);
			path = AppSearch;
			sourceTree = "<group>";
		};
		DFA8D9851C1699FE002397CF /* AppSearchTests */ = {
			isa = PBXGroup;
			children = (
				DFA8D9861C1699FE002397CF /* AppSearchTests.swift */,
				DFA8D9881C1699FE002397CF /* Info.plist */,
			);
			path = AppSearchTests;
			sourceTree = "<group>";
		};
/* End PBXGroup section */

/* Begin PBXNativeTarget section */
		DF0F1A561BDD430E00687574 /* AppSearch */ = {
			isa = PBXNativeTarget;
			buildConfigurationList = DF0F1A691BDD430E00687574 /* Build configuration list for PBXNativeTarget "AppSearch" */;
			buildPhases = (
				DF0F1A531BDD430E00687574 /* Sources */,
				DF0F1A541BDD430E00687574 /* Frameworks */,
				DF0F1A551BDD430E00687574 /* Resources */,
			);
			buildRules = (
			);
			dependencies = (
			);
			name = AppSearch;
			productName = AppSearch;
			productReference = DF0F1A571BDD430E00687574 /* AppSearch.app */;
			productType = "com.apple.product-type.application";
		};
		DFA8D9831C1699FE002397CF /* AppSearchTests */ = {
			isa = PBXNativeTarget;
			buildConfigurationList = DFA8D98B1C1699FE002397CF /* Build configuration list for PBXNativeTarget "AppSearchTests" */;
			buildPhases = (
				DFA8D9801C1699FE002397CF /* Sources */,
				DFA8D9811C1699FE002397CF /* Frameworks */,
				DFA8D9821C1699FE002397CF /* Resources */,
			);
			buildRules = (
			);
			dependencies = (
				DFA8D98A1C1699FE002397CF /* PBXTargetDependency */,
			);
			name = AppSearchTests;
			productName = AppSearchTests;
			productReference = DFA8D9841C1699FE002397CF /* AppSearchTests.xctest */;
			productType = "com.apple.product-type.bundle.unit-test";
		};
/* End PBXNativeTarget section */

/* Begin PBXProject section */
		DF0F1A4F1BDD430E00687574 /* Project object */ = {
			isa = PBXProject;
			attributes = {
				LastSwiftUpdateCheck = 0710;
				LastUpgradeCheck = 0700;
				ORGANIZATIONNAME = "The Iron Yard";
				TargetAttributes = {
					DF0F1A561BDD430E00687574 = {
						CreatedOnToolsVersion = 7.0.1;
					};
					DFA8D9831C1699FE002397CF = {
						CreatedOnToolsVersion = 7.1.1;
						TestTargetID = DF0F1A561BDD430E00687574;
					};
				};
			};
			buildConfigurationList = DF0F1A521BDD430E00687574 /* Build configuration list for PBXProject "AppSearch" */;
			compatibilityVersion = "Xcode 3.2";
			developmentRegion = English;
			hasScannedForEncodings = 0;
			knownRegions = (
				en,
				Base,
			);
			mainGroup = DF0F1A4E1BDD430E00687574;
			productRefGroup = DF0F1A581BDD430E00687574 /* Products */;
			projectDirPath = "";
			projectRoot = "";
			targets = (
				DF0F1A561BDD430E00687574 /* AppSearch */,
				DFA8D9831C1699FE002397CF /* AppSearchTests */,
			);
		};
/* End PBXProject section */

/* Begin PBXResourcesBuildPhase section */
		DF0F1A551BDD430E00687574 /* Resources */ = {
			isa = PBXResourcesBuildPhase;
			buildActionMask = 2147483647;
			files = (
				DF0F1A651BDD430E00687574 /* LaunchScreen.storyboard in Resources */,
				DF0F1A6F1BDD4ECD00687574 /* Default-568h@2x.png in Resources */,
				DF3ED8B91BDEA1A3003A914B /* Blank52.png in Resources */,
				DF0F1A621BDD430E00687574 /* Assets.xcassets in Resources */,
			);
			runOnlyForDeploymentPostprocessing = 0;
		};
		DFA8D9821C1699FE002397CF /* Resources */ = {
			isa = PBXResourcesBuildPhase;
			buildActionMask = 2147483647;
			files = (
			);
			runOnlyForDeploymentPostprocessing = 0;
		};
/* End PBXResourcesBuildPhase section */

/* Begin PBXSourcesBuildPhase section */
		DF0F1A531BDD430E00687574 /* Sources */ = {
			isa = PBXSourcesBuildPhase;
			buildActionMask = 2147483647;
			files = (
				DFA8D9911C1714B6002397CF /* AlbumDataProviderProtocol.swift in Sources */,
				DF0F1A6D1BDD438100687574 /* AlbumListViewController.swift in Sources */,
				DFA8D98F1C169D92002397CF /* AlbumDataProvider.swift in Sources */,
				DF0F1A5B1BDD430E00687574 /* AppDelegate.swift in Sources */,
				DF0F1A711BDD75CE00687574 /* APIController.swift in Sources */,
				DF3ED8BB1BDEA5B6003A914B /* Album.swift in Sources */,
			);
			runOnlyForDeploymentPostprocessing = 0;
		};
		DFA8D9801C1699FE002397CF /* Sources */ = {
			isa = PBXSourcesBuildPhase;
			buildActionMask = 2147483647;
			files = (
				DFA8D9871C1699FE002397CF /* AppSearchTests.swift in Sources */,
			);
			runOnlyForDeploymentPostprocessing = 0;
		};
/* End PBXSourcesBuildPhase section */

/* Begin PBXTargetDependency section */
		DFA8D98A1C1699FE002397CF /* PBXTargetDependency */ = {
			isa = PBXTargetDependency;
			target = DF0F1A561BDD430E00687574 /* AppSearch */;
			targetProxy = DFA8D9891C1699FE002397CF /* PBXContainerItemProxy */;
		};
/* End PBXTargetDependency section */

/* Begin PBXVariantGroup section */
		DF0F1A631BDD430E00687574 /* LaunchScreen.storyboard */ = {
			isa = PBXVariantGroup;
			children = (
				DF0F1A641BDD430E00687574 /* Base */,
			);
			name = LaunchScreen.storyboard;
			sourceTree = "<group>";
		};
/* End PBXVariantGroup section */

/* Begin XCBuildConfiguration section */
		DF0F1A671BDD430E00687574 /* Debug */ = {
			isa = XCBuildConfiguration;
			buildSettings = {
				ALWAYS_SEARCH_USER_PATHS = NO;
				CLANG_CXX_LANGUAGE_STANDARD = "gnu++0x";
				CLANG_CXX_LIBRARY = "libc++";
				CLANG_ENABLE_MODULES = YES;
				CLANG_ENABLE_OBJC_ARC = YES;
				CLANG_WARN_BOOL_CONVERSION = YES;
				CLANG_WARN_CONSTANT_CONVERSION = YES;
				CLANG_WARN_DIRECT_OBJC_ISA_USAGE = YES_ERROR;
				CLANG_WARN_EMPTY_BODY = YES;
				CLANG_WARN_ENUM_CONVERSION = YES;
				CLANG_WARN_INT_CONVERSION = YES;
				CLANG_WARN_OBJC_ROOT_CLASS = YES_ERROR;
				CLANG_WARN_UNREACHABLE_CODE = YES;
				CLANG_WARN__DUPLICATE_METHOD_MATCH = YES;
				"CODE_SIGN_IDENTITY[sdk=iphoneos*]" = "iPhone Developer";
				COPY_PHASE_STRIP = NO;
				DEBUG_INFORMATION_FORMAT = dwarf;
				ENABLE_STRICT_OBJC_MSGSEND = YES;
				ENABLE_TESTABILITY = YES;
				GCC_C_LANGUAGE_STANDARD = gnu99;
				GCC_DYNAMIC_NO_PIC = NO;
				GCC_NO_COMMON_BLOCKS = YES;
				GCC_OPTIMIZATION_LEVEL = 0;
				GCC_PREPROCESSOR_DEFINITIONS = (
					"DEBUG=1",
					"$(inherited)",
				);
				GCC_WARN_64_TO_32_BIT_CONVERSION = YES;
				GCC_WARN_ABOUT_RETURN_TYPE = YES_ERROR;
				GCC_WARN_UNDECLARED_SELECTOR = YES;
				GCC_WARN_UNINITIALIZED_AUTOS = YES_AGGRESSIVE;
				GCC_WARN_UNUSED_FUNCTION = YES;
				GCC_WARN_UNUSED_VARIABLE = YES;
				IPHONEOS_DEPLOYMENT_TARGET = 9.0;
				MTL_ENABLE_DEBUG_INFO = YES;
				ONLY_ACTIVE_ARCH = YES;
				SDKROOT = iphoneos;
				SWIFT_OPTIMIZATION_LEVEL = "-Onone";
			};
			name = Debug;
		};
		DF0F1A681BDD430E00687574 /* Release */ = {
			isa = XCBuildConfiguration;
			buildSettings = {
				ALWAYS_SEARCH_USER_PATHS = NO;
				CLANG_CXX_LANGUAGE_STANDARD = "gnu++0x";
				CLANG_CXX_LIBRARY = "libc++";
				CLANG_ENABLE_MODULES = YES;
				CLANG_ENABLE_OBJC_ARC = YES;
				CLANG_WARN_BOOL_CONVERSION = YES;
				CLANG_WARN_CONSTANT_CONVERSION = YES;
				CLANG_WARN_DIRECT_OBJC_ISA_USAGE = YES_ERROR;
				CLANG_WARN_EMPTY_BODY = YES;
				CLANG_WARN_ENUM_CONVERSION = YES;
				CLANG_WARN_INT_CONVERSION = YES;
				CLANG_WARN_OBJC_ROOT_CLASS = YES_ERROR;
				CLANG_WARN_UNREACHABLE_CODE = YES;
				CLANG_WARN__DUPLICATE_METHOD_MATCH = YES;
				"CODE_SIGN_IDENTITY[sdk=iphoneos*]" = "iPhone Developer";
				COPY_PHASE_STRIP = NO;
				DEBUG_INFORMATION_FORMAT = "dwarf-with-dsym";
				ENABLE_NS_ASSERTIONS = NO;
				ENABLE_STRICT_OBJC_MSGSEND = YES;
				GCC_C_LANGUAGE_STANDARD = gnu99;
				GCC_NO_COMMON_BLOCKS = YES;
				GCC_WARN_64_TO_32_BIT_CONVERSION = YES;
				GCC_WARN_ABOUT_RETURN_TYPE = YES_ERROR;
				GCC_WARN_UNDECLARED_SELECTOR = YES;
				GCC_WARN_UNINITIALIZED_AUTOS = YES_AGGRESSIVE;
				GCC_WARN_UNUSED_FUNCTION = YES;
				GCC_WARN_UNUSED_VARIABLE = YES;
				IPHONEOS_DEPLOYMENT_TARGET = 9.0;
				MTL_ENABLE_DEBUG_INFO = NO;
				SDKROOT = iphoneos;
				VALIDATE_PRODUCT = YES;
			};
			name = Release;
		};
		DF0F1A6A1BDD430E00687574 /* Debug */ = {
			isa = XCBuildConfiguration;
			buildSettings = {
				ASSETCATALOG_COMPILER_APPICON_NAME = AppIcon;
				INFOPLIST_FILE = AppSearch/Info.plist;
				LD_RUNPATH_SEARCH_PATHS = "$(inherited) @executable_path/Frameworks";
				PRODUCT_BUNDLE_IDENTIFIER = com.tiy.AppSearch;
				PRODUCT_NAME = "$(TARGET_NAME)";
			};
			name = Debug;
		};
		DF0F1A6B1BDD430E00687574 /* Release */ = {
			isa = XCBuildConfiguration;
			buildSettings = {
				ASSETCATALOG_COMPILER_APPICON_NAME = AppIcon;
				INFOPLIST_FILE = AppSearch/Info.plist;
				LD_RUNPATH_SEARCH_PATHS = "$(inherited) @executable_path/Frameworks";
				PRODUCT_BUNDLE_IDENTIFIER = com.tiy.AppSearch;
				PRODUCT_NAME = "$(TARGET_NAME)";
			};
			name = Release;
		};
		DFA8D98C1C1699FE002397CF /* Debug */ = {
			isa = XCBuildConfiguration;
			buildSettings = {
				BUNDLE_LOADER = "$(TEST_HOST)";
				INFOPLIST_FILE = AppSearchTests/Info.plist;
				IPHONEOS_DEPLOYMENT_TARGET = 9.1;
				LD_RUNPATH_SEARCH_PATHS = "$(inherited) @executable_path/Frameworks @loader_path/Frameworks";
				PRODUCT_BUNDLE_IDENTIFIER = com.tiy.AppSearchTests;
				PRODUCT_NAME = "$(TARGET_NAME)";
				TEST_HOST = "$(BUILT_PRODUCTS_DIR)/AppSearch.app/AppSearch";
			};
			name = Debug;
		};
		DFA8D98D1C1699FE002397CF /* Release */ = {
			isa = XCBuildConfiguration;
			buildSettings = {
				BUNDLE_LOADER = "$(TEST_HOST)";
				INFOPLIST_FILE = AppSearchTests/Info.plist;
				IPHONEOS_DEPLOYMENT_TARGET = 9.1;
				LD_RUNPATH_SEARCH_PATHS = "$(inherited) @executable_path/Frameworks @loader_path/Frameworks";
				PRODUCT_BUNDLE_IDENTIFIER = com.tiy.AppSearchTests;
				PRODUCT_NAME = "$(TARGET_NAME)";
				TEST_HOST = "$(BUILT_PRODUCTS_DIR)/AppSearch.app/AppSearch";
			};
			name = Release;
		};
/* End XCBuildConfiguration section */

/* Begin XCConfigurationList section */
		DF0F1A521BDD430E00687574 /* Build configuration list for PBXProject "AppSearch" */ = {
			isa = XCConfigurationList;
			buildConfigurations = (
				DF0F1A671BDD430E00687574 /* Debug */,
				DF0F1A681BDD430E00687574 /* Release */,
			);
			defaultConfigurationIsVisible = 0;
			defaultConfigurationName = Release;
		};
		DF0F1A691BDD430E00687574 /* Build configuration list for PBXNativeTarget "AppSearch" */ = {
			isa = XCConfigurationList;
			buildConfigurations = (
				DF0F1A6A1BDD430E00687574 /* Debug */,
				DF0F1A6B1BDD430E00687574 /* Release */,
			);
			defaultConfigurationIsVisible = 0;
			defaultConfigurationName = Release;
		};
		DFA8D98B1C1699FE002397CF /* Build configuration list for PBXNativeTarget "AppSearchTests" */ = {
			isa = XCConfigurationList;
			buildConfigurations = (
				DFA8D98C1C1699FE002397CF /* Debug */,
				DFA8D98D1C1699FE002397CF /* Release */,
			);
			defaultConfigurationIsVisible = 0;
		};
/* End XCConfigurationList section */
	};
	rootObject = DF0F1A4F1BDD430E00687574 /* Project object */;
}
