// !$*UTF8*$!
{
	archiveVersion = 1;
	classes = {
	};
	objectVersion = 46;
	objects = {

/* Begin PBXBuildFile section */
		DBAC4B5E6EC503001D5E2B08 /* libPods-Attendance.a in Frameworks */ = {isa = PBXBuildFile; fileRef = D2E101BAD0C91D98DADD3802 /* libPods-Attendance.a */; };
		DFD698171C0CD7D3001956AF /* AppDelegate.swift in Sources */ = {isa = PBXBuildFile; fileRef = DFD698161C0CD7D3001956AF /* AppDelegate.swift */; };
		DFD698191C0CD7D3001956AF /* AttendanceViewController.swift in Sources */ = {isa = PBXBuildFile; fileRef = DFD698181C0CD7D3001956AF /* AttendanceViewController.swift */; };
		DFD6981C1C0CD7D3001956AF /* Main.storyboard in Resources */ = {isa = PBXBuildFile; fileRef = DFD6981A1C0CD7D3001956AF /* Main.storyboard */; };
		DFD6981E1C0CD7D3001956AF /* Assets.xcassets in Resources */ = {isa = PBXBuildFile; fileRef = DFD6981D1C0CD7D3001956AF /* Assets.xcassets */; };
		DFD698211C0CD7D3001956AF /* LaunchScreen.storyboard in Resources */ = {isa = PBXBuildFile; fileRef = DFD6981F1C0CD7D3001956AF /* LaunchScreen.storyboard */; };
/* End PBXBuildFile section */

/* Begin PBXFileReference section */
		22D1A3442A76EAB145BF9BC3 /* Pods-Attendance.debug.xcconfig */ = {isa = PBXFileReference; includeInIndex = 1; lastKnownFileType = text.xcconfig; name = "Pods-Attendance.debug.xcconfig"; path = "Pods/Target Support Files/Pods-Attendance/Pods-Attendance.debug.xcconfig"; sourceTree = "<group>"; };
		C8CDFCFFBAAC3081CA5DEFA4 /* Pods-Attendance.release.xcconfig */ = {isa = PBXFileReference; includeInIndex = 1; lastKnownFileType = text.xcconfig; name = "Pods-Attendance.release.xcconfig"; path = "Pods/Target Support Files/Pods-Attendance/Pods-Attendance.release.xcconfig"; sourceTree = "<group>"; };
		D2E101BAD0C91D98DADD3802 /* libPods-Attendance.a */ = {isa = PBXFileReference; explicitFileType = archive.ar; includeInIndex = 0; path = "libPods-Attendance.a"; sourceTree = BUILT_PRODUCTS_DIR; };
		DFD698131C0CD7D3001956AF /* Attendance.app */ = {isa = PBXFileReference; explicitFileType = wrapper.application; includeInIndex = 0; path = Attendance.app; sourceTree = BUILT_PRODUCTS_DIR; };
		DFD698161C0CD7D3001956AF /* AppDelegate.swift */ = {isa = PBXFileReference; lastKnownFileType = sourcecode.swift; path = AppDelegate.swift; sourceTree = "<group>"; };
		DFD698181C0CD7D3001956AF /* AttendanceViewController.swift */ = {isa = PBXFileReference; lastKnownFileType = sourcecode.swift; path = AttendanceViewController.swift; sourceTree = "<group>"; };
		DFD6981B1C0CD7D3001956AF /* Base */ = {isa = PBXFileReference; lastKnownFileType = file.storyboard; name = Base; path = Base.lproj/Main.storyboard; sourceTree = "<group>"; };
		DFD6981D1C0CD7D3001956AF /* Assets.xcassets */ = {isa = PBXFileReference; lastKnownFileType = folder.assetcatalog; path = Assets.xcassets; sourceTree = "<group>"; };
		DFD698201C0CD7D3001956AF /* Base */ = {isa = PBXFileReference; lastKnownFileType = file.storyboard; name = Base; path = Base.lproj/LaunchScreen.storyboard; sourceTree = "<group>"; };
		DFD698221C0CD7D3001956AF /* Info.plist */ = {isa = PBXFileReference; lastKnownFileType = text.plist.xml; path = Info.plist; sourceTree = "<group>"; };
		DFD698281C0CD996001956AF /* ObjCBridge.h */ = {isa = PBXFileReference; lastKnownFileType = sourcecode.c.h; path = ObjCBridge.h; sourceTree = "<group>"; };
/* End PBXFileReference section */

/* Begin PBXFrameworksBuildPhase section */
		DFD698101C0CD7D3001956AF /* Frameworks */ = {
			isa = PBXFrameworksBuildPhase;
			buildActionMask = 2147483647;
			files = (
				DBAC4B5E6EC503001D5E2B08 /* libPods-Attendance.a in Frameworks */,
			);
			runOnlyForDeploymentPostprocessing = 0;
		};
/* End PBXFrameworksBuildPhase section */

/* Begin PBXGroup section */
		68C9084A9BFE60051A536B08 /* Pods */ = {
			isa = PBXGroup;
			children = (
				22D1A3442A76EAB145BF9BC3 /* Pods-Attendance.debug.xcconfig */,
				C8CDFCFFBAAC3081CA5DEFA4 /* Pods-Attendance.release.xcconfig */,
			);
			name = Pods;
			sourceTree = "<group>";
		};
		DFD6980A1C0CD7D3001956AF = {
			isa = PBXGroup;
			children = (
				DFD698151C0CD7D3001956AF /* Attendance */,
				DFD698141C0CD7D3001956AF /* Products */,
				68C9084A9BFE60051A536B08 /* Pods */,
				F8273DB476A5291467056647 /* Frameworks */,
			);
			sourceTree = "<group>";
		};
		DFD698141C0CD7D3001956AF /* Products */ = {
			isa = PBXGroup;
			children = (
				DFD698131C0CD7D3001956AF /* Attendance.app */,
			);
			name = Products;
			sourceTree = "<group>";
		};
		DFD698151C0CD7D3001956AF /* Attendance */ = {
			isa = PBXGroup;
			children = (
				DFD698161C0CD7D3001956AF /* AppDelegate.swift */,
				DFD698181C0CD7D3001956AF /* AttendanceViewController.swift */,
				DFD6981A1C0CD7D3001956AF /* Main.storyboard */,
				DFD6981D1C0CD7D3001956AF /* Assets.xcassets */,
				DFD6981F1C0CD7D3001956AF /* LaunchScreen.storyboard */,
				DFD698221C0CD7D3001956AF /* Info.plist */,
				DFD698281C0CD996001956AF /* ObjCBridge.h */,
			);
			path = Attendance;
			sourceTree = "<group>";
		};
		F8273DB476A5291467056647 /* Frameworks */ = {
			isa = PBXGroup;
			children = (
				D2E101BAD0C91D98DADD3802 /* libPods-Attendance.a */,
			);
			name = Frameworks;
			sourceTree = "<group>";
		};
/* End PBXGroup section */

/* Begin PBXNativeTarget section */
		DFD698121C0CD7D3001956AF /* Attendance */ = {
			isa = PBXNativeTarget;
			buildConfigurationList = DFD698251C0CD7D3001956AF /* Build configuration list for PBXNativeTarget "Attendance" */;
			buildPhases = (
				76B34B6D21F9F6CABE158C35 /* Check Pods Manifest.lock */,
				DFD6980F1C0CD7D3001956AF /* Sources */,
				DFD698101C0CD7D3001956AF /* Frameworks */,
				DFD698111C0CD7D3001956AF /* Resources */,
				3987A9B1FC43F7ACC99AB833 /* Embed Pods Frameworks */,
				EC3FEAF73818819C95F244CC /* Copy Pods Resources */,
			);
			buildRules = (
			);
			dependencies = (
			);
			name = Attendance;
			productName = Attendance;
			productReference = DFD698131C0CD7D3001956AF /* Attendance.app */;
			productType = "com.apple.product-type.application";
		};
/* End PBXNativeTarget section */

/* Begin PBXProject section */
		DFD6980B1C0CD7D3001956AF /* Project object */ = {
			isa = PBXProject;
			attributes = {
				LastSwiftUpdateCheck = 0710;
				LastUpgradeCheck = 0710;
				ORGANIZATIONNAME = "The Iron Yard";
				TargetAttributes = {
					DFD698121C0CD7D3001956AF = {
						CreatedOnToolsVersion = 7.1.1;
					};
				};
			};
			buildConfigurationList = DFD6980E1C0CD7D3001956AF /* Build configuration list for PBXProject "Attendance" */;
			compatibilityVersion = "Xcode 3.2";
			developmentRegion = English;
			hasScannedForEncodings = 0;
			knownRegions = (
				en,
				Base,
			);
			mainGroup = DFD6980A1C0CD7D3001956AF;
			productRefGroup = DFD698141C0CD7D3001956AF /* Products */;
			projectDirPath = "";
			projectRoot = "";
			targets = (
				DFD698121C0CD7D3001956AF /* Attendance */,
			);
		};
/* End PBXProject section */

/* Begin PBXResourcesBuildPhase section */
		DFD698111C0CD7D3001956AF /* Resources */ = {
			isa = PBXResourcesBuildPhase;
			buildActionMask = 2147483647;
			files = (
				DFD698211C0CD7D3001956AF /* LaunchScreen.storyboard in Resources */,
				DFD6981E1C0CD7D3001956AF /* Assets.xcassets in Resources */,
				DFD6981C1C0CD7D3001956AF /* Main.storyboard in Resources */,
			);
			runOnlyForDeploymentPostprocessing = 0;
		};
/* End PBXResourcesBuildPhase section */

/* Begin PBXShellScriptBuildPhase section */
		3987A9B1FC43F7ACC99AB833 /* Embed Pods Frameworks */ = {
			isa = PBXShellScriptBuildPhase;
			buildActionMask = 2147483647;
			files = (
			);
			inputPaths = (
			);
			name = "Embed Pods Frameworks";
			outputPaths = (
			);
			runOnlyForDeploymentPostprocessing = 0;
			shellPath = /bin/sh;
			shellScript = "\"${SRCROOT}/Pods/Target Support Files/Pods-Attendance/Pods-Attendance-frameworks.sh\"\n";
			showEnvVarsInLog = 0;
		};
		76B34B6D21F9F6CABE158C35 /* Check Pods Manifest.lock */ = {
			isa = PBXShellScriptBuildPhase;
			buildActionMask = 2147483647;
			files = (
			);
			inputPaths = (
			);
			name = "Check Pods Manifest.lock";
			outputPaths = (
			);
			runOnlyForDeploymentPostprocessing = 0;
			shellPath = /bin/sh;
			shellScript = "diff \"${PODS_ROOT}/../Podfile.lock\" \"${PODS_ROOT}/Manifest.lock\" > /dev/null\nif [[ $? != 0 ]] ; then\n    cat << EOM\nerror: The sandbox is not in sync with the Podfile.lock. Run 'pod install' or update your CocoaPods installation.\nEOM\n    exit 1\nfi\n";
			showEnvVarsInLog = 0;
		};
		EC3FEAF73818819C95F244CC /* Copy Pods Resources */ = {
			isa = PBXShellScriptBuildPhase;
			buildActionMask = 2147483647;
			files = (
			);
			inputPaths = (
			);
			name = "Copy Pods Resources";
			outputPaths = (
			);
			runOnlyForDeploymentPostprocessing = 0;
			shellPath = /bin/sh;
			shellScript = "\"${SRCROOT}/Pods/Target Support Files/Pods-Attendance/Pods-Attendance-resources.sh\"\n";
			showEnvVarsInLog = 0;
		};
/* End PBXShellScriptBuildPhase section */

/* Begin PBXSourcesBuildPhase section */
		DFD6980F1C0CD7D3001956AF /* Sources */ = {
			isa = PBXSourcesBuildPhase;
			buildActionMask = 2147483647;
			files = (
				DFD698191C0CD7D3001956AF /* AttendanceViewController.swift in Sources */,
				DFD698171C0CD7D3001956AF /* AppDelegate.swift in Sources */,
			);
			runOnlyForDeploymentPostprocessing = 0;
		};
/* End PBXSourcesBuildPhase section */

/* Begin PBXVariantGroup section */
		DFD6981A1C0CD7D3001956AF /* Main.storyboard */ = {
			isa = PBXVariantGroup;
			children = (
				DFD6981B1C0CD7D3001956AF /* Base */,
			);
			name = Main.storyboard;
			sourceTree = "<group>";
		};
		DFD6981F1C0CD7D3001956AF /* LaunchScreen.storyboard */ = {
			isa = PBXVariantGroup;
			children = (
				DFD698201C0CD7D3001956AF /* Base */,
			);
			name = LaunchScreen.storyboard;
			sourceTree = "<group>";
		};
/* End PBXVariantGroup section */

/* Begin XCBuildConfiguration section */
		DFD698231C0CD7D3001956AF /* Debug */ = {
			isa = XCBuildConfiguration;
			buildSettings = {
				ALWAYS_SEARCH_USER_PATHS = NO;
				CLANG_CXX_LANGUAGE_STANDARD = "gnu++0x";
				CLANG_CXX_LIBRARY = "libc++";
				CLANG_ENABLE_MODULES = YES;
				CLANG_ENABLE_OBJC_ARC = YES;
				CLANG_WARN_BOOL_CONVERSION = YES;
				CLANG_WARN_CONSTANT_CONVERSION = YES;
				CLANG_WARN_DIRECT_OBJC_ISA_USAGE = YES_ERROR;
				CLANG_WARN_EMPTY_BODY = YES;
				CLANG_WARN_ENUM_CONVERSION = YES;
				CLANG_WARN_INT_CONVERSION = YES;
				CLANG_WARN_OBJC_ROOT_CLASS = YES_ERROR;
				CLANG_WARN_UNREACHABLE_CODE = YES;
				CLANG_WARN__DUPLICATE_METHOD_MATCH = YES;
				"CODE_SIGN_IDENTITY[sdk=iphoneos*]" = "iPhone Developer";
				COPY_PHASE_STRIP = NO;
				DEBUG_INFORMATION_FORMAT = dwarf;
				ENABLE_STRICT_OBJC_MSGSEND = YES;
				ENABLE_TESTABILITY = YES;
				GCC_C_LANGUAGE_STANDARD = gnu99;
				GCC_DYNAMIC_NO_PIC = NO;
				GCC_NO_COMMON_BLOCKS = YES;
				GCC_OPTIMIZATION_LEVEL = 0;
				GCC_PREPROCESSOR_DEFINITIONS = (
					"DEBUG=1",
					"$(inherited)",
				);
				GCC_WARN_64_TO_32_BIT_CONVERSION = YES;
				GCC_WARN_ABOUT_RETURN_TYPE = YES_ERROR;
				GCC_WARN_UNDECLARED_SELECTOR = YES;
				GCC_WARN_UNINITIALIZED_AUTOS = YES_AGGRESSIVE;
				GCC_WARN_UNUSED_FUNCTION = YES;
				GCC_WARN_UNUSED_VARIABLE = YES;
				IPHONEOS_DEPLOYMENT_TARGET = 9.1;
				MTL_ENABLE_DEBUG_INFO = YES;
				ONLY_ACTIVE_ARCH = YES;
				SDKROOT = iphoneos;
				SWIFT_OPTIMIZATION_LEVEL = "-Onone";
			};
			name = Debug;
		};
		DFD698241C0CD7D3001956AF /* Release */ = {
			isa = XCBuildConfiguration;
			buildSettings = {
				ALWAYS_SEARCH_USER_PATHS = NO;
				CLANG_CXX_LANGUAGE_STANDARD = "gnu++0x";
				CLANG_CXX_LIBRARY = "libc++";
				CLANG_ENABLE_MODULES = YES;
				CLANG_ENABLE_OBJC_ARC = YES;
				CLANG_WARN_BOOL_CONVERSION = YES;
				CLANG_WARN_CONSTANT_CONVERSION = YES;
				CLANG_WARN_DIRECT_OBJC_ISA_USAGE = YES_ERROR;
				CLANG_WARN_EMPTY_BODY = YES;
				CLANG_WARN_ENUM_CONVERSION = YES;
				CLANG_WARN_INT_CONVERSION = YES;
				CLANG_WARN_OBJC_ROOT_CLASS = YES_ERROR;
				CLANG_WARN_UNREACHABLE_CODE = YES;
				CLANG_WARN__DUPLICATE_METHOD_MATCH = YES;
				"CODE_SIGN_IDENTITY[sdk=iphoneos*]" = "iPhone Developer";
				COPY_PHASE_STRIP = NO;
				DEBUG_INFORMATION_FORMAT = "dwarf-with-dsym";
				ENABLE_NS_ASSERTIONS = NO;
				ENABLE_STRICT_OBJC_MSGSEND = YES;
				GCC_C_LANGUAGE_STANDARD = gnu99;
				GCC_NO_COMMON_BLOCKS = YES;
				GCC_WARN_64_TO_32_BIT_CONVERSION = YES;
				GCC_WARN_ABOUT_RETURN_TYPE = YES_ERROR;
				GCC_WARN_UNDECLARED_SELECTOR = YES;
				GCC_WARN_UNINITIALIZED_AUTOS = YES_AGGRESSIVE;
				GCC_WARN_UNUSED_FUNCTION = YES;
				GCC_WARN_UNUSED_VARIABLE = YES;
				IPHONEOS_DEPLOYMENT_TARGET = 9.1;
				MTL_ENABLE_DEBUG_INFO = NO;
				SDKROOT = iphoneos;
				VALIDATE_PRODUCT = YES;
			};
			name = Release;
		};
		DFD698261C0CD7D3001956AF /* Debug */ = {
			isa = XCBuildConfiguration;
			baseConfigurationReference = 22D1A3442A76EAB145BF9BC3 /* Pods-Attendance.debug.xcconfig */;
			buildSettings = {
				ASSETCATALOG_COMPILER_APPICON_NAME = AppIcon;
				INFOPLIST_FILE = Attendance/Info.plist;
				LD_RUNPATH_SEARCH_PATHS = "$(inherited) @executable_path/Frameworks";
				PRODUCT_BUNDLE_IDENTIFIER = com.tiy.Attendance;
				PRODUCT_NAME = "$(TARGET_NAME)";
				SWIFT_OBJC_BRIDGING_HEADER = "${PROJECT_NAME}/ObjCBridge.h";
			};
			name = Debug;
		};
		DFD698271C0CD7D3001956AF /* Release */ = {
			isa = XCBuildConfiguration;
			baseConfigurationReference = C8CDFCFFBAAC3081CA5DEFA4 /* Pods-Attendance.release.xcconfig */;
			buildSettings = {
				ASSETCATALOG_COMPILER_APPICON_NAME = AppIcon;
				INFOPLIST_FILE = Attendance/Info.plist;
				LD_RUNPATH_SEARCH_PATHS = "$(inherited) @executable_path/Frameworks";
				PRODUCT_BUNDLE_IDENTIFIER = com.tiy.Attendance;
				PRODUCT_NAME = "$(TARGET_NAME)";
				SWIFT_OBJC_BRIDGING_HEADER = "${PROJECT_NAME}/ObjCBridge.h";
			};
			name = Release;
		};
/* End XCBuildConfiguration section */

/* Begin XCConfigurationList section */
		DFD6980E1C0CD7D3001956AF /* Build configuration list for PBXProject "Attendance" */ = {
			isa = XCConfigurationList;
			buildConfigurations = (
				DFD698231C0CD7D3001956AF /* Debug */,
				DFD698241C0CD7D3001956AF /* Release */,
			);
			defaultConfigurationIsVisible = 0;
			defaultConfigurationName = Release;
		};
		DFD698251C0CD7D3001956AF /* Build configuration list for PBXNativeTarget "Attendance" */ = {
			isa = XCConfigurationList;
			buildConfigurations = (
				DFD698261C0CD7D3001956AF /* Debug */,
				DFD698271C0CD7D3001956AF /* Release */,
			);
			defaultConfigurationIsVisible = 0;
			defaultConfigurationName = Release;
		};
/* End XCConfigurationList section */
	};
	rootObject = DFD6980B1C0CD7D3001956AF /* Project object */;
}
