// !$*UTF8*$!
{
	archiveVersion = 1;
	classes = {
	};
	objectVersion = 46;
	objects = {

/* Begin PBXBuildFile section */
		C56321995124B740FD195796 /* Pods_Friends.framework in Frameworks */ = {isa = PBXBuildFile; fileRef = D9442EA40BB46A671C73CD01 /* Pods_Friends.framework */; };
		DF367B461BFE131400D8CC0F /* AppDelegate.swift in Sources */ = {isa = PBXBuildFile; fileRef = DF367B451BFE131400D8CC0F /* AppDelegate.swift */; };
		DF367B4B1BFE131400D8CC0F /* Main.storyboard in Resources */ = {isa = PBXBuildFile; fileRef = DF367B491BFE131400D8CC0F /* Main.storyboard */; };
		DF367B4D1BFE131400D8CC0F /* Assets.xcassets in Resources */ = {isa = PBXBuildFile; fileRef = DF367B4C1BFE131400D8CC0F /* Assets.xcassets */; };
		DF367B501BFE131400D8CC0F /* LaunchScreen.storyboard in Resources */ = {isa = PBXBuildFile; fileRef = DF367B4E1BFE131400D8CC0F /* LaunchScreen.storyboard */; };
		DF367B581BFE195300D8CC0F /* FriendsListViewController.swift in Sources */ = {isa = PBXBuildFile; fileRef = DF367B571BFE195300D8CC0F /* FriendsListViewController.swift */; };
		DF367B5A1BFE20E600D8CC0F /* Person.swift in Sources */ = {isa = PBXBuildFile; fileRef = DF367B591BFE20E600D8CC0F /* Person.swift */; };
		DF367B5C1BFE2BD700D8CC0F /* PersonDetailViewController.swift in Sources */ = {isa = PBXBuildFile; fileRef = DF367B5B1BFE2BD700D8CC0F /* PersonDetailViewController.swift */; };
/* End PBXBuildFile section */

/* Begin PBXFileReference section */
		6831282E817AA84E8035053D /* Pods-Friends.release.xcconfig */ = {isa = PBXFileReference; includeInIndex = 1; lastKnownFileType = text.xcconfig; name = "Pods-Friends.release.xcconfig"; path = "Pods/Target Support Files/Pods-Friends/Pods-Friends.release.xcconfig"; sourceTree = "<group>"; };
		95441ABC864BD8408F9191C4 /* Pods-Friends.debug.xcconfig */ = {isa = PBXFileReference; includeInIndex = 1; lastKnownFileType = text.xcconfig; name = "Pods-Friends.debug.xcconfig"; path = "Pods/Target Support Files/Pods-Friends/Pods-Friends.debug.xcconfig"; sourceTree = "<group>"; };
		D9442EA40BB46A671C73CD01 /* Pods_Friends.framework */ = {isa = PBXFileReference; explicitFileType = wrapper.framework; includeInIndex = 0; path = Pods_Friends.framework; sourceTree = BUILT_PRODUCTS_DIR; };
		DF367B421BFE131400D8CC0F /* Friends.app */ = {isa = PBXFileReference; explicitFileType = wrapper.application; includeInIndex = 0; path = Friends.app; sourceTree = BUILT_PRODUCTS_DIR; };
		DF367B451BFE131400D8CC0F /* AppDelegate.swift */ = {isa = PBXFileReference; lastKnownFileType = sourcecode.swift; path = AppDelegate.swift; sourceTree = "<group>"; };
		DF367B4A1BFE131400D8CC0F /* Base */ = {isa = PBXFileReference; lastKnownFileType = file.storyboard; name = Base; path = Base.lproj/Main.storyboard; sourceTree = "<group>"; };
		DF367B4C1BFE131400D8CC0F /* Assets.xcassets */ = {isa = PBXFileReference; lastKnownFileType = folder.assetcatalog; path = Assets.xcassets; sourceTree = "<group>"; };
		DF367B4F1BFE131400D8CC0F /* Base */ = {isa = PBXFileReference; lastKnownFileType = file.storyboard; name = Base; path = Base.lproj/LaunchScreen.storyboard; sourceTree = "<group>"; };
		DF367B511BFE131400D8CC0F /* Info.plist */ = {isa = PBXFileReference; lastKnownFileType = text.plist.xml; path = Info.plist; sourceTree = "<group>"; };
		DF367B571BFE195300D8CC0F /* FriendsListViewController.swift */ = {isa = PBXFileReference; fileEncoding = 4; lastKnownFileType = sourcecode.swift; path = FriendsListViewController.swift; sourceTree = "<group>"; };
		DF367B591BFE20E600D8CC0F /* Person.swift */ = {isa = PBXFileReference; fileEncoding = 4; lastKnownFileType = sourcecode.swift; path = Person.swift; sourceTree = "<group>"; };
		DF367B5B1BFE2BD700D8CC0F /* PersonDetailViewController.swift */ = {isa = PBXFileReference; fileEncoding = 4; lastKnownFileType = sourcecode.swift; path = PersonDetailViewController.swift; sourceTree = "<group>"; };
/* End PBXFileReference section */

/* Begin PBXFrameworksBuildPhase section */
		DF367B3F1BFE131400D8CC0F /* Frameworks */ = {
			isa = PBXFrameworksBuildPhase;
			buildActionMask = 2147483647;
			files = (
				C56321995124B740FD195796 /* Pods_Friends.framework in Frameworks */,
			);
			runOnlyForDeploymentPostprocessing = 0;
		};
/* End PBXFrameworksBuildPhase section */

/* Begin PBXGroup section */
		652C4F2433DA70387ABBACEF /* Pods */ = {
			isa = PBXGroup;
			children = (
				95441ABC864BD8408F9191C4 /* Pods-Friends.debug.xcconfig */,
				6831282E817AA84E8035053D /* Pods-Friends.release.xcconfig */,
			);
			name = Pods;
			sourceTree = "<group>";
		};
		8760F9870A55B217AC2296BC /* Frameworks */ = {
			isa = PBXGroup;
			children = (
				D9442EA40BB46A671C73CD01 /* Pods_Friends.framework */,
			);
			name = Frameworks;
			sourceTree = "<group>";
		};
		DF367B391BFE131300D8CC0F = {
			isa = PBXGroup;
			children = (
				DF367B441BFE131400D8CC0F /* Friends */,
				DF367B431BFE131400D8CC0F /* Products */,
				652C4F2433DA70387ABBACEF /* Pods */,
				8760F9870A55B217AC2296BC /* Frameworks */,
			);
			sourceTree = "<group>";
		};
		DF367B431BFE131400D8CC0F /* Products */ = {
			isa = PBXGroup;
			children = (
				DF367B421BFE131400D8CC0F /* Friends.app */,
			);
			name = Products;
			sourceTree = "<group>";
		};
		DF367B441BFE131400D8CC0F /* Friends */ = {
			isa = PBXGroup;
			children = (
				DF367B451BFE131400D8CC0F /* AppDelegate.swift */,
				DF367B571BFE195300D8CC0F /* FriendsListViewController.swift */,
				DF367B5B1BFE2BD700D8CC0F /* PersonDetailViewController.swift */,
				DF367B491BFE131400D8CC0F /* Main.storyboard */,
				DF367B4C1BFE131400D8CC0F /* Assets.xcassets */,
				DF367B4E1BFE131400D8CC0F /* LaunchScreen.storyboard */,
				DF367B511BFE131400D8CC0F /* Info.plist */,
				DF367B591BFE20E600D8CC0F /* Person.swift */,
			);
			path = Friends;
			sourceTree = "<group>";
		};
/* End PBXGroup section */

/* Begin PBXNativeTarget section */
		DF367B411BFE131400D8CC0F /* Friends */ = {
			isa = PBXNativeTarget;
			buildConfigurationList = DF367B541BFE131400D8CC0F /* Build configuration list for PBXNativeTarget "Friends" */;
			buildPhases = (
				D2171852BA17C5B47D7797FB /* Check Pods Manifest.lock */,
				DF367B3E1BFE131400D8CC0F /* Sources */,
				DF367B3F1BFE131400D8CC0F /* Frameworks */,
				DF367B401BFE131400D8CC0F /* Resources */,
				B5628EB41F9311DD9C894D20 /* Embed Pods Frameworks */,
				43BECC3123FAC0A83522A3B3 /* Copy Pods Resources */,
			);
			buildRules = (
			);
			dependencies = (
			);
			name = Friends;
			productName = Friends;
			productReference = DF367B421BFE131400D8CC0F /* Friends.app */;
			productType = "com.apple.product-type.application";
		};
/* End PBXNativeTarget section */

/* Begin PBXProject section */
		DF367B3A1BFE131300D8CC0F /* Project object */ = {
			isa = PBXProject;
			attributes = {
				LastSwiftUpdateCheck = 0710;
				LastUpgradeCheck = 0710;
				ORGANIZATIONNAME = "The Iron Yard";
				TargetAttributes = {
					DF367B411BFE131400D8CC0F = {
						CreatedOnToolsVersion = 7.1.1;
					};
				};
			};
			buildConfigurationList = DF367B3D1BFE131300D8CC0F /* Build configuration list for PBXProject "Friends" */;
			compatibilityVersion = "Xcode 3.2";
			developmentRegion = English;
			hasScannedForEncodings = 0;
			knownRegions = (
				en,
				Base,
			);
			mainGroup = DF367B391BFE131300D8CC0F;
			productRefGroup = DF367B431BFE131400D8CC0F /* Products */;
			projectDirPath = "";
			projectRoot = "";
			targets = (
				DF367B411BFE131400D8CC0F /* Friends */,
			);
		};
/* End PBXProject section */

/* Begin PBXResourcesBuildPhase section */
		DF367B401BFE131400D8CC0F /* Resources */ = {
			isa = PBXResourcesBuildPhase;
			buildActionMask = 2147483647;
			files = (
				DF367B501BFE131400D8CC0F /* LaunchScreen.storyboard in Resources */,
				DF367B4D1BFE131400D8CC0F /* Assets.xcassets in Resources */,
				DF367B4B1BFE131400D8CC0F /* Main.storyboard in Resources */,
			);
			runOnlyForDeploymentPostprocessing = 0;
		};
/* End PBXResourcesBuildPhase section */

/* Begin PBXShellScriptBuildPhase section */
		43BECC3123FAC0A83522A3B3 /* Copy Pods Resources */ = {
			isa = PBXShellScriptBuildPhase;
			buildActionMask = 2147483647;
			files = (
			);
			inputPaths = (
			);
			name = "Copy Pods Resources";
			outputPaths = (
			);
			runOnlyForDeploymentPostprocessing = 0;
			shellPath = /bin/sh;
			shellScript = "\"${SRCROOT}/Pods/Target Support Files/Pods-Friends/Pods-Friends-resources.sh\"\n";
			showEnvVarsInLog = 0;
		};
		B5628EB41F9311DD9C894D20 /* Embed Pods Frameworks */ = {
			isa = PBXShellScriptBuildPhase;
			buildActionMask = 2147483647;
			files = (
			);
			inputPaths = (
			);
			name = "Embed Pods Frameworks";
			outputPaths = (
			);
			runOnlyForDeploymentPostprocessing = 0;
			shellPath = /bin/sh;
			shellScript = "\"${SRCROOT}/Pods/Target Support Files/Pods-Friends/Pods-Friends-frameworks.sh\"\n";
			showEnvVarsInLog = 0;
		};
		D2171852BA17C5B47D7797FB /* Check Pods Manifest.lock */ = {
			isa = PBXShellScriptBuildPhase;
			buildActionMask = 2147483647;
			files = (
			);
			inputPaths = (
			);
			name = "Check Pods Manifest.lock";
			outputPaths = (
			);
			runOnlyForDeploymentPostprocessing = 0;
			shellPath = /bin/sh;
			shellScript = "diff \"${PODS_ROOT}/../Podfile.lock\" \"${PODS_ROOT}/Manifest.lock\" > /dev/null\nif [[ $? != 0 ]] ; then\n    cat << EOM\nerror: The sandbox is not in sync with the Podfile.lock. Run 'pod install' or update your CocoaPods installation.\nEOM\n    exit 1\nfi\n";
			showEnvVarsInLog = 0;
		};
/* End PBXShellScriptBuildPhase section */

/* Begin PBXSourcesBuildPhase section */
		DF367B3E1BFE131400D8CC0F /* Sources */ = {
			isa = PBXSourcesBuildPhase;
			buildActionMask = 2147483647;
			files = (
				DF367B5C1BFE2BD700D8CC0F /* PersonDetailViewController.swift in Sources */,
				DF367B5A1BFE20E600D8CC0F /* Person.swift in Sources */,
				DF367B581BFE195300D8CC0F /* FriendsListViewController.swift in Sources */,
				DF367B461BFE131400D8CC0F /* AppDelegate.swift in Sources */,
			);
			runOnlyForDeploymentPostprocessing = 0;
		};
/* End PBXSourcesBuildPhase section */

/* Begin PBXVariantGroup section */
		DF367B491BFE131400D8CC0F /* Main.storyboard */ = {
			isa = PBXVariantGroup;
			children = (
				DF367B4A1BFE131400D8CC0F /* Base */,
			);
			name = Main.storyboard;
			sourceTree = "<group>";
		};
		DF367B4E1BFE131400D8CC0F /* LaunchScreen.storyboard */ = {
			isa = PBXVariantGroup;
			children = (
				DF367B4F1BFE131400D8CC0F /* Base */,
			);
			name = LaunchScreen.storyboard;
			sourceTree = "<group>";
		};
/* End PBXVariantGroup section */

/* Begin XCBuildConfiguration section */
		DF367B521BFE131400D8CC0F /* Debug */ = {
			isa = XCBuildConfiguration;
			buildSettings = {
				ALWAYS_SEARCH_USER_PATHS = NO;
				CLANG_CXX_LANGUAGE_STANDARD = "gnu++0x";
				CLANG_CXX_LIBRARY = "libc++";
				CLANG_ENABLE_MODULES = YES;
				CLANG_ENABLE_OBJC_ARC = YES;
				CLANG_WARN_BOOL_CONVERSION = YES;
				CLANG_WARN_CONSTANT_CONVERSION = YES;
				CLANG_WARN_DIRECT_OBJC_ISA_USAGE = YES_ERROR;
				CLANG_WARN_EMPTY_BODY = YES;
				CLANG_WARN_ENUM_CONVERSION = YES;
				CLANG_WARN_INT_CONVERSION = YES;
				CLANG_WARN_OBJC_ROOT_CLASS = YES_ERROR;
				CLANG_WARN_UNREACHABLE_CODE = YES;
				CLANG_WARN__DUPLICATE_METHOD_MATCH = YES;
				"CODE_SIGN_IDENTITY[sdk=iphoneos*]" = "iPhone Developer";
				COPY_PHASE_STRIP = NO;
				DEBUG_INFORMATION_FORMAT = dwarf;
				ENABLE_STRICT_OBJC_MSGSEND = YES;
				ENABLE_TESTABILITY = YES;
				GCC_C_LANGUAGE_STANDARD = gnu99;
				GCC_DYNAMIC_NO_PIC = NO;
				GCC_NO_COMMON_BLOCKS = YES;
				GCC_OPTIMIZATION_LEVEL = 0;
				GCC_PREPROCESSOR_DEFINITIONS = (
					"DEBUG=1",
					"$(inherited)",
				);
				GCC_WARN_64_TO_32_BIT_CONVERSION = YES;
				GCC_WARN_ABOUT_RETURN_TYPE = YES_ERROR;
				GCC_WARN_UNDECLARED_SELECTOR = YES;
				GCC_WARN_UNINITIALIZED_AUTOS = YES_AGGRESSIVE;
				GCC_WARN_UNUSED_FUNCTION = YES;
				GCC_WARN_UNUSED_VARIABLE = YES;
				IPHONEOS_DEPLOYMENT_TARGET = 9.1;
				MTL_ENABLE_DEBUG_INFO = YES;
				ONLY_ACTIVE_ARCH = YES;
				SDKROOT = iphoneos;
				SWIFT_OPTIMIZATION_LEVEL = "-Onone";
			};
			name = Debug;
		};
		DF367B531BFE131400D8CC0F /* Release */ = {
			isa = XCBuildConfiguration;
			buildSettings = {
				ALWAYS_SEARCH_USER_PATHS = NO;
				CLANG_CXX_LANGUAGE_STANDARD = "gnu++0x";
				CLANG_CXX_LIBRARY = "libc++";
				CLANG_ENABLE_MODULES = YES;
				CLANG_ENABLE_OBJC_ARC = YES;
				CLANG_WARN_BOOL_CONVERSION = YES;
				CLANG_WARN_CONSTANT_CONVERSION = YES;
				CLANG_WARN_DIRECT_OBJC_ISA_USAGE = YES_ERROR;
				CLANG_WARN_EMPTY_BODY = YES;
				CLANG_WARN_ENUM_CONVERSION = YES;
				CLANG_WARN_INT_CONVERSION = YES;
				CLANG_WARN_OBJC_ROOT_CLASS = YES_ERROR;
				CLANG_WARN_UNREACHABLE_CODE = YES;
				CLANG_WARN__DUPLICATE_METHOD_MATCH = YES;
				"CODE_SIGN_IDENTITY[sdk=iphoneos*]" = "iPhone Developer";
				COPY_PHASE_STRIP = NO;
				DEBUG_INFORMATION_FORMAT = "dwarf-with-dsym";
				ENABLE_NS_ASSERTIONS = NO;
				ENABLE_STRICT_OBJC_MSGSEND = YES;
				GCC_C_LANGUAGE_STANDARD = gnu99;
				GCC_NO_COMMON_BLOCKS = YES;
				GCC_WARN_64_TO_32_BIT_CONVERSION = YES;
				GCC_WARN_ABOUT_RETURN_TYPE = YES_ERROR;
				GCC_WARN_UNDECLARED_SELECTOR = YES;
				GCC_WARN_UNINITIALIZED_AUTOS = YES_AGGRESSIVE;
				GCC_WARN_UNUSED_FUNCTION = YES;
				GCC_WARN_UNUSED_VARIABLE = YES;
				IPHONEOS_DEPLOYMENT_TARGET = 9.1;
				MTL_ENABLE_DEBUG_INFO = NO;
				SDKROOT = iphoneos;
				VALIDATE_PRODUCT = YES;
			};
			name = Release;
		};
		DF367B551BFE131400D8CC0F /* Debug */ = {
			isa = XCBuildConfiguration;
			baseConfigurationReference = 95441ABC864BD8408F9191C4 /* Pods-Friends.debug.xcconfig */;
			buildSettings = {
				ASSETCATALOG_COMPILER_APPICON_NAME = AppIcon;
				INFOPLIST_FILE = Friends/Info.plist;
				LD_RUNPATH_SEARCH_PATHS = "$(inherited) @executable_path/Frameworks";
				PRODUCT_BUNDLE_IDENTIFIER = com.tiy.Friends;
				PRODUCT_NAME = "$(TARGET_NAME)";
			};
			name = Debug;
		};
		DF367B561BFE131400D8CC0F /* Release */ = {
			isa = XCBuildConfiguration;
			baseConfigurationReference = 6831282E817AA84E8035053D /* Pods-Friends.release.xcconfig */;
			buildSettings = {
				ASSETCATALOG_COMPILER_APPICON_NAME = AppIcon;
				INFOPLIST_FILE = Friends/Info.plist;
				LD_RUNPATH_SEARCH_PATHS = "$(inherited) @executable_path/Frameworks";
				PRODUCT_BUNDLE_IDENTIFIER = com.tiy.Friends;
				PRODUCT_NAME = "$(TARGET_NAME)";
			};
			name = Release;
		};
/* End XCBuildConfiguration section */

/* Begin XCConfigurationList section */
		DF367B3D1BFE131300D8CC0F /* Build configuration list for PBXProject "Friends" */ = {
			isa = XCConfigurationList;
			buildConfigurations = (
				DF367B521BFE131400D8CC0F /* Debug */,
				DF367B531BFE131400D8CC0F /* Release */,
			);
			defaultConfigurationIsVisible = 0;
			defaultConfigurationName = Release;
		};
		DF367B541BFE131400D8CC0F /* Build configuration list for PBXNativeTarget "Friends" */ = {
			isa = XCConfigurationList;
			buildConfigurations = (
				DF367B551BFE131400D8CC0F /* Debug */,
				DF367B561BFE131400D8CC0F /* Release */,
			);
			defaultConfigurationIsVisible = 0;
			defaultConfigurationName = Release;
		};
/* End XCConfigurationList section */
	};
	rootObject = DF367B3A1BFE131300D8CC0F /* Project object */;
}
