// !$*UTF8*$!
{
	archiveVersion = 1;
	classes = {
	};
	objectVersion = 46;
	objects = {

/* Begin PBXBuildFile section */
		DF58C0311BE7E7A5000AF460 /* AppDelegate.swift in Sources */ = {isa = PBXBuildFile; fileRef = DF58C0301BE7E7A5000AF460 /* AppDelegate.swift */; };
		DF58C0361BE7E7A5000AF460 /* Main.storyboard in Resources */ = {isa = PBXBuildFile; fileRef = DF58C0341BE7E7A5000AF460 /* Main.storyboard */; };
		DF58C0381BE7E7A5000AF460 /* Assets.xcassets in Resources */ = {isa = PBXBuildFile; fileRef = DF58C0371BE7E7A5000AF460 /* Assets.xcassets */; };
		DF58C03B1BE7E7A5000AF460 /* LaunchScreen.storyboard in Resources */ = {isa = PBXBuildFile; fileRef = DF58C0391BE7E7A5000AF460 /* LaunchScreen.storyboard */; };
		DF58C0431BE7E7F6000AF460 /* CitiesTableViewController.swift in Sources */ = {isa = PBXBuildFile; fileRef = DF58C0421BE7E7F6000AF460 /* CitiesTableViewController.swift */; };
		DF58C0451BE7E87E000AF460 /* City.swift in Sources */ = {isa = PBXBuildFile; fileRef = DF58C0441BE7E87E000AF460 /* City.swift */; };
		DFFDB8E31BE7EED000427D85 /* CityCell.swift in Sources */ = {isa = PBXBuildFile; fileRef = DFFDB8E21BE7EED000427D85 /* CityCell.swift */; };
		DFFDB8E51BE7F56E00427D85 /* ZipCodeViewController.swift in Sources */ = {isa = PBXBuildFile; fileRef = DFFDB8E41BE7F56E00427D85 /* ZipCodeViewController.swift */; };
/* End PBXBuildFile section */

/* Begin PBXFileReference section */
		DF58C02D1BE7E7A5000AF460 /* Forecaster.app */ = {isa = PBXFileReference; explicitFileType = wrapper.application; includeInIndex = 0; path = Forecaster.app; sourceTree = BUILT_PRODUCTS_DIR; };
		DF58C0301BE7E7A5000AF460 /* AppDelegate.swift */ = {isa = PBXFileReference; lastKnownFileType = sourcecode.swift; path = AppDelegate.swift; sourceTree = "<group>"; };
		DF58C0351BE7E7A5000AF460 /* Base */ = {isa = PBXFileReference; lastKnownFileType = file.storyboard; name = Base; path = Base.lproj/Main.storyboard; sourceTree = "<group>"; };
		DF58C0371BE7E7A5000AF460 /* Assets.xcassets */ = {isa = PBXFileReference; lastKnownFileType = folder.assetcatalog; path = Assets.xcassets; sourceTree = "<group>"; };
		DF58C03A1BE7E7A5000AF460 /* Base */ = {isa = PBXFileReference; lastKnownFileType = file.storyboard; name = Base; path = Base.lproj/LaunchScreen.storyboard; sourceTree = "<group>"; };
		DF58C03C1BE7E7A5000AF460 /* Info.plist */ = {isa = PBXFileReference; lastKnownFileType = text.plist.xml; path = Info.plist; sourceTree = "<group>"; };
		DF58C0421BE7E7F6000AF460 /* CitiesTableViewController.swift */ = {isa = PBXFileReference; fileEncoding = 4; lastKnownFileType = sourcecode.swift; path = CitiesTableViewController.swift; sourceTree = "<group>"; };
		DF58C0441BE7E87E000AF460 /* City.swift */ = {isa = PBXFileReference; fileEncoding = 4; lastKnownFileType = sourcecode.swift; path = City.swift; sourceTree = "<group>"; };
		DFFDB8E21BE7EED000427D85 /* CityCell.swift */ = {isa = PBXFileReference; fileEncoding = 4; lastKnownFileType = sourcecode.swift; path = CityCell.swift; sourceTree = "<group>"; };
		DFFDB8E41BE7F56E00427D85 /* ZipCodeViewController.swift */ = {isa = PBXFileReference; fileEncoding = 4; lastKnownFileType = sourcecode.swift; path = ZipCodeViewController.swift; sourceTree = "<group>"; };
/* End PBXFileReference section */

/* Begin PBXFrameworksBuildPhase section */
		DF58C02A1BE7E7A5000AF460 /* Frameworks */ = {
			isa = PBXFrameworksBuildPhase;
			buildActionMask = 2147483647;
			files = (
			);
			runOnlyForDeploymentPostprocessing = 0;
		};
/* End PBXFrameworksBuildPhase section */

/* Begin PBXGroup section */
		DF58C0241BE7E7A5000AF460 = {
			isa = PBXGroup;
			children = (
				DF58C02F1BE7E7A5000AF460 /* Forecaster */,
				DF58C02E1BE7E7A5000AF460 /* Products */,
			);
			sourceTree = "<group>";
		};
		DF58C02E1BE7E7A5000AF460 /* Products */ = {
			isa = PBXGroup;
			children = (
				DF58C02D1BE7E7A5000AF460 /* Forecaster.app */,
			);
			name = Products;
			sourceTree = "<group>";
		};
		DF58C02F1BE7E7A5000AF460 /* Forecaster */ = {
			isa = PBXGroup;
			children = (
				DF58C0301BE7E7A5000AF460 /* AppDelegate.swift */,
				DF58C0421BE7E7F6000AF460 /* CitiesTableViewController.swift */,
				DFFDB8E41BE7F56E00427D85 /* ZipCodeViewController.swift */,
				DFFDB8E21BE7EED000427D85 /* CityCell.swift */,
				DF58C0441BE7E87E000AF460 /* City.swift */,
				DF58C0341BE7E7A5000AF460 /* Main.storyboard */,
				DF58C0371BE7E7A5000AF460 /* Assets.xcassets */,
				DF58C0391BE7E7A5000AF460 /* LaunchScreen.storyboard */,
				DF58C03C1BE7E7A5000AF460 /* Info.plist */,
			);
			path = Forecaster;
			sourceTree = "<group>";
		};
/* End PBXGroup section */

/* Begin PBXNativeTarget section */
		DF58C02C1BE7E7A5000AF460 /* Forecaster */ = {
			isa = PBXNativeTarget;
			buildConfigurationList = DF58C03F1BE7E7A5000AF460 /* Build configuration list for PBXNativeTarget "Forecaster" */;
			buildPhases = (
				DF58C0291BE7E7A5000AF460 /* Sources */,
				DF58C02A1BE7E7A5000AF460 /* Frameworks */,
				DF58C02B1BE7E7A5000AF460 /* Resources */,
			);
			buildRules = (
			);
			dependencies = (
			);
			name = Forecaster;
			productName = Forecaster;
			productReference = DF58C02D1BE7E7A5000AF460 /* Forecaster.app */;
			productType = "com.apple.product-type.application";
		};
/* End PBXNativeTarget section */

/* Begin PBXProject section */
		DF58C0251BE7E7A5000AF460 /* Project object */ = {
			isa = PBXProject;
			attributes = {
				LastSwiftUpdateCheck = 0710;
				LastUpgradeCheck = 0710;
				ORGANIZATIONNAME = "The Iron Yard";
				TargetAttributes = {
					DF58C02C1BE7E7A5000AF460 = {
						CreatedOnToolsVersion = 7.1;
					};
				};
			};
			buildConfigurationList = DF58C0281BE7E7A5000AF460 /* Build configuration list for PBXProject "Forecaster" */;
			compatibilityVersion = "Xcode 3.2";
			developmentRegion = English;
			hasScannedForEncodings = 0;
			knownRegions = (
				en,
				Base,
			);
			mainGroup = DF58C0241BE7E7A5000AF460;
			productRefGroup = DF58C02E1BE7E7A5000AF460 /* Products */;
			projectDirPath = "";
			projectRoot = "";
			targets = (
				DF58C02C1BE7E7A5000AF460 /* Forecaster */,
			);
		};
/* End PBXProject section */

/* Begin PBXResourcesBuildPhase section */
		DF58C02B1BE7E7A5000AF460 /* Resources */ = {
			isa = PBXResourcesBuildPhase;
			buildActionMask = 2147483647;
			files = (
				DF58C03B1BE7E7A5000AF460 /* LaunchScreen.storyboard in Resources */,
				DF58C0381BE7E7A5000AF460 /* Assets.xcassets in Resources */,
				DF58C0361BE7E7A5000AF460 /* Main.storyboard in Resources */,
			);
			runOnlyForDeploymentPostprocessing = 0;
		};
/* End PBXResourcesBuildPhase section */

/* Begin PBXSourcesBuildPhase section */
		DF58C0291BE7E7A5000AF460 /* Sources */ = {
			isa = PBXSourcesBuildPhase;
			buildActionMask = 2147483647;
			files = (
				DF58C0431BE7E7F6000AF460 /* CitiesTableViewController.swift in Sources */,
				DF58C0311BE7E7A5000AF460 /* AppDelegate.swift in Sources */,
				DFFDB8E31BE7EED000427D85 /* CityCell.swift in Sources */,
				DFFDB8E51BE7F56E00427D85 /* ZipCodeViewController.swift in Sources */,
				DF58C0451BE7E87E000AF460 /* City.swift in Sources */,
			);
			runOnlyForDeploymentPostprocessing = 0;
		};
/* End PBXSourcesBuildPhase section */

/* Begin PBXVariantGroup section */
		DF58C0341BE7E7A5000AF460 /* Main.storyboard */ = {
			isa = PBXVariantGroup;
			children = (
				DF58C0351BE7E7A5000AF460 /* Base */,
			);
			name = Main.storyboard;
			sourceTree = "<group>";
		};
		DF58C0391BE7E7A5000AF460 /* LaunchScreen.storyboard */ = {
			isa = PBXVariantGroup;
			children = (
				DF58C03A1BE7E7A5000AF460 /* Base */,
			);
			name = LaunchScreen.storyboard;
			sourceTree = "<group>";
		};
/* End PBXVariantGroup section */

/* Begin XCBuildConfiguration section */
		DF58C03D1BE7E7A5000AF460 /* Debug */ = {
			isa = XCBuildConfiguration;
			buildSettings = {
				ALWAYS_SEARCH_USER_PATHS = NO;
				CLANG_CXX_LANGUAGE_STANDARD = "gnu++0x";
				CLANG_CXX_LIBRARY = "libc++";
				CLANG_ENABLE_MODULES = YES;
				CLANG_ENABLE_OBJC_ARC = YES;
				CLANG_WARN_BOOL_CONVERSION = YES;
				CLANG_WARN_CONSTANT_CONVERSION = YES;
				CLANG_WARN_DIRECT_OBJC_ISA_USAGE = YES_ERROR;
				CLANG_WARN_EMPTY_BODY = YES;
				CLANG_WARN_ENUM_CONVERSION = YES;
				CLANG_WARN_INT_CONVERSION = YES;
				CLANG_WARN_OBJC_ROOT_CLASS = YES_ERROR;
				CLANG_WARN_UNREACHABLE_CODE = YES;
				CLANG_WARN__DUPLICATE_METHOD_MATCH = YES;
				"CODE_SIGN_IDENTITY[sdk=iphoneos*]" = "iPhone Developer";
				COPY_PHASE_STRIP = NO;
				DEBUG_INFORMATION_FORMAT = dwarf;
				ENABLE_STRICT_OBJC_MSGSEND = YES;
				ENABLE_TESTABILITY = YES;
				GCC_C_LANGUAGE_STANDARD = gnu99;
				GCC_DYNAMIC_NO_PIC = NO;
				GCC_NO_COMMON_BLOCKS = YES;
				GCC_OPTIMIZATION_LEVEL = 0;
				GCC_PREPROCESSOR_DEFINITIONS = (
					"DEBUG=1",
					"$(inherited)",
				);
				GCC_WARN_64_TO_32_BIT_CONVERSION = YES;
				GCC_WARN_ABOUT_RETURN_TYPE = YES_ERROR;
				GCC_WARN_UNDECLARED_SELECTOR = YES;
				GCC_WARN_UNINITIALIZED_AUTOS = YES_AGGRESSIVE;
				GCC_WARN_UNUSED_FUNCTION = YES;
				GCC_WARN_UNUSED_VARIABLE = YES;
				IPHONEOS_DEPLOYMENT_TARGET = 9.1;
				MTL_ENABLE_DEBUG_INFO = YES;
				ONLY_ACTIVE_ARCH = YES;
				SDKROOT = iphoneos;
				SWIFT_OPTIMIZATION_LEVEL = "-Onone";
				TARGETED_DEVICE_FAMILY = "1,2";
			};
			name = Debug;
		};
		DF58C03E1BE7E7A5000AF460 /* Release */ = {
			isa = XCBuildConfiguration;
			buildSettings = {
				ALWAYS_SEARCH_USER_PATHS = NO;
				CLANG_CXX_LANGUAGE_STANDARD = "gnu++0x";
				CLANG_CXX_LIBRARY = "libc++";
				CLANG_ENABLE_MODULES = YES;
				CLANG_ENABLE_OBJC_ARC = YES;
				CLANG_WARN_BOOL_CONVERSION = YES;
				CLANG_WARN_CONSTANT_CONVERSION = YES;
				CLANG_WARN_DIRECT_OBJC_ISA_USAGE = YES_ERROR;
				CLANG_WARN_EMPTY_BODY = YES;
				CLANG_WARN_ENUM_CONVERSION = YES;
				CLANG_WARN_INT_CONVERSION = YES;
				CLANG_WARN_OBJC_ROOT_CLASS = YES_ERROR;
				CLANG_WARN_UNREACHABLE_CODE = YES;
				CLANG_WARN__DUPLICATE_METHOD_MATCH = YES;
				"CODE_SIGN_IDENTITY[sdk=iphoneos*]" = "iPhone Developer";
				COPY_PHASE_STRIP = NO;
				DEBUG_INFORMATION_FORMAT = "dwarf-with-dsym";
				ENABLE_NS_ASSERTIONS = NO;
				ENABLE_STRICT_OBJC_MSGSEND = YES;
				GCC_C_LANGUAGE_STANDARD = gnu99;
				GCC_NO_COMMON_BLOCKS = YES;
				GCC_WARN_64_TO_32_BIT_CONVERSION = YES;
				GCC_WARN_ABOUT_RETURN_TYPE = YES_ERROR;
				GCC_WARN_UNDECLARED_SELECTOR = YES;
				GCC_WARN_UNINITIALIZED_AUTOS = YES_AGGRESSIVE;
				GCC_WARN_UNUSED_FUNCTION = YES;
				GCC_WARN_UNUSED_VARIABLE = YES;
				IPHONEOS_DEPLOYMENT_TARGET = 9.1;
				MTL_ENABLE_DEBUG_INFO = NO;
				SDKROOT = iphoneos;
				TARGETED_DEVICE_FAMILY = "1,2";
				VALIDATE_PRODUCT = YES;
			};
			name = Release;
		};
		DF58C0401BE7E7A5000AF460 /* Debug */ = {
			isa = XCBuildConfiguration;
			buildSettings = {
				ASSETCATALOG_COMPILER_APPICON_NAME = AppIcon;
				INFOPLIST_FILE = Forecaster/Info.plist;
				LD_RUNPATH_SEARCH_PATHS = "$(inherited) @executable_path/Frameworks";
				PRODUCT_BUNDLE_IDENTIFIER = com.tiy.Forecaster;
				PRODUCT_NAME = "$(TARGET_NAME)";
			};
			name = Debug;
		};
		DF58C0411BE7E7A5000AF460 /* Release */ = {
			isa = XCBuildConfiguration;
			buildSettings = {
				ASSETCATALOG_COMPILER_APPICON_NAME = AppIcon;
				INFOPLIST_FILE = Forecaster/Info.plist;
				LD_RUNPATH_SEARCH_PATHS = "$(inherited) @executable_path/Frameworks";
				PRODUCT_BUNDLE_IDENTIFIER = com.tiy.Forecaster;
				PRODUCT_NAME = "$(TARGET_NAME)";
			};
			name = Release;
		};
/* End XCBuildConfiguration section */

/* Begin XCConfigurationList section */
		DF58C0281BE7E7A5000AF460 /* Build configuration list for PBXProject "Forecaster" */ = {
			isa = XCConfigurationList;
			buildConfigurations = (
				DF58C03D1BE7E7A5000AF460 /* Debug */,
				DF58C03E1BE7E7A5000AF460 /* Release */,
			);
			defaultConfigurationIsVisible = 0;
			defaultConfigurationName = Release;
		};
		DF58C03F1BE7E7A5000AF460 /* Build configuration list for PBXNativeTarget "Forecaster" */ = {
			isa = XCConfigurationList;
			buildConfigurations = (
				DF58C0401BE7E7A5000AF460 /* Debug */,
				DF58C0411BE7E7A5000AF460 /* Release */,
			);
			defaultConfigurationIsVisible = 0;
			defaultConfigurationName = Release;
		};
/* End XCConfigurationList section */
	};
	rootObject = DF58C0251BE7E7A5000AF460 /* Project object */;
}
