// !$*UTF8*$!
{
	archiveVersion = 1;
	classes = {
	};
	objectVersion = 46;
	objects = {

/* Begin PBXBuildFile section */
		DFE153641AB922E600138E0B /* main.m in Sources */ = {isa = PBXBuildFile; fileRef = DFE153631AB922E600138E0B /* main.m */; };
		DFE153671AB922E600138E0B /* AppDelegate.m in Sources */ = {isa = PBXBuildFile; fileRef = DFE153661AB922E600138E0B /* AppDelegate.m */; };
		DFE1536F1AB922E600138E0B /* Images.xcassets in Resources */ = {isa = PBXBuildFile; fileRef = DFE1536E1AB922E600138E0B /* Images.xcassets */; };
		DFE153721AB922E600138E0B /* LaunchScreen.xib in Resources */ = {isa = PBXBuildFile; fileRef = DFE153701AB922E600138E0B /* LaunchScreen.xib */; };
		DFE1537E1AB922E600138E0B /* GithubFriendsTests.m in Sources */ = {isa = PBXBuildFile; fileRef = DFE1537D1AB922E600138E0B /* GithubFriendsTests.m */; };
		DFE153891AB9230A00138E0B /* FriendsTableViewController.m in Sources */ = {isa = PBXBuildFile; fileRef = DFE153881AB9230A00138E0B /* FriendsTableViewController.m */; };
		DFE1538C1AB9240000138E0B /* FriendCell.m in Sources */ = {isa = PBXBuildFile; fileRef = DFE1538B1AB9240000138E0B /* FriendCell.m */; };
		DFE1538F1AB9259D00138E0B /* FriendDetailViewController.m in Sources */ = {isa = PBXBuildFile; fileRef = DFE1538E1AB9259D00138E0B /* FriendDetailViewController.m */; };
		DFE153921AB9260100138E0B /* NewFriendViewController.m in Sources */ = {isa = PBXBuildFile; fileRef = DFE153911AB9260100138E0B /* NewFriendViewController.m */; };
/* End PBXBuildFile section */

/* Begin PBXContainerItemProxy section */
		DFE153781AB922E600138E0B /* PBXContainerItemProxy */ = {
			isa = PBXContainerItemProxy;
			containerPortal = DFE153561AB922E600138E0B /* Project object */;
			proxyType = 1;
			remoteGlobalIDString = DFE1535D1AB922E600138E0B;
			remoteInfo = GithubFriends;
		};
/* End PBXContainerItemProxy section */

/* Begin PBXFileReference section */
		DFE1535E1AB922E600138E0B /* GithubFriends.app */ = {isa = PBXFileReference; explicitFileType = wrapper.application; includeInIndex = 0; path = GithubFriends.app; sourceTree = BUILT_PRODUCTS_DIR; };
		DFE153621AB922E600138E0B /* Info.plist */ = {isa = PBXFileReference; lastKnownFileType = text.plist.xml; path = Info.plist; sourceTree = "<group>"; };
		DFE153631AB922E600138E0B /* main.m */ = {isa = PBXFileReference; lastKnownFileType = sourcecode.c.objc; path = main.m; sourceTree = "<group>"; };
		DFE153651AB922E600138E0B /* AppDelegate.h */ = {isa = PBXFileReference; lastKnownFileType = sourcecode.c.h; path = AppDelegate.h; sourceTree = "<group>"; };
		DFE153661AB922E600138E0B /* AppDelegate.m */ = {isa = PBXFileReference; lastKnownFileType = sourcecode.c.objc; path = AppDelegate.m; sourceTree = "<group>"; };
		DFE1536E1AB922E600138E0B /* Images.xcassets */ = {isa = PBXFileReference; lastKnownFileType = folder.assetcatalog; path = Images.xcassets; sourceTree = "<group>"; };
		DFE153711AB922E600138E0B /* Base */ = {isa = PBXFileReference; lastKnownFileType = file.xib; name = Base; path = Base.lproj/LaunchScreen.xib; sourceTree = "<group>"; };
		DFE153771AB922E600138E0B /* GithubFriendsTests.xctest */ = {isa = PBXFileReference; explicitFileType = wrapper.cfbundle; includeInIndex = 0; path = GithubFriendsTests.xctest; sourceTree = BUILT_PRODUCTS_DIR; };
		DFE1537C1AB922E600138E0B /* Info.plist */ = {isa = PBXFileReference; lastKnownFileType = text.plist.xml; path = Info.plist; sourceTree = "<group>"; };
		DFE1537D1AB922E600138E0B /* GithubFriendsTests.m */ = {isa = PBXFileReference; lastKnownFileType = sourcecode.c.objc; path = GithubFriendsTests.m; sourceTree = "<group>"; };
		DFE153871AB9230A00138E0B /* FriendsTableViewController.h */ = {isa = PBXFileReference; fileEncoding = 4; lastKnownFileType = sourcecode.c.h; path = FriendsTableViewController.h; sourceTree = "<group>"; };
		DFE153881AB9230A00138E0B /* FriendsTableViewController.m */ = {isa = PBXFileReference; fileEncoding = 4; lastKnownFileType = sourcecode.c.objc; path = FriendsTableViewController.m; sourceTree = "<group>"; };
		DFE1538A1AB9240000138E0B /* FriendCell.h */ = {isa = PBXFileReference; fileEncoding = 4; lastKnownFileType = sourcecode.c.h; path = FriendCell.h; sourceTree = "<group>"; };
		DFE1538B1AB9240000138E0B /* FriendCell.m */ = {isa = PBXFileReference; fileEncoding = 4; lastKnownFileType = sourcecode.c.objc; path = FriendCell.m; sourceTree = "<group>"; };
		DFE1538D1AB9259D00138E0B /* FriendDetailViewController.h */ = {isa = PBXFileReference; fileEncoding = 4; lastKnownFileType = sourcecode.c.h; path = FriendDetailViewController.h; sourceTree = "<group>"; };
		DFE1538E1AB9259D00138E0B /* FriendDetailViewController.m */ = {isa = PBXFileReference; fileEncoding = 4; lastKnownFileType = sourcecode.c.objc; path = FriendDetailViewController.m; sourceTree = "<group>"; };
		DFE153901AB9260100138E0B /* NewFriendViewController.h */ = {isa = PBXFileReference; fileEncoding = 4; lastKnownFileType = sourcecode.c.h; path = NewFriendViewController.h; sourceTree = "<group>"; };
		DFE153911AB9260100138E0B /* NewFriendViewController.m */ = {isa = PBXFileReference; fileEncoding = 4; lastKnownFileType = sourcecode.c.objc; path = NewFriendViewController.m; sourceTree = "<group>"; };
/* End PBXFileReference section */

/* Begin PBXFrameworksBuildPhase section */
		DFE1535B1AB922E600138E0B /* Frameworks */ = {
			isa = PBXFrameworksBuildPhase;
			buildActionMask = 2147483647;
			files = (
			);
			runOnlyForDeploymentPostprocessing = 0;
		};
		DFE153741AB922E600138E0B /* Frameworks */ = {
			isa = PBXFrameworksBuildPhase;
			buildActionMask = 2147483647;
			files = (
			);
			runOnlyForDeploymentPostprocessing = 0;
		};
/* End PBXFrameworksBuildPhase section */

/* Begin PBXGroup section */
		DFE153551AB922E600138E0B = {
			isa = PBXGroup;
			children = (
				DFE153601AB922E600138E0B /* GithubFriends */,
				DFE1537A1AB922E600138E0B /* GithubFriendsTests */,
				DFE1535F1AB922E600138E0B /* Products */,
			);
			sourceTree = "<group>";
		};
		DFE1535F1AB922E600138E0B /* Products */ = {
			isa = PBXGroup;
			children = (
				DFE1535E1AB922E600138E0B /* GithubFriends.app */,
				DFE153771AB922E600138E0B /* GithubFriendsTests.xctest */,
			);
			name = Products;
			sourceTree = "<group>";
		};
		DFE153601AB922E600138E0B /* GithubFriends */ = {
			isa = PBXGroup;
			children = (
				DFE153651AB922E600138E0B /* AppDelegate.h */,
				DFE153661AB922E600138E0B /* AppDelegate.m */,
				DFE153901AB9260100138E0B /* NewFriendViewController.h */,
				DFE153911AB9260100138E0B /* NewFriendViewController.m */,
				DFE153871AB9230A00138E0B /* FriendsTableViewController.h */,
				DFE153881AB9230A00138E0B /* FriendsTableViewController.m */,
				DFE1538A1AB9240000138E0B /* FriendCell.h */,
				DFE1538B1AB9240000138E0B /* FriendCell.m */,
				DFE1538D1AB9259D00138E0B /* FriendDetailViewController.h */,
				DFE1538E1AB9259D00138E0B /* FriendDetailViewController.m */,
				DFE1536E1AB922E600138E0B /* Images.xcassets */,
				DFE153701AB922E600138E0B /* LaunchScreen.xib */,
				DFE153611AB922E600138E0B /* Supporting Files */,
			);
			path = GithubFriends;
			sourceTree = "<group>";
		};
		DFE153611AB922E600138E0B /* Supporting Files */ = {
			isa = PBXGroup;
			children = (
				DFE153621AB922E600138E0B /* Info.plist */,
				DFE153631AB922E600138E0B /* main.m */,
			);
			name = "Supporting Files";
			sourceTree = "<group>";
		};
		DFE1537A1AB922E600138E0B /* GithubFriendsTests */ = {
			isa = PBXGroup;
			children = (
				DFE1537D1AB922E600138E0B /* GithubFriendsTests.m */,
				DFE1537B1AB922E600138E0B /* Supporting Files */,
			);
			path = GithubFriendsTests;
			sourceTree = "<group>";
		};
		DFE1537B1AB922E600138E0B /* Supporting Files */ = {
			isa = PBXGroup;
			children = (
				DFE1537C1AB922E600138E0B /* Info.plist */,
			);
			name = "Supporting Files";
			sourceTree = "<group>";
		};
/* End PBXGroup section */

/* Begin PBXNativeTarget section */
		DFE1535D1AB922E600138E0B /* GithubFriends */ = {
			isa = PBXNativeTarget;
			buildConfigurationList = DFE153811AB922E600138E0B /* Build configuration list for PBXNativeTarget "GithubFriends" */;
			buildPhases = (
				DFE1535A1AB922E600138E0B /* Sources */,
				DFE1535B1AB922E600138E0B /* Frameworks */,
				DFE1535C1AB922E600138E0B /* Resources */,
			);
			buildRules = (
			);
			dependencies = (
			);
			name = GithubFriends;
			productName = GithubFriends;
			productReference = DFE1535E1AB922E600138E0B /* GithubFriends.app */;
			productType = "com.apple.product-type.application";
		};
		DFE153761AB922E600138E0B /* GithubFriendsTests */ = {
			isa = PBXNativeTarget;
			buildConfigurationList = DFE153841AB922E600138E0B /* Build configuration list for PBXNativeTarget "GithubFriendsTests" */;
			buildPhases = (
				DFE153731AB922E600138E0B /* Sources */,
				DFE153741AB922E600138E0B /* Frameworks */,
				DFE153751AB922E600138E0B /* Resources */,
			);
			buildRules = (
			);
			dependencies = (
				DFE153791AB922E600138E0B /* PBXTargetDependency */,
			);
			name = GithubFriendsTests;
			productName = GithubFriendsTests;
			productReference = DFE153771AB922E600138E0B /* GithubFriendsTests.xctest */;
			productType = "com.apple.product-type.bundle.unit-test";
		};
/* End PBXNativeTarget section */

/* Begin PBXProject section */
		DFE153561AB922E600138E0B /* Project object */ = {
			isa = PBXProject;
			attributes = {
				LastUpgradeCheck = 0610;
				ORGANIZATIONNAME = "The Iron Yard";
				TargetAttributes = {
					DFE1535D1AB922E600138E0B = {
						CreatedOnToolsVersion = 6.1.1;
					};
					DFE153761AB922E600138E0B = {
						CreatedOnToolsVersion = 6.1.1;
						TestTargetID = DFE1535D1AB922E600138E0B;
					};
				};
			};
			buildConfigurationList = DFE153591AB922E600138E0B /* Build configuration list for PBXProject "GithubFriends" */;
			compatibilityVersion = "Xcode 3.2";
			developmentRegion = English;
			hasScannedForEncodings = 0;
			knownRegions = (
				en,
				Base,
			);
			mainGroup = DFE153551AB922E600138E0B;
			productRefGroup = DFE1535F1AB922E600138E0B /* Products */;
			projectDirPath = "";
			projectRoot = "";
			targets = (
				DFE1535D1AB922E600138E0B /* GithubFriends */,
				DFE153761AB922E600138E0B /* GithubFriendsTests */,
			);
		};
/* End PBXProject section */

/* Begin PBXResourcesBuildPhase section */
		DFE1535C1AB922E600138E0B /* Resources */ = {
			isa = PBXResourcesBuildPhase;
			buildActionMask = 2147483647;
			files = (
				DFE153721AB922E600138E0B /* LaunchScreen.xib in Resources */,
				DFE1536F1AB922E600138E0B /* Images.xcassets in Resources */,
			);
			runOnlyForDeploymentPostprocessing = 0;
		};
		DFE153751AB922E600138E0B /* Resources */ = {
			isa = PBXResourcesBuildPhase;
			buildActionMask = 2147483647;
			files = (
			);
			runOnlyForDeploymentPostprocessing = 0;
		};
/* End PBXResourcesBuildPhase section */

/* Begin PBXSourcesBuildPhase section */
		DFE1535A1AB922E600138E0B /* Sources */ = {
			isa = PBXSourcesBuildPhase;
			buildActionMask = 2147483647;
			files = (
				DFE153891AB9230A00138E0B /* FriendsTableViewController.m in Sources */,
				DFE153671AB922E600138E0B /* AppDelegate.m in Sources */,
				DFE153641AB922E600138E0B /* main.m in Sources */,
				DFE1538C1AB9240000138E0B /* FriendCell.m in Sources */,
				DFE1538F1AB9259D00138E0B /* FriendDetailViewController.m in Sources */,
				DFE153921AB9260100138E0B /* NewFriendViewController.m in Sources */,
			);
			runOnlyForDeploymentPostprocessing = 0;
		};
		DFE153731AB922E600138E0B /* Sources */ = {
			isa = PBXSourcesBuildPhase;
			buildActionMask = 2147483647;
			files = (
				DFE1537E1AB922E600138E0B /* GithubFriendsTests.m in Sources */,
			);
			runOnlyForDeploymentPostprocessing = 0;
		};
/* End PBXSourcesBuildPhase section */

/* Begin PBXTargetDependency section */
		DFE153791AB922E600138E0B /* PBXTargetDependency */ = {
			isa = PBXTargetDependency;
			target = DFE1535D1AB922E600138E0B /* GithubFriends */;
			targetProxy = DFE153781AB922E600138E0B /* PBXContainerItemProxy */;
		};
/* End PBXTargetDependency section */

/* Begin PBXVariantGroup section */
		DFE153701AB922E600138E0B /* LaunchScreen.xib */ = {
			isa = PBXVariantGroup;
			children = (
				DFE153711AB922E600138E0B /* Base */,
			);
			name = LaunchScreen.xib;
			sourceTree = "<group>";
		};
/* End PBXVariantGroup section */

/* Begin XCBuildConfiguration section */
		DFE1537F1AB922E600138E0B /* Debug */ = {
			isa = XCBuildConfiguration;
			buildSettings = {
				ALWAYS_SEARCH_USER_PATHS = NO;
				CLANG_CXX_LANGUAGE_STANDARD = "gnu++0x";
				CLANG_CXX_LIBRARY = "libc++";
				CLANG_ENABLE_MODULES = YES;
				CLANG_ENABLE_OBJC_ARC = YES;
				CLANG_WARN_BOOL_CONVERSION = YES;
				CLANG_WARN_CONSTANT_CONVERSION = YES;
				CLANG_WARN_DIRECT_OBJC_ISA_USAGE = YES_ERROR;
				CLANG_WARN_EMPTY_BODY = YES;
				CLANG_WARN_ENUM_CONVERSION = YES;
				CLANG_WARN_INT_CONVERSION = YES;
				CLANG_WARN_OBJC_ROOT_CLASS = YES_ERROR;
				CLANG_WARN_UNREACHABLE_CODE = YES;
				CLANG_WARN__DUPLICATE_METHOD_MATCH = YES;
				"CODE_SIGN_IDENTITY[sdk=iphoneos*]" = "iPhone Developer";
				COPY_PHASE_STRIP = NO;
				ENABLE_STRICT_OBJC_MSGSEND = YES;
				GCC_C_LANGUAGE_STANDARD = gnu99;
				GCC_DYNAMIC_NO_PIC = NO;
				GCC_OPTIMIZATION_LEVEL = 0;
				GCC_PREPROCESSOR_DEFINITIONS = (
					"DEBUG=1",
					"$(inherited)",
				);
				GCC_SYMBOLS_PRIVATE_EXTERN = NO;
				GCC_WARN_64_TO_32_BIT_CONVERSION = YES;
				GCC_WARN_ABOUT_RETURN_TYPE = YES_ERROR;
				GCC_WARN_UNDECLARED_SELECTOR = YES;
				GCC_WARN_UNINITIALIZED_AUTOS = YES_AGGRESSIVE;
				GCC_WARN_UNUSED_FUNCTION = YES;
				GCC_WARN_UNUSED_VARIABLE = YES;
				IPHONEOS_DEPLOYMENT_TARGET = 8.1;
				MTL_ENABLE_DEBUG_INFO = YES;
				ONLY_ACTIVE_ARCH = YES;
				SDKROOT = iphoneos;
			};
			name = Debug;
		};
		DFE153801AB922E600138E0B /* Release */ = {
			isa = XCBuildConfiguration;
			buildSettings = {
				ALWAYS_SEARCH_USER_PATHS = NO;
				CLANG_CXX_LANGUAGE_STANDARD = "gnu++0x";
				CLANG_CXX_LIBRARY = "libc++";
				CLANG_ENABLE_MODULES = YES;
				CLANG_ENABLE_OBJC_ARC = YES;
				CLANG_WARN_BOOL_CONVERSION = YES;
				CLANG_WARN_CONSTANT_CONVERSION = YES;
				CLANG_WARN_DIRECT_OBJC_ISA_USAGE = YES_ERROR;
				CLANG_WARN_EMPTY_BODY = YES;
				CLANG_WARN_ENUM_CONVERSION = YES;
				CLANG_WARN_INT_CONVERSION = YES;
				CLANG_WARN_OBJC_ROOT_CLASS = YES_ERROR;
				CLANG_WARN_UNREACHABLE_CODE = YES;
				CLANG_WARN__DUPLICATE_METHOD_MATCH = YES;
				"CODE_SIGN_IDENTITY[sdk=iphoneos*]" = "iPhone Developer";
				COPY_PHASE_STRIP = YES;
				ENABLE_NS_ASSERTIONS = NO;
				ENABLE_STRICT_OBJC_MSGSEND = YES;
				GCC_C_LANGUAGE_STANDARD = gnu99;
				GCC_WARN_64_TO_32_BIT_CONVERSION = YES;
				GCC_WARN_ABOUT_RETURN_TYPE = YES_ERROR;
				GCC_WARN_UNDECLARED_SELECTOR = YES;
				GCC_WARN_UNINITIALIZED_AUTOS = YES_AGGRESSIVE;
				GCC_WARN_UNUSED_FUNCTION = YES;
				GCC_WARN_UNUSED_VARIABLE = YES;
				IPHONEOS_DEPLOYMENT_TARGET = 8.1;
				MTL_ENABLE_DEBUG_INFO = NO;
				SDKROOT = iphoneos;
				VALIDATE_PRODUCT = YES;
			};
			name = Release;
		};
		DFE153821AB922E600138E0B /* Debug */ = {
			isa = XCBuildConfiguration;
			buildSettings = {
				ASSETCATALOG_COMPILER_APPICON_NAME = AppIcon;
				INFOPLIST_FILE = GithubFriends/Info.plist;
				LD_RUNPATH_SEARCH_PATHS = "$(inherited) @executable_path/Frameworks";
				PRODUCT_NAME = "$(TARGET_NAME)";
			};
			name = Debug;
		};
		DFE153831AB922E600138E0B /* Release */ = {
			isa = XCBuildConfiguration;
			buildSettings = {
				ASSETCATALOG_COMPILER_APPICON_NAME = AppIcon;
				INFOPLIST_FILE = GithubFriends/Info.plist;
				LD_RUNPATH_SEARCH_PATHS = "$(inherited) @executable_path/Frameworks";
				PRODUCT_NAME = "$(TARGET_NAME)";
			};
			name = Release;
		};
		DFE153851AB922E600138E0B /* Debug */ = {
			isa = XCBuildConfiguration;
			buildSettings = {
				BUNDLE_LOADER = "$(TEST_HOST)";
				FRAMEWORK_SEARCH_PATHS = (
					"$(SDKROOT)/Developer/Library/Frameworks",
					"$(inherited)",
				);
				GCC_PREPROCESSOR_DEFINITIONS = (
					"DEBUG=1",
					"$(inherited)",
				);
				INFOPLIST_FILE = GithubFriendsTests/Info.plist;
				LD_RUNPATH_SEARCH_PATHS = "$(inherited) @executable_path/Frameworks @loader_path/Frameworks";
				PRODUCT_NAME = "$(TARGET_NAME)";
				TEST_HOST = "$(BUILT_PRODUCTS_DIR)/GithubFriends.app/GithubFriends";
			};
			name = Debug;
		};
		DFE153861AB922E600138E0B /* Release */ = {
			isa = XCBuildConfiguration;
			buildSettings = {
				BUNDLE_LOADER = "$(TEST_HOST)";
				FRAMEWORK_SEARCH_PATHS = (
					"$(SDKROOT)/Developer/Library/Frameworks",
					"$(inherited)",
				);
				INFOPLIST_FILE = GithubFriendsTests/Info.plist;
				LD_RUNPATH_SEARCH_PATHS = "$(inherited) @executable_path/Frameworks @loader_path/Frameworks";
				PRODUCT_NAME = "$(TARGET_NAME)";
				TEST_HOST = "$(BUILT_PRODUCTS_DIR)/GithubFriends.app/GithubFriends";
			};
			name = Release;
		};
/* End XCBuildConfiguration section */

/* Begin XCConfigurationList section */
		DFE153591AB922E600138E0B /* Build configuration list for PBXProject "GithubFriends" */ = {
			isa = XCConfigurationList;
			buildConfigurations = (
				DFE1537F1AB922E600138E0B /* Debug */,
				DFE153801AB922E600138E0B /* Release */,
			);
			defaultConfigurationIsVisible = 0;
			defaultConfigurationName = Release;
		};
		DFE153811AB922E600138E0B /* Build configuration list for PBXNativeTarget "GithubFriends" */ = {
			isa = XCConfigurationList;
			buildConfigurations = (
				DFE153821AB922E600138E0B /* Debug */,
				DFE153831AB922E600138E0B /* Release */,
			);
			defaultConfigurationIsVisible = 0;
		};
		DFE153841AB922E600138E0B /* Build configuration list for PBXNativeTarget "GithubFriendsTests" */ = {
			isa = XCConfigurationList;
			buildConfigurations = (
				DFE153851AB922E600138E0B /* Debug */,
				DFE153861AB922E600138E0B /* Release */,
			);
			defaultConfigurationIsVisible = 0;
		};
/* End XCConfigurationList section */
	};
	rootObject = DFE153561AB922E600138E0B /* Project object */;
}
