// !$*UTF8*$!
{
	archiveVersion = 1;
	classes = {
	};
	objectVersion = 46;
	objects = {

/* Begin PBXBuildFile section */
		DFE9092A1BE106CE0066B1EA /* AppDelegate.swift in Sources */ = {isa = PBXBuildFile; fileRef = DFE909291BE106CE0066B1EA /* AppDelegate.swift */; };
		DFE9092C1BE106CE0066B1EA /* MapViewController.swift in Sources */ = {isa = PBXBuildFile; fileRef = DFE9092B1BE106CE0066B1EA /* MapViewController.swift */; };
		DFE9092F1BE106CE0066B1EA /* Main.storyboard in Resources */ = {isa = PBXBuildFile; fileRef = DFE9092D1BE106CE0066B1EA /* Main.storyboard */; };
		DFE909311BE106CE0066B1EA /* Assets.xcassets in Resources */ = {isa = PBXBuildFile; fileRef = DFE909301BE106CE0066B1EA /* Assets.xcassets */; };
		DFE909341BE106CE0066B1EA /* LaunchScreen.storyboard in Resources */ = {isa = PBXBuildFile; fileRef = DFE909321BE106CE0066B1EA /* LaunchScreen.storyboard */; };
/* End PBXBuildFile section */

/* Begin PBXFileReference section */
		DFE909261BE106CE0066B1EA /* MuttCutts.app */ = {isa = PBXFileReference; explicitFileType = wrapper.application; includeInIndex = 0; path = MuttCutts.app; sourceTree = BUILT_PRODUCTS_DIR; };
		DFE909291BE106CE0066B1EA /* AppDelegate.swift */ = {isa = PBXFileReference; lastKnownFileType = sourcecode.swift; path = AppDelegate.swift; sourceTree = "<group>"; };
		DFE9092B1BE106CE0066B1EA /* MapViewController.swift */ = {isa = PBXFileReference; lastKnownFileType = sourcecode.swift; path = MapViewController.swift; sourceTree = "<group>"; };
		DFE9092E1BE106CE0066B1EA /* Base */ = {isa = PBXFileReference; lastKnownFileType = file.storyboard; name = Base; path = Base.lproj/Main.storyboard; sourceTree = "<group>"; };
		DFE909301BE106CE0066B1EA /* Assets.xcassets */ = {isa = PBXFileReference; lastKnownFileType = folder.assetcatalog; path = Assets.xcassets; sourceTree = "<group>"; };
		DFE909331BE106CE0066B1EA /* Base */ = {isa = PBXFileReference; lastKnownFileType = file.storyboard; name = Base; path = Base.lproj/LaunchScreen.storyboard; sourceTree = "<group>"; };
		DFE909351BE106CE0066B1EA /* Info.plist */ = {isa = PBXFileReference; lastKnownFileType = text.plist.xml; path = Info.plist; sourceTree = "<group>"; };
/* End PBXFileReference section */

/* Begin PBXFrameworksBuildPhase section */
		DFE909231BE106CE0066B1EA /* Frameworks */ = {
			isa = PBXFrameworksBuildPhase;
			buildActionMask = 2147483647;
			files = (
			);
			runOnlyForDeploymentPostprocessing = 0;
		};
/* End PBXFrameworksBuildPhase section */

/* Begin PBXGroup section */
		DFE9091D1BE106CE0066B1EA = {
			isa = PBXGroup;
			children = (
				DFE909281BE106CE0066B1EA /* MuttCutts */,
				DFE909271BE106CE0066B1EA /* Products */,
			);
			sourceTree = "<group>";
		};
		DFE909271BE106CE0066B1EA /* Products */ = {
			isa = PBXGroup;
			children = (
				DFE909261BE106CE0066B1EA /* MuttCutts.app */,
			);
			name = Products;
			sourceTree = "<group>";
		};
		DFE909281BE106CE0066B1EA /* MuttCutts */ = {
			isa = PBXGroup;
			children = (
				DFE909291BE106CE0066B1EA /* AppDelegate.swift */,
				DFE9092B1BE106CE0066B1EA /* MapViewController.swift */,
				DFE9092D1BE106CE0066B1EA /* Main.storyboard */,
				DFE909301BE106CE0066B1EA /* Assets.xcassets */,
				DFE909321BE106CE0066B1EA /* LaunchScreen.storyboard */,
				DFE909351BE106CE0066B1EA /* Info.plist */,
			);
			path = MuttCutts;
			sourceTree = "<group>";
		};
/* End PBXGroup section */

/* Begin PBXNativeTarget section */
		DFE909251BE106CE0066B1EA /* MuttCutts */ = {
			isa = PBXNativeTarget;
			buildConfigurationList = DFE909381BE106CE0066B1EA /* Build configuration list for PBXNativeTarget "MuttCutts" */;
			buildPhases = (
				DFE909221BE106CE0066B1EA /* Sources */,
				DFE909231BE106CE0066B1EA /* Frameworks */,
				DFE909241BE106CE0066B1EA /* Resources */,
			);
			buildRules = (
			);
			dependencies = (
			);
			name = MuttCutts;
			productName = MuttCutts;
			productReference = DFE909261BE106CE0066B1EA /* MuttCutts.app */;
			productType = "com.apple.product-type.application";
		};
/* End PBXNativeTarget section */

/* Begin PBXProject section */
		DFE9091E1BE106CE0066B1EA /* Project object */ = {
			isa = PBXProject;
			attributes = {
				LastSwiftUpdateCheck = 0710;
				LastUpgradeCheck = 0710;
				ORGANIZATIONNAME = "The Iron Yard";
				TargetAttributes = {
					DFE909251BE106CE0066B1EA = {
						CreatedOnToolsVersion = 7.1;
					};
				};
			};
			buildConfigurationList = DFE909211BE106CE0066B1EA /* Build configuration list for PBXProject "MuttCutts" */;
			compatibilityVersion = "Xcode 3.2";
			developmentRegion = English;
			hasScannedForEncodings = 0;
			knownRegions = (
				en,
				Base,
			);
			mainGroup = DFE9091D1BE106CE0066B1EA;
			productRefGroup = DFE909271BE106CE0066B1EA /* Products */;
			projectDirPath = "";
			projectRoot = "";
			targets = (
				DFE909251BE106CE0066B1EA /* MuttCutts */,
			);
		};
/* End PBXProject section */

/* Begin PBXResourcesBuildPhase section */
		DFE909241BE106CE0066B1EA /* Resources */ = {
			isa = PBXResourcesBuildPhase;
			buildActionMask = 2147483647;
			files = (
				DFE909341BE106CE0066B1EA /* LaunchScreen.storyboard in Resources */,
				DFE909311BE106CE0066B1EA /* Assets.xcassets in Resources */,
				DFE9092F1BE106CE0066B1EA /* Main.storyboard in Resources */,
			);
			runOnlyForDeploymentPostprocessing = 0;
		};
/* End PBXResourcesBuildPhase section */

/* Begin PBXSourcesBuildPhase section */
		DFE909221BE106CE0066B1EA /* Sources */ = {
			isa = PBXSourcesBuildPhase;
			buildActionMask = 2147483647;
			files = (
				DFE9092C1BE106CE0066B1EA /* MapViewController.swift in Sources */,
				DFE9092A1BE106CE0066B1EA /* AppDelegate.swift in Sources */,
			);
			runOnlyForDeploymentPostprocessing = 0;
		};
/* End PBXSourcesBuildPhase section */

/* Begin PBXVariantGroup section */
		DFE9092D1BE106CE0066B1EA /* Main.storyboard */ = {
			isa = PBXVariantGroup;
			children = (
				DFE9092E1BE106CE0066B1EA /* Base */,
			);
			name = Main.storyboard;
			sourceTree = "<group>";
		};
		DFE909321BE106CE0066B1EA /* LaunchScreen.storyboard */ = {
			isa = PBXVariantGroup;
			children = (
				DFE909331BE106CE0066B1EA /* Base */,
			);
			name = LaunchScreen.storyboard;
			sourceTree = "<group>";
		};
/* End PBXVariantGroup section */

/* Begin XCBuildConfiguration section */
		DFE909361BE106CE0066B1EA /* Debug */ = {
			isa = XCBuildConfiguration;
			buildSettings = {
				ALWAYS_SEARCH_USER_PATHS = NO;
				CLANG_CXX_LANGUAGE_STANDARD = "gnu++0x";
				CLANG_CXX_LIBRARY = "libc++";
				CLANG_ENABLE_MODULES = YES;
				CLANG_ENABLE_OBJC_ARC = YES;
				CLANG_WARN_BOOL_CONVERSION = YES;
				CLANG_WARN_CONSTANT_CONVERSION = YES;
				CLANG_WARN_DIRECT_OBJC_ISA_USAGE = YES_ERROR;
				CLANG_WARN_EMPTY_BODY = YES;
				CLANG_WARN_ENUM_CONVERSION = YES;
				CLANG_WARN_INT_CONVERSION = YES;
				CLANG_WARN_OBJC_ROOT_CLASS = YES_ERROR;
				CLANG_WARN_UNREACHABLE_CODE = YES;
				CLANG_WARN__DUPLICATE_METHOD_MATCH = YES;
				"CODE_SIGN_IDENTITY[sdk=iphoneos*]" = "iPhone Developer";
				COPY_PHASE_STRIP = NO;
				DEBUG_INFORMATION_FORMAT = dwarf;
				ENABLE_STRICT_OBJC_MSGSEND = YES;
				ENABLE_TESTABILITY = YES;
				GCC_C_LANGUAGE_STANDARD = gnu99;
				GCC_DYNAMIC_NO_PIC = NO;
				GCC_NO_COMMON_BLOCKS = YES;
				GCC_OPTIMIZATION_LEVEL = 0;
				GCC_PREPROCESSOR_DEFINITIONS = (
					"DEBUG=1",
					"$(inherited)",
				);
				GCC_WARN_64_TO_32_BIT_CONVERSION = YES;
				GCC_WARN_ABOUT_RETURN_TYPE = YES_ERROR;
				GCC_WARN_UNDECLARED_SELECTOR = YES;
				GCC_WARN_UNINITIALIZED_AUTOS = YES_AGGRESSIVE;
				GCC_WARN_UNUSED_FUNCTION = YES;
				GCC_WARN_UNUSED_VARIABLE = YES;
				IPHONEOS_DEPLOYMENT_TARGET = 9.1;
				MTL_ENABLE_DEBUG_INFO = YES;
				ONLY_ACTIVE_ARCH = YES;
				SDKROOT = iphoneos;
				SWIFT_OPTIMIZATION_LEVEL = "-Onone";
				TARGETED_DEVICE_FAMILY = "1,2";
			};
			name = Debug;
		};
		DFE909371BE106CE0066B1EA /* Release */ = {
			isa = XCBuildConfiguration;
			buildSettings = {
				ALWAYS_SEARCH_USER_PATHS = NO;
				CLANG_CXX_LANGUAGE_STANDARD = "gnu++0x";
				CLANG_CXX_LIBRARY = "libc++";
				CLANG_ENABLE_MODULES = YES;
				CLANG_ENABLE_OBJC_ARC = YES;
				CLANG_WARN_BOOL_CONVERSION = YES;
				CLANG_WARN_CONSTANT_CONVERSION = YES;
				CLANG_WARN_DIRECT_OBJC_ISA_USAGE = YES_ERROR;
				CLANG_WARN_EMPTY_BODY = YES;
				CLANG_WARN_ENUM_CONVERSION = YES;
				CLANG_WARN_INT_CONVERSION = YES;
				CLANG_WARN_OBJC_ROOT_CLASS = YES_ERROR;
				CLANG_WARN_UNREACHABLE_CODE = YES;
				CLANG_WARN__DUPLICATE_METHOD_MATCH = YES;
				"CODE_SIGN_IDENTITY[sdk=iphoneos*]" = "iPhone Developer";
				COPY_PHASE_STRIP = NO;
				DEBUG_INFORMATION_FORMAT = "dwarf-with-dsym";
				ENABLE_NS_ASSERTIONS = NO;
				ENABLE_STRICT_OBJC_MSGSEND = YES;
				GCC_C_LANGUAGE_STANDARD = gnu99;
				GCC_NO_COMMON_BLOCKS = YES;
				GCC_WARN_64_TO_32_BIT_CONVERSION = YES;
				GCC_WARN_ABOUT_RETURN_TYPE = YES_ERROR;
				GCC_WARN_UNDECLARED_SELECTOR = YES;
				GCC_WARN_UNINITIALIZED_AUTOS = YES_AGGRESSIVE;
				GCC_WARN_UNUSED_FUNCTION = YES;
				GCC_WARN_UNUSED_VARIABLE = YES;
				IPHONEOS_DEPLOYMENT_TARGET = 9.1;
				MTL_ENABLE_DEBUG_INFO = NO;
				SDKROOT = iphoneos;
				TARGETED_DEVICE_FAMILY = "1,2";
				VALIDATE_PRODUCT = YES;
			};
			name = Release;
		};
		DFE909391BE106CE0066B1EA /* Debug */ = {
			isa = XCBuildConfiguration;
			buildSettings = {
				ASSETCATALOG_COMPILER_APPICON_NAME = AppIcon;
				INFOPLIST_FILE = MuttCutts/Info.plist;
				LD_RUNPATH_SEARCH_PATHS = "$(inherited) @executable_path/Frameworks";
				PRODUCT_BUNDLE_IDENTIFIER = com.tiy.MuttCutts;
				PRODUCT_NAME = "$(TARGET_NAME)";
			};
			name = Debug;
		};
		DFE9093A1BE106CE0066B1EA /* Release */ = {
			isa = XCBuildConfiguration;
			buildSettings = {
				ASSETCATALOG_COMPILER_APPICON_NAME = AppIcon;
				INFOPLIST_FILE = MuttCutts/Info.plist;
				LD_RUNPATH_SEARCH_PATHS = "$(inherited) @executable_path/Frameworks";
				PRODUCT_BUNDLE_IDENTIFIER = com.tiy.MuttCutts;
				PRODUCT_NAME = "$(TARGET_NAME)";
			};
			name = Release;
		};
/* End XCBuildConfiguration section */

/* Begin XCConfigurationList section */
		DFE909211BE106CE0066B1EA /* Build configuration list for PBXProject "MuttCutts" */ = {
			isa = XCConfigurationList;
			buildConfigurations = (
				DFE909361BE106CE0066B1EA /* Debug */,
				DFE909371BE106CE0066B1EA /* Release */,
			);
			defaultConfigurationIsVisible = 0;
			defaultConfigurationName = Release;
		};
		DFE909381BE106CE0066B1EA /* Build configuration list for PBXNativeTarget "MuttCutts" */ = {
			isa = XCConfigurationList;
			buildConfigurations = (
				DFE909391BE106CE0066B1EA /* Debug */,
				DFE9093A1BE106CE0066B1EA /* Release */,
			);
			defaultConfigurationIsVisible = 0;
		};
/* End XCConfigurationList section */
	};
	rootObject = DFE9091E1BE106CE0066B1EA /* Project object */;
}
