// !$*UTF8*$!
{
	archiveVersion = 1;
	classes = {
	};
	objectVersion = 46;
	objects = {

/* Begin PBXBuildFile section */
		DFB099EB1C0359A4008B2BE7 /* AppDelegate.swift in Sources */ = {isa = PBXBuildFile; fileRef = DFB099EA1C0359A4008B2BE7 /* AppDelegate.swift */; };
		DFB099EF1C0359A4008B2BE7 /* GameScene.swift in Sources */ = {isa = PBXBuildFile; fileRef = DFB099EE1C0359A4008B2BE7 /* GameScene.swift */; };
		DFB099F11C0359A4008B2BE7 /* GameViewController.swift in Sources */ = {isa = PBXBuildFile; fileRef = DFB099F01C0359A4008B2BE7 /* GameViewController.swift */; };
		DFB099F41C0359A4008B2BE7 /* Main.storyboard in Resources */ = {isa = PBXBuildFile; fileRef = DFB099F21C0359A4008B2BE7 /* Main.storyboard */; };
		DFB099F61C0359A4008B2BE7 /* Assets.xcassets in Resources */ = {isa = PBXBuildFile; fileRef = DFB099F51C0359A4008B2BE7 /* Assets.xcassets */; };
		DFB099F91C0359A4008B2BE7 /* LaunchScreen.storyboard in Resources */ = {isa = PBXBuildFile; fileRef = DFB099F71C0359A4008B2BE7 /* LaunchScreen.storyboard */; };
		DFB09A141C035CA7008B2BE7 /* AssetLicensingNotes.txt in Resources */ = {isa = PBXBuildFile; fileRef = DFB09A011C035CA7008B2BE7 /* AssetLicensingNotes.txt */; };
		DFB09A151C035CA7008B2BE7 /* InvaderA_00.png in Resources */ = {isa = PBXBuildFile; fileRef = DFB09A021C035CA7008B2BE7 /* InvaderA_00.png */; };
		DFB09A161C035CA7008B2BE7 /* InvaderA_00@2x.png in Resources */ = {isa = PBXBuildFile; fileRef = DFB09A031C035CA7008B2BE7 /* InvaderA_00@2x.png */; };
		DFB09A171C035CA7008B2BE7 /* InvaderA_01.png in Resources */ = {isa = PBXBuildFile; fileRef = DFB09A041C035CA7008B2BE7 /* InvaderA_01.png */; };
		DFB09A181C035CA7008B2BE7 /* InvaderA_01@2x.png in Resources */ = {isa = PBXBuildFile; fileRef = DFB09A051C035CA7008B2BE7 /* InvaderA_01@2x.png */; };
		DFB09A191C035CA7008B2BE7 /* InvaderB_00.png in Resources */ = {isa = PBXBuildFile; fileRef = DFB09A061C035CA7008B2BE7 /* InvaderB_00.png */; };
		DFB09A1A1C035CA7008B2BE7 /* InvaderB_00@2x.png in Resources */ = {isa = PBXBuildFile; fileRef = DFB09A071C035CA7008B2BE7 /* InvaderB_00@2x.png */; };
		DFB09A1B1C035CA7008B2BE7 /* InvaderB_01.png in Resources */ = {isa = PBXBuildFile; fileRef = DFB09A081C035CA7008B2BE7 /* InvaderB_01.png */; };
		DFB09A1C1C035CA7008B2BE7 /* InvaderB_01@2x.png in Resources */ = {isa = PBXBuildFile; fileRef = DFB09A091C035CA7008B2BE7 /* InvaderB_01@2x.png */; };
		DFB09A1D1C035CA7008B2BE7 /* InvaderBullet.wav in Resources */ = {isa = PBXBuildFile; fileRef = DFB09A0A1C035CA7008B2BE7 /* InvaderBullet.wav */; };
		DFB09A1E1C035CA7008B2BE7 /* InvaderC_00.png in Resources */ = {isa = PBXBuildFile; fileRef = DFB09A0B1C035CA7008B2BE7 /* InvaderC_00.png */; };
		DFB09A1F1C035CA7008B2BE7 /* InvaderC_00@2x.png in Resources */ = {isa = PBXBuildFile; fileRef = DFB09A0C1C035CA7008B2BE7 /* InvaderC_00@2x.png */; };
		DFB09A201C035CA7008B2BE7 /* InvaderC_01.png in Resources */ = {isa = PBXBuildFile; fileRef = DFB09A0D1C035CA7008B2BE7 /* InvaderC_01.png */; };
		DFB09A211C035CA7008B2BE7 /* InvaderC_01@2x.png in Resources */ = {isa = PBXBuildFile; fileRef = DFB09A0E1C035CA7008B2BE7 /* InvaderC_01@2x.png */; };
		DFB09A221C035CA7008B2BE7 /* InvaderHit.wav in Resources */ = {isa = PBXBuildFile; fileRef = DFB09A0F1C035CA7008B2BE7 /* InvaderHit.wav */; };
		DFB09A231C035CA7008B2BE7 /* Ship.png in Resources */ = {isa = PBXBuildFile; fileRef = DFB09A101C035CA7008B2BE7 /* Ship.png */; };
		DFB09A241C035CA7008B2BE7 /* Ship@2x.png in Resources */ = {isa = PBXBuildFile; fileRef = DFB09A111C035CA7008B2BE7 /* Ship@2x.png */; };
		DFB09A251C035CA7008B2BE7 /* ShipBullet.wav in Resources */ = {isa = PBXBuildFile; fileRef = DFB09A121C035CA7008B2BE7 /* ShipBullet.wav */; };
		DFB09A261C035CA7008B2BE7 /* ShipHit.wav in Resources */ = {isa = PBXBuildFile; fileRef = DFB09A131C035CA7008B2BE7 /* ShipHit.wav */; };
/* End PBXBuildFile section */

/* Begin PBXFileReference section */
		DFB099E71C0359A4008B2BE7 /* SpaceInvaders.app */ = {isa = PBXFileReference; explicitFileType = wrapper.application; includeInIndex = 0; path = SpaceInvaders.app; sourceTree = BUILT_PRODUCTS_DIR; };
		DFB099EA1C0359A4008B2BE7 /* AppDelegate.swift */ = {isa = PBXFileReference; lastKnownFileType = sourcecode.swift; path = AppDelegate.swift; sourceTree = "<group>"; };
		DFB099EE1C0359A4008B2BE7 /* GameScene.swift */ = {isa = PBXFileReference; lastKnownFileType = sourcecode.swift; path = GameScene.swift; sourceTree = "<group>"; };
		DFB099F01C0359A4008B2BE7 /* GameViewController.swift */ = {isa = PBXFileReference; lastKnownFileType = sourcecode.swift; path = GameViewController.swift; sourceTree = "<group>"; };
		DFB099F31C0359A4008B2BE7 /* Base */ = {isa = PBXFileReference; lastKnownFileType = file.storyboard; name = Base; path = Base.lproj/Main.storyboard; sourceTree = "<group>"; };
		DFB099F51C0359A4008B2BE7 /* Assets.xcassets */ = {isa = PBXFileReference; lastKnownFileType = folder.assetcatalog; path = Assets.xcassets; sourceTree = "<group>"; };
		DFB099F81C0359A4008B2BE7 /* Base */ = {isa = PBXFileReference; lastKnownFileType = file.storyboard; name = Base; path = Base.lproj/LaunchScreen.storyboard; sourceTree = "<group>"; };
		DFB099FA1C0359A4008B2BE7 /* Info.plist */ = {isa = PBXFileReference; lastKnownFileType = text.plist.xml; path = Info.plist; sourceTree = "<group>"; };
		DFB09A011C035CA7008B2BE7 /* AssetLicensingNotes.txt */ = {isa = PBXFileReference; fileEncoding = 4; lastKnownFileType = text; path = AssetLicensingNotes.txt; sourceTree = "<group>"; };
		DFB09A021C035CA7008B2BE7 /* InvaderA_00.png */ = {isa = PBXFileReference; lastKnownFileType = image.png; path = InvaderA_00.png; sourceTree = "<group>"; };
		DFB09A031C035CA7008B2BE7 /* InvaderA_00@2x.png */ = {isa = PBXFileReference; lastKnownFileType = image.png; path = "InvaderA_00@2x.png"; sourceTree = "<group>"; };
		DFB09A041C035CA7008B2BE7 /* InvaderA_01.png */ = {isa = PBXFileReference; lastKnownFileType = image.png; path = InvaderA_01.png; sourceTree = "<group>"; };
		DFB09A051C035CA7008B2BE7 /* InvaderA_01@2x.png */ = {isa = PBXFileReference; lastKnownFileType = image.png; path = "InvaderA_01@2x.png"; sourceTree = "<group>"; };
		DFB09A061C035CA7008B2BE7 /* InvaderB_00.png */ = {isa = PBXFileReference; lastKnownFileType = image.png; path = InvaderB_00.png; sourceTree = "<group>"; };
		DFB09A071C035CA7008B2BE7 /* InvaderB_00@2x.png */ = {isa = PBXFileReference; lastKnownFileType = image.png; path = "InvaderB_00@2x.png"; sourceTree = "<group>"; };
		DFB09A081C035CA7008B2BE7 /* InvaderB_01.png */ = {isa = PBXFileReference; lastKnownFileType = image.png; path = InvaderB_01.png; sourceTree = "<group>"; };
		DFB09A091C035CA7008B2BE7 /* InvaderB_01@2x.png */ = {isa = PBXFileReference; lastKnownFileType = image.png; path = "InvaderB_01@2x.png"; sourceTree = "<group>"; };
		DFB09A0A1C035CA7008B2BE7 /* InvaderBullet.wav */ = {isa = PBXFileReference; lastKnownFileType = audio.wav; path = InvaderBullet.wav; sourceTree = "<group>"; };
		DFB09A0B1C035CA7008B2BE7 /* InvaderC_00.png */ = {isa = PBXFileReference; lastKnownFileType = image.png; path = InvaderC_00.png; sourceTree = "<group>"; };
		DFB09A0C1C035CA7008B2BE7 /* InvaderC_00@2x.png */ = {isa = PBXFileReference; lastKnownFileType = image.png; path = "InvaderC_00@2x.png"; sourceTree = "<group>"; };
		DFB09A0D1C035CA7008B2BE7 /* InvaderC_01.png */ = {isa = PBXFileReference; lastKnownFileType = image.png; path = InvaderC_01.png; sourceTree = "<group>"; };
		DFB09A0E1C035CA7008B2BE7 /* InvaderC_01@2x.png */ = {isa = PBXFileReference; lastKnownFileType = image.png; path = "InvaderC_01@2x.png"; sourceTree = "<group>"; };
		DFB09A0F1C035CA7008B2BE7 /* InvaderHit.wav */ = {isa = PBXFileReference; lastKnownFileType = audio.wav; path = InvaderHit.wav; sourceTree = "<group>"; };
		DFB09A101C035CA7008B2BE7 /* Ship.png */ = {isa = PBXFileReference; lastKnownFileType = image.png; path = Ship.png; sourceTree = "<group>"; };
		DFB09A111C035CA7008B2BE7 /* Ship@2x.png */ = {isa = PBXFileReference; lastKnownFileType = image.png; path = "Ship@2x.png"; sourceTree = "<group>"; };
		DFB09A121C035CA7008B2BE7 /* ShipBullet.wav */ = {isa = PBXFileReference; lastKnownFileType = audio.wav; path = ShipBullet.wav; sourceTree = "<group>"; };
		DFB09A131C035CA7008B2BE7 /* ShipHit.wav */ = {isa = PBXFileReference; lastKnownFileType = audio.wav; path = ShipHit.wav; sourceTree = "<group>"; };
/* End PBXFileReference section */

/* Begin PBXFrameworksBuildPhase section */
		DFB099E41C0359A4008B2BE7 /* Frameworks */ = {
			isa = PBXFrameworksBuildPhase;
			buildActionMask = 2147483647;
			files = (
			);
			runOnlyForDeploymentPostprocessing = 0;
		};
/* End PBXFrameworksBuildPhase section */

/* Begin PBXGroup section */
		DFB099DE1C0359A4008B2BE7 = {
			isa = PBXGroup;
			children = (
				DFB099E91C0359A4008B2BE7 /* SKInvaders */,
				DFB099E81C0359A4008B2BE7 /* Products */,
			);
			sourceTree = "<group>";
		};
		DFB099E81C0359A4008B2BE7 /* Products */ = {
			isa = PBXGroup;
			children = (
				DFB099E71C0359A4008B2BE7 /* SpaceInvaders.app */,
			);
			name = Products;
			sourceTree = "<group>";
		};
		DFB099E91C0359A4008B2BE7 /* SKInvaders */ = {
			isa = PBXGroup;
			children = (
				DFB09A001C035CA7008B2BE7 /* Assets */,
				DFB099EA1C0359A4008B2BE7 /* AppDelegate.swift */,
				DFB099EE1C0359A4008B2BE7 /* GameScene.swift */,
				DFB099F01C0359A4008B2BE7 /* GameViewController.swift */,
				DFB099F21C0359A4008B2BE7 /* Main.storyboard */,
				DFB099F51C0359A4008B2BE7 /* Assets.xcassets */,
				DFB099F71C0359A4008B2BE7 /* LaunchScreen.storyboard */,
				DFB099FA1C0359A4008B2BE7 /* Info.plist */,
			);
			path = SKInvaders;
			sourceTree = "<group>";
		};
		DFB09A001C035CA7008B2BE7 /* Assets */ = {
			isa = PBXGroup;
			children = (
				DFB09A011C035CA7008B2BE7 /* AssetLicensingNotes.txt */,
				DFB09A021C035CA7008B2BE7 /* InvaderA_00.png */,
				DFB09A031C035CA7008B2BE7 /* InvaderA_00@2x.png */,
				DFB09A041C035CA7008B2BE7 /* InvaderA_01.png */,
				DFB09A051C035CA7008B2BE7 /* InvaderA_01@2x.png */,
				DFB09A061C035CA7008B2BE7 /* InvaderB_00.png */,
				DFB09A071C035CA7008B2BE7 /* InvaderB_00@2x.png */,
				DFB09A081C035CA7008B2BE7 /* InvaderB_01.png */,
				DFB09A091C035CA7008B2BE7 /* InvaderB_01@2x.png */,
				DFB09A0A1C035CA7008B2BE7 /* InvaderBullet.wav */,
				DFB09A0B1C035CA7008B2BE7 /* InvaderC_00.png */,
				DFB09A0C1C035CA7008B2BE7 /* InvaderC_00@2x.png */,
				DFB09A0D1C035CA7008B2BE7 /* InvaderC_01.png */,
				DFB09A0E1C035CA7008B2BE7 /* InvaderC_01@2x.png */,
				DFB09A0F1C035CA7008B2BE7 /* InvaderHit.wav */,
				DFB09A101C035CA7008B2BE7 /* Ship.png */,
				DFB09A111C035CA7008B2BE7 /* Ship@2x.png */,
				DFB09A121C035CA7008B2BE7 /* ShipBullet.wav */,
				DFB09A131C035CA7008B2BE7 /* ShipHit.wav */,
			);
			path = Assets;
			sourceTree = "<group>";
		};
/* End PBXGroup section */

/* Begin PBXNativeTarget section */
		DFB099E61C0359A4008B2BE7 /* SpaceInvaders */ = {
			isa = PBXNativeTarget;
			buildConfigurationList = DFB099FD1C0359A4008B2BE7 /* Build configuration list for PBXNativeTarget "SpaceInvaders" */;
			buildPhases = (
				DFB099E31C0359A4008B2BE7 /* Sources */,
				DFB099E41C0359A4008B2BE7 /* Frameworks */,
				DFB099E51C0359A4008B2BE7 /* Resources */,
			);
			buildRules = (
			);
			dependencies = (
			);
			name = SpaceInvaders;
			productName = SKInvaders;
			productReference = DFB099E71C0359A4008B2BE7 /* SpaceInvaders.app */;
			productType = "com.apple.product-type.application";
		};
/* End PBXNativeTarget section */

/* Begin PBXProject section */
		DFB099DF1C0359A4008B2BE7 /* Project object */ = {
			isa = PBXProject;
			attributes = {
				LastSwiftUpdateCheck = 0710;
				LastUpgradeCheck = 0710;
				ORGANIZATIONNAME = "The Iron Yard";
				TargetAttributes = {
					DFB099E61C0359A4008B2BE7 = {
						CreatedOnToolsVersion = 7.1.1;
					};
				};
			};
			buildConfigurationList = DFB099E21C0359A4008B2BE7 /* Build configuration list for PBXProject "SpaceInvaders" */;
			compatibilityVersion = "Xcode 3.2";
			developmentRegion = English;
			hasScannedForEncodings = 0;
			knownRegions = (
				en,
				Base,
			);
			mainGroup = DFB099DE1C0359A4008B2BE7;
			productRefGroup = DFB099E81C0359A4008B2BE7 /* Products */;
			projectDirPath = "";
			projectRoot = "";
			targets = (
				DFB099E61C0359A4008B2BE7 /* SpaceInvaders */,
			);
		};
/* End PBXProject section */

/* Begin PBXResourcesBuildPhase section */
		DFB099E51C0359A4008B2BE7 /* Resources */ = {
			isa = PBXResourcesBuildPhase;
			buildActionMask = 2147483647;
			files = (
				DFB09A221C035CA7008B2BE7 /* InvaderHit.wav in Resources */,
				DFB09A211C035CA7008B2BE7 /* InvaderC_01@2x.png in Resources */,
				DFB09A161C035CA7008B2BE7 /* InvaderA_00@2x.png in Resources */,
				DFB09A1A1C035CA7008B2BE7 /* InvaderB_00@2x.png in Resources */,
				DFB09A191C035CA7008B2BE7 /* InvaderB_00.png in Resources */,
				DFB09A181C035CA7008B2BE7 /* InvaderA_01@2x.png in Resources */,
				DFB09A231C035CA7008B2BE7 /* Ship.png in Resources */,
				DFB099F91C0359A4008B2BE7 /* LaunchScreen.storyboard in Resources */,
				DFB09A1D1C035CA7008B2BE7 /* InvaderBullet.wav in Resources */,
				DFB099F61C0359A4008B2BE7 /* Assets.xcassets in Resources */,
				DFB09A171C035CA7008B2BE7 /* InvaderA_01.png in Resources */,
				DFB09A141C035CA7008B2BE7 /* AssetLicensingNotes.txt in Resources */,
				DFB09A1F1C035CA7008B2BE7 /* InvaderC_00@2x.png in Resources */,
				DFB09A241C035CA7008B2BE7 /* Ship@2x.png in Resources */,
				DFB09A1E1C035CA7008B2BE7 /* InvaderC_00.png in Resources */,
				DFB09A251C035CA7008B2BE7 /* ShipBullet.wav in Resources */,
				DFB09A261C035CA7008B2BE7 /* ShipHit.wav in Resources */,
				DFB09A1B1C035CA7008B2BE7 /* InvaderB_01.png in Resources */,
				DFB09A1C1C035CA7008B2BE7 /* InvaderB_01@2x.png in Resources */,
				DFB099F41C0359A4008B2BE7 /* Main.storyboard in Resources */,
				DFB09A201C035CA7008B2BE7 /* InvaderC_01.png in Resources */,
				DFB09A151C035CA7008B2BE7 /* InvaderA_00.png in Resources */,
			);
			runOnlyForDeploymentPostprocessing = 0;
		};
/* End PBXResourcesBuildPhase section */

/* Begin PBXSourcesBuildPhase section */
		DFB099E31C0359A4008B2BE7 /* Sources */ = {
			isa = PBXSourcesBuildPhase;
			buildActionMask = 2147483647;
			files = (
				DFB099EF1C0359A4008B2BE7 /* GameScene.swift in Sources */,
				DFB099F11C0359A4008B2BE7 /* GameViewController.swift in Sources */,
				DFB099EB1C0359A4008B2BE7 /* AppDelegate.swift in Sources */,
			);
			runOnlyForDeploymentPostprocessing = 0;
		};
/* End PBXSourcesBuildPhase section */

/* Begin PBXVariantGroup section */
		DFB099F21C0359A4008B2BE7 /* Main.storyboard */ = {
			isa = PBXVariantGroup;
			children = (
				DFB099F31C0359A4008B2BE7 /* Base */,
			);
			name = Main.storyboard;
			sourceTree = "<group>";
		};
		DFB099F71C0359A4008B2BE7 /* LaunchScreen.storyboard */ = {
			isa = PBXVariantGroup;
			children = (
				DFB099F81C0359A4008B2BE7 /* Base */,
			);
			name = LaunchScreen.storyboard;
			sourceTree = "<group>";
		};
/* End PBXVariantGroup section */

/* Begin XCBuildConfiguration section */
		DFB099FB1C0359A4008B2BE7 /* Debug */ = {
			isa = XCBuildConfiguration;
			buildSettings = {
				ALWAYS_SEARCH_USER_PATHS = NO;
				CLANG_CXX_LANGUAGE_STANDARD = "gnu++0x";
				CLANG_CXX_LIBRARY = "libc++";
				CLANG_ENABLE_MODULES = YES;
				CLANG_ENABLE_OBJC_ARC = YES;
				CLANG_WARN_BOOL_CONVERSION = YES;
				CLANG_WARN_CONSTANT_CONVERSION = YES;
				CLANG_WARN_DIRECT_OBJC_ISA_USAGE = YES_ERROR;
				CLANG_WARN_EMPTY_BODY = YES;
				CLANG_WARN_ENUM_CONVERSION = YES;
				CLANG_WARN_INT_CONVERSION = YES;
				CLANG_WARN_OBJC_ROOT_CLASS = YES_ERROR;
				CLANG_WARN_UNREACHABLE_CODE = YES;
				CLANG_WARN__DUPLICATE_METHOD_MATCH = YES;
				"CODE_SIGN_IDENTITY[sdk=iphoneos*]" = "iPhone Developer";
				COPY_PHASE_STRIP = NO;
				DEBUG_INFORMATION_FORMAT = "dwarf-with-dsym";
				ENABLE_STRICT_OBJC_MSGSEND = YES;
				ENABLE_TESTABILITY = YES;
				GCC_C_LANGUAGE_STANDARD = gnu99;
				GCC_DYNAMIC_NO_PIC = NO;
				GCC_NO_COMMON_BLOCKS = YES;
				GCC_OPTIMIZATION_LEVEL = 0;
				GCC_PREPROCESSOR_DEFINITIONS = (
					"DEBUG=1",
					"$(inherited)",
				);
				GCC_WARN_64_TO_32_BIT_CONVERSION = YES;
				GCC_WARN_ABOUT_RETURN_TYPE = YES_ERROR;
				GCC_WARN_UNDECLARED_SELECTOR = YES;
				GCC_WARN_UNINITIALIZED_AUTOS = YES_AGGRESSIVE;
				GCC_WARN_UNUSED_FUNCTION = YES;
				GCC_WARN_UNUSED_VARIABLE = YES;
				IPHONEOS_DEPLOYMENT_TARGET = 9.1;
				MTL_ENABLE_DEBUG_INFO = YES;
				ONLY_ACTIVE_ARCH = YES;
				SDKROOT = iphoneos;
				SWIFT_OPTIMIZATION_LEVEL = "-Onone";
			};
			name = Debug;
		};
		DFB099FC1C0359A4008B2BE7 /* Release */ = {
			isa = XCBuildConfiguration;
			buildSettings = {
				ALWAYS_SEARCH_USER_PATHS = NO;
				CLANG_CXX_LANGUAGE_STANDARD = "gnu++0x";
				CLANG_CXX_LIBRARY = "libc++";
				CLANG_ENABLE_MODULES = YES;
				CLANG_ENABLE_OBJC_ARC = YES;
				CLANG_WARN_BOOL_CONVERSION = YES;
				CLANG_WARN_CONSTANT_CONVERSION = YES;
				CLANG_WARN_DIRECT_OBJC_ISA_USAGE = YES_ERROR;
				CLANG_WARN_EMPTY_BODY = YES;
				CLANG_WARN_ENUM_CONVERSION = YES;
				CLANG_WARN_INT_CONVERSION = YES;
				CLANG_WARN_OBJC_ROOT_CLASS = YES_ERROR;
				CLANG_WARN_UNREACHABLE_CODE = YES;
				CLANG_WARN__DUPLICATE_METHOD_MATCH = YES;
				"CODE_SIGN_IDENTITY[sdk=iphoneos*]" = "iPhone Developer";
				COPY_PHASE_STRIP = NO;
				DEBUG_INFORMATION_FORMAT = "dwarf-with-dsym";
				ENABLE_NS_ASSERTIONS = NO;
				ENABLE_STRICT_OBJC_MSGSEND = YES;
				GCC_C_LANGUAGE_STANDARD = gnu99;
				GCC_NO_COMMON_BLOCKS = YES;
				GCC_WARN_64_TO_32_BIT_CONVERSION = YES;
				GCC_WARN_ABOUT_RETURN_TYPE = YES_ERROR;
				GCC_WARN_UNDECLARED_SELECTOR = YES;
				GCC_WARN_UNINITIALIZED_AUTOS = YES_AGGRESSIVE;
				GCC_WARN_UNUSED_FUNCTION = YES;
				GCC_WARN_UNUSED_VARIABLE = YES;
				IPHONEOS_DEPLOYMENT_TARGET = 9.1;
				MTL_ENABLE_DEBUG_INFO = NO;
				SDKROOT = iphoneos;
				VALIDATE_PRODUCT = YES;
			};
			name = Release;
		};
		DFB099FE1C0359A4008B2BE7 /* Debug */ = {
			isa = XCBuildConfiguration;
			buildSettings = {
				ASSETCATALOG_COMPILER_APPICON_NAME = AppIcon;
				INFOPLIST_FILE = SKInvaders/Info.plist;
				LD_RUNPATH_SEARCH_PATHS = "$(inherited) @executable_path/Frameworks";
				PRODUCT_BUNDLE_IDENTIFIER = com.tiy.SKInvaders;
				PRODUCT_NAME = SpaceInvaders;
			};
			name = Debug;
		};
		DFB099FF1C0359A4008B2BE7 /* Release */ = {
			isa = XCBuildConfiguration;
			buildSettings = {
				ASSETCATALOG_COMPILER_APPICON_NAME = AppIcon;
				INFOPLIST_FILE = SKInvaders/Info.plist;
				LD_RUNPATH_SEARCH_PATHS = "$(inherited) @executable_path/Frameworks";
				PRODUCT_BUNDLE_IDENTIFIER = com.tiy.SKInvaders;
				PRODUCT_NAME = SpaceInvaders;
			};
			name = Release;
		};
/* End XCBuildConfiguration section */

/* Begin XCConfigurationList section */
		DFB099E21C0359A4008B2BE7 /* Build configuration list for PBXProject "SpaceInvaders" */ = {
			isa = XCConfigurationList;
			buildConfigurations = (
				DFB099FB1C0359A4008B2BE7 /* Debug */,
				DFB099FC1C0359A4008B2BE7 /* Release */,
			);
			defaultConfigurationIsVisible = 0;
			defaultConfigurationName = Release;
		};
		DFB099FD1C0359A4008B2BE7 /* Build configuration list for PBXNativeTarget "SpaceInvaders" */ = {
			isa = XCConfigurationList;
			buildConfigurations = (
				DFB099FE1C0359A4008B2BE7 /* Debug */,
				DFB099FF1C0359A4008B2BE7 /* Release */,
			);
			defaultConfigurationIsVisible = 0;
			defaultConfigurationName = Release;
		};
/* End XCConfigurationList section */
	};
	rootObject = DFB099DF1C0359A4008B2BE7 /* Project object */;
}
