// !$*UTF8*$!
{
	archiveVersion = 1;
	classes = {
	};
	objectVersion = 46;
	objects = {

/* Begin PBXBuildFile section */
		DF3993931C15DFE00064C94F /* AppDelegate.swift in Sources */ = {isa = PBXBuildFile; fileRef = DF3993921C15DFE00064C94F /* AppDelegate.swift */; };
		DF3993951C15DFE00064C94F /* ViewController.swift in Sources */ = {isa = PBXBuildFile; fileRef = DF3993941C15DFE00064C94F /* ViewController.swift */; };
		DF3993981C15DFE00064C94F /* Main.storyboard in Resources */ = {isa = PBXBuildFile; fileRef = DF3993961C15DFE00064C94F /* Main.storyboard */; };
		DF39939A1C15DFE00064C94F /* Assets.xcassets in Resources */ = {isa = PBXBuildFile; fileRef = DF3993991C15DFE00064C94F /* Assets.xcassets */; };
		DF39939D1C15DFE00064C94F /* LaunchScreen.storyboard in Resources */ = {isa = PBXBuildFile; fileRef = DF39939B1C15DFE00064C94F /* LaunchScreen.storyboard */; };
		DF3993AA1C15E1500064C94F /* Interface.storyboard in Resources */ = {isa = PBXBuildFile; fileRef = DF3993A81C15E1500064C94F /* Interface.storyboard */; };
		DF3993AC1C15E1500064C94F /* Assets.xcassets in Resources */ = {isa = PBXBuildFile; fileRef = DF3993AB1C15E1500064C94F /* Assets.xcassets */; };
		DF3993B31C15E1500064C94F /* Watch Extension.appex in Embed App Extensions */ = {isa = PBXBuildFile; fileRef = DF3993B21C15E1500064C94F /* Watch Extension.appex */; settings = {ATTRIBUTES = (RemoveHeadersOnCopy, ); }; };
		DF3993B81C15E1500064C94F /* FlightInterfaceController.swift in Sources */ = {isa = PBXBuildFile; fileRef = DF3993B71C15E1500064C94F /* FlightInterfaceController.swift */; };
		DF3993BA1C15E1500064C94F /* ExtensionDelegate.swift in Sources */ = {isa = PBXBuildFile; fileRef = DF3993B91C15E1500064C94F /* ExtensionDelegate.swift */; };
		DF3993BC1C15E1500064C94F /* Assets.xcassets in Resources */ = {isa = PBXBuildFile; fileRef = DF3993BB1C15E1500064C94F /* Assets.xcassets */; };
		DF3993C01C15E1500064C94F /* Watch.app in Embed Watch Content */ = {isa = PBXBuildFile; fileRef = DF3993A61C15E1500064C94F /* Watch.app */; };
		DF3993CA1C15E8E30064C94F /* Flight.swift in Sources */ = {isa = PBXBuildFile; fileRef = DF3993C91C15E8E30064C94F /* Flight.swift */; };
		DF3993CB1C15E8E30064C94F /* Flight.swift in Sources */ = {isa = PBXBuildFile; fileRef = DF3993C91C15E8E30064C94F /* Flight.swift */; };
		DF3993CD1C15E9BB0064C94F /* Flights.json in Resources */ = {isa = PBXBuildFile; fileRef = DF3993CC1C15E9BB0064C94F /* Flights.json */; };
		DF3993CE1C15E9BB0064C94F /* Flights.json in Resources */ = {isa = PBXBuildFile; fileRef = DF3993CC1C15E9BB0064C94F /* Flights.json */; };
		DF9945721C15F2B200A70665 /* ScheduleInterfaceController.swift in Sources */ = {isa = PBXBuildFile; fileRef = DF9945711C15F2B200A70665 /* ScheduleInterfaceController.swift */; };
		DF9945741C15F40300A70665 /* FlightRowController.swift in Sources */ = {isa = PBXBuildFile; fileRef = DF9945731C15F40300A70665 /* FlightRowController.swift */; };
/* End PBXBuildFile section */

/* Begin PBXContainerItemProxy section */
		DF3993B41C15E1500064C94F /* PBXContainerItemProxy */ = {
			isa = PBXContainerItemProxy;
			containerPortal = DF3993871C15DFE00064C94F /* Project object */;
			proxyType = 1;
			remoteGlobalIDString = DF3993B11C15E1500064C94F;
			remoteInfo = "Watch Extension";
		};
		DF3993BE1C15E1500064C94F /* PBXContainerItemProxy */ = {
			isa = PBXContainerItemProxy;
			containerPortal = DF3993871C15DFE00064C94F /* Project object */;
			proxyType = 1;
			remoteGlobalIDString = DF3993A51C15E1500064C94F;
			remoteInfo = Watch;
		};
/* End PBXContainerItemProxy section */

/* Begin PBXCopyFilesBuildPhase section */
		DF3993C41C15E1500064C94F /* Embed App Extensions */ = {
			isa = PBXCopyFilesBuildPhase;
			buildActionMask = 2147483647;
			dstPath = "";
			dstSubfolderSpec = 13;
			files = (
				DF3993B31C15E1500064C94F /* Watch Extension.appex in Embed App Extensions */,
			);
			name = "Embed App Extensions";
			runOnlyForDeploymentPostprocessing = 0;
		};
		DF3993C81C15E1500064C94F /* Embed Watch Content */ = {
			isa = PBXCopyFilesBuildPhase;
			buildActionMask = 2147483647;
			dstPath = "$(CONTENTS_FOLDER_PATH)/Watch";
			dstSubfolderSpec = 16;
			files = (
				DF3993C01C15E1500064C94F /* Watch.app in Embed Watch Content */,
			);
			name = "Embed Watch Content";
			runOnlyForDeploymentPostprocessing = 0;
		};
/* End PBXCopyFilesBuildPhase section */

/* Begin PBXFileReference section */
		DF39938F1C15DFE00064C94F /* IronSkies.app */ = {isa = PBXFileReference; explicitFileType = wrapper.application; includeInIndex = 0; path = IronSkies.app; sourceTree = BUILT_PRODUCTS_DIR; };
		DF3993921C15DFE00064C94F /* AppDelegate.swift */ = {isa = PBXFileReference; lastKnownFileType = sourcecode.swift; path = AppDelegate.swift; sourceTree = "<group>"; };
		DF3993941C15DFE00064C94F /* ViewController.swift */ = {isa = PBXFileReference; lastKnownFileType = sourcecode.swift; path = ViewController.swift; sourceTree = "<group>"; };
		DF3993971C15DFE00064C94F /* Base */ = {isa = PBXFileReference; lastKnownFileType = file.storyboard; name = Base; path = Base.lproj/Main.storyboard; sourceTree = "<group>"; };
		DF3993991C15DFE00064C94F /* Assets.xcassets */ = {isa = PBXFileReference; lastKnownFileType = folder.assetcatalog; path = Assets.xcassets; sourceTree = "<group>"; };
		DF39939C1C15DFE00064C94F /* Base */ = {isa = PBXFileReference; lastKnownFileType = file.storyboard; name = Base; path = Base.lproj/LaunchScreen.storyboard; sourceTree = "<group>"; };
		DF39939E1C15DFE00064C94F /* Info.plist */ = {isa = PBXFileReference; lastKnownFileType = text.plist.xml; path = Info.plist; sourceTree = "<group>"; };
		DF3993A61C15E1500064C94F /* Watch.app */ = {isa = PBXFileReference; explicitFileType = wrapper.application; includeInIndex = 0; path = Watch.app; sourceTree = BUILT_PRODUCTS_DIR; };
		DF3993A91C15E1500064C94F /* Base */ = {isa = PBXFileReference; lastKnownFileType = file.storyboard; name = Base; path = Base.lproj/Interface.storyboard; sourceTree = "<group>"; };
		DF3993AB1C15E1500064C94F /* Assets.xcassets */ = {isa = PBXFileReference; lastKnownFileType = folder.assetcatalog; path = Assets.xcassets; sourceTree = "<group>"; };
		DF3993AD1C15E1500064C94F /* Info.plist */ = {isa = PBXFileReference; lastKnownFileType = text.plist.xml; path = Info.plist; sourceTree = "<group>"; };
		DF3993B21C15E1500064C94F /* Watch Extension.appex */ = {isa = PBXFileReference; explicitFileType = "wrapper.app-extension"; includeInIndex = 0; path = "Watch Extension.appex"; sourceTree = BUILT_PRODUCTS_DIR; };
		DF3993B71C15E1500064C94F /* FlightInterfaceController.swift */ = {isa = PBXFileReference; lastKnownFileType = sourcecode.swift; path = FlightInterfaceController.swift; sourceTree = "<group>"; };
		DF3993B91C15E1500064C94F /* ExtensionDelegate.swift */ = {isa = PBXFileReference; lastKnownFileType = sourcecode.swift; path = ExtensionDelegate.swift; sourceTree = "<group>"; };
		DF3993BB1C15E1500064C94F /* Assets.xcassets */ = {isa = PBXFileReference; lastKnownFileType = folder.assetcatalog; path = Assets.xcassets; sourceTree = "<group>"; };
		DF3993BD1C15E1500064C94F /* Info.plist */ = {isa = PBXFileReference; lastKnownFileType = text.plist.xml; path = Info.plist; sourceTree = "<group>"; };
		DF3993C91C15E8E30064C94F /* Flight.swift */ = {isa = PBXFileReference; fileEncoding = 4; lastKnownFileType = sourcecode.swift; path = Flight.swift; sourceTree = "<group>"; };
		DF3993CC1C15E9BB0064C94F /* Flights.json */ = {isa = PBXFileReference; fileEncoding = 4; lastKnownFileType = text.json; path = Flights.json; sourceTree = "<group>"; };
		DF9945711C15F2B200A70665 /* ScheduleInterfaceController.swift */ = {isa = PBXFileReference; fileEncoding = 4; lastKnownFileType = sourcecode.swift; path = ScheduleInterfaceController.swift; sourceTree = "<group>"; };
		DF9945731C15F40300A70665 /* FlightRowController.swift */ = {isa = PBXFileReference; fileEncoding = 4; lastKnownFileType = sourcecode.swift; path = FlightRowController.swift; sourceTree = "<group>"; };
/* End PBXFileReference section */

/* Begin PBXFrameworksBuildPhase section */
		DF39938C1C15DFE00064C94F /* Frameworks */ = {
			isa = PBXFrameworksBuildPhase;
			buildActionMask = 2147483647;
			files = (
			);
			runOnlyForDeploymentPostprocessing = 0;
		};
		DF3993AF1C15E1500064C94F /* Frameworks */ = {
			isa = PBXFrameworksBuildPhase;
			buildActionMask = 2147483647;
			files = (
			);
			runOnlyForDeploymentPostprocessing = 0;
		};
/* End PBXFrameworksBuildPhase section */

/* Begin PBXGroup section */
		DF3993861C15DFE00064C94F = {
			isa = PBXGroup;
			children = (
				DF3993C91C15E8E30064C94F /* Flight.swift */,
				DF3993CC1C15E9BB0064C94F /* Flights.json */,
				DF3993911C15DFE00064C94F /* IronSkies */,
				DF3993A71C15E1500064C94F /* Watch */,
				DF3993B61C15E1500064C94F /* Watch Extension */,
				DF3993901C15DFE00064C94F /* Products */,
			);
			sourceTree = "<group>";
		};
		DF3993901C15DFE00064C94F /* Products */ = {
			isa = PBXGroup;
			children = (
				DF39938F1C15DFE00064C94F /* IronSkies.app */,
				DF3993A61C15E1500064C94F /* Watch.app */,
				DF3993B21C15E1500064C94F /* Watch Extension.appex */,
			);
			name = Products;
			sourceTree = "<group>";
		};
		DF3993911C15DFE00064C94F /* IronSkies */ = {
			isa = PBXGroup;
			children = (
				DF3993921C15DFE00064C94F /* AppDelegate.swift */,
				DF3993941C15DFE00064C94F /* ViewController.swift */,
				DF3993961C15DFE00064C94F /* Main.storyboard */,
				DF3993991C15DFE00064C94F /* Assets.xcassets */,
				DF39939B1C15DFE00064C94F /* LaunchScreen.storyboard */,
				DF39939E1C15DFE00064C94F /* Info.plist */,
			);
			path = IronSkies;
			sourceTree = "<group>";
		};
		DF3993A71C15E1500064C94F /* Watch */ = {
			isa = PBXGroup;
			children = (
				DF3993A81C15E1500064C94F /* Interface.storyboard */,
				DF3993AB1C15E1500064C94F /* Assets.xcassets */,
				DF3993AD1C15E1500064C94F /* Info.plist */,
			);
			path = Watch;
			sourceTree = "<group>";
		};
		DF3993B61C15E1500064C94F /* Watch Extension */ = {
			isa = PBXGroup;
			children = (
				DF3993B71C15E1500064C94F /* FlightInterfaceController.swift */,
				DF9945711C15F2B200A70665 /* ScheduleInterfaceController.swift */,
				DF9945731C15F40300A70665 /* FlightRowController.swift */,
				DF3993B91C15E1500064C94F /* ExtensionDelegate.swift */,
				DF3993BB1C15E1500064C94F /* Assets.xcassets */,
				DF3993BD1C15E1500064C94F /* Info.plist */,
			);
			path = "Watch Extension";
			sourceTree = "<group>";
		};
/* End PBXGroup section */

/* Begin PBXNativeTarget section */
		DF39938E1C15DFE00064C94F /* IronSkies */ = {
			isa = PBXNativeTarget;
			buildConfigurationList = DF3993A11C15DFE00064C94F /* Build configuration list for PBXNativeTarget "IronSkies" */;
			buildPhases = (
				DF39938B1C15DFE00064C94F /* Sources */,
				DF39938C1C15DFE00064C94F /* Frameworks */,
				DF39938D1C15DFE00064C94F /* Resources */,
				DF3993C81C15E1500064C94F /* Embed Watch Content */,
			);
			buildRules = (
			);
			dependencies = (
				DF3993BF1C15E1500064C94F /* PBXTargetDependency */,
			);
			name = IronSkies;
			productName = IronSkies;
			productReference = DF39938F1C15DFE00064C94F /* IronSkies.app */;
			productType = "com.apple.product-type.application";
		};
		DF3993A51C15E1500064C94F /* Watch */ = {
			isa = PBXNativeTarget;
			buildConfigurationList = DF3993C51C15E1500064C94F /* Build configuration list for PBXNativeTarget "Watch" */;
			buildPhases = (
				DF3993A41C15E1500064C94F /* Resources */,
				DF3993C41C15E1500064C94F /* Embed App Extensions */,
			);
			buildRules = (
			);
			dependencies = (
				DF3993B51C15E1500064C94F /* PBXTargetDependency */,
			);
			name = Watch;
			productName = Watch;
			productReference = DF3993A61C15E1500064C94F /* Watch.app */;
			productType = "com.apple.product-type.application.watchapp2";
		};
		DF3993B11C15E1500064C94F /* Watch Extension */ = {
			isa = PBXNativeTarget;
			buildConfigurationList = DF3993C11C15E1500064C94F /* Build configuration list for PBXNativeTarget "Watch Extension" */;
			buildPhases = (
				DF3993AE1C15E1500064C94F /* Sources */,
				DF3993AF1C15E1500064C94F /* Frameworks */,
				DF3993B01C15E1500064C94F /* Resources */,
			);
			buildRules = (
			);
			dependencies = (
			);
			name = "Watch Extension";
			productName = "Watch Extension";
			productReference = DF3993B21C15E1500064C94F /* Watch Extension.appex */;
			productType = "com.apple.product-type.watchkit2-extension";
		};
/* End PBXNativeTarget section */

/* Begin PBXProject section */
		DF3993871C15DFE00064C94F /* Project object */ = {
			isa = PBXProject;
			attributes = {
				LastSwiftUpdateCheck = 0710;
				LastUpgradeCheck = 0710;
				ORGANIZATIONNAME = "The Iron Yard";
				TargetAttributes = {
					DF39938E1C15DFE00064C94F = {
						CreatedOnToolsVersion = 7.1.1;
					};
					DF3993A51C15E1500064C94F = {
						CreatedOnToolsVersion = 7.1.1;
					};
					DF3993B11C15E1500064C94F = {
						CreatedOnToolsVersion = 7.1.1;
					};
				};
			};
			buildConfigurationList = DF39938A1C15DFE00064C94F /* Build configuration list for PBXProject "IronSkies" */;
			compatibilityVersion = "Xcode 3.2";
			developmentRegion = English;
			hasScannedForEncodings = 0;
			knownRegions = (
				en,
				Base,
			);
			mainGroup = DF3993861C15DFE00064C94F;
			productRefGroup = DF3993901C15DFE00064C94F /* Products */;
			projectDirPath = "";
			projectRoot = "";
			targets = (
				DF39938E1C15DFE00064C94F /* IronSkies */,
				DF3993A51C15E1500064C94F /* Watch */,
				DF3993B11C15E1500064C94F /* Watch Extension */,
			);
		};
/* End PBXProject section */

/* Begin PBXResourcesBuildPhase section */
		DF39938D1C15DFE00064C94F /* Resources */ = {
			isa = PBXResourcesBuildPhase;
			buildActionMask = 2147483647;
			files = (
				DF39939D1C15DFE00064C94F /* LaunchScreen.storyboard in Resources */,
				DF3993CD1C15E9BB0064C94F /* Flights.json in Resources */,
				DF39939A1C15DFE00064C94F /* Assets.xcassets in Resources */,
				DF3993981C15DFE00064C94F /* Main.storyboard in Resources */,
			);
			runOnlyForDeploymentPostprocessing = 0;
		};
		DF3993A41C15E1500064C94F /* Resources */ = {
			isa = PBXResourcesBuildPhase;
			buildActionMask = 2147483647;
			files = (
				DF3993AC1C15E1500064C94F /* Assets.xcassets in Resources */,
				DF3993AA1C15E1500064C94F /* Interface.storyboard in Resources */,
			);
			runOnlyForDeploymentPostprocessing = 0;
		};
		DF3993B01C15E1500064C94F /* Resources */ = {
			isa = PBXResourcesBuildPhase;
			buildActionMask = 2147483647;
			files = (
				DF3993BC1C15E1500064C94F /* Assets.xcassets in Resources */,
				DF3993CE1C15E9BB0064C94F /* Flights.json in Resources */,
			);
			runOnlyForDeploymentPostprocessing = 0;
		};
/* End PBXResourcesBuildPhase section */

/* Begin PBXSourcesBuildPhase section */
		DF39938B1C15DFE00064C94F /* Sources */ = {
			isa = PBXSourcesBuildPhase;
			buildActionMask = 2147483647;
			files = (
				DF3993CA1C15E8E30064C94F /* Flight.swift in Sources */,
				DF3993951C15DFE00064C94F /* ViewController.swift in Sources */,
				DF3993931C15DFE00064C94F /* AppDelegate.swift in Sources */,
			);
			runOnlyForDeploymentPostprocessing = 0;
		};
		DF3993AE1C15E1500064C94F /* Sources */ = {
			isa = PBXSourcesBuildPhase;
			buildActionMask = 2147483647;
			files = (
				DF3993CB1C15E8E30064C94F /* Flight.swift in Sources */,
				DF3993BA1C15E1500064C94F /* ExtensionDelegate.swift in Sources */,
				DF9945721C15F2B200A70665 /* ScheduleInterfaceController.swift in Sources */,
				DF9945741C15F40300A70665 /* FlightRowController.swift in Sources */,
				DF3993B81C15E1500064C94F /* FlightInterfaceController.swift in Sources */,
			);
			runOnlyForDeploymentPostprocessing = 0;
		};
/* End PBXSourcesBuildPhase section */

/* Begin PBXTargetDependency section */
		DF3993B51C15E1500064C94F /* PBXTargetDependency */ = {
			isa = PBXTargetDependency;
			target = DF3993B11C15E1500064C94F /* Watch Extension */;
			targetProxy = DF3993B41C15E1500064C94F /* PBXContainerItemProxy */;
		};
		DF3993BF1C15E1500064C94F /* PBXTargetDependency */ = {
			isa = PBXTargetDependency;
			target = DF3993A51C15E1500064C94F /* Watch */;
			targetProxy = DF3993BE1C15E1500064C94F /* PBXContainerItemProxy */;
		};
/* End PBXTargetDependency section */

/* Begin PBXVariantGroup section */
		DF3993961C15DFE00064C94F /* Main.storyboard */ = {
			isa = PBXVariantGroup;
			children = (
				DF3993971C15DFE00064C94F /* Base */,
			);
			name = Main.storyboard;
			sourceTree = "<group>";
		};
		DF39939B1C15DFE00064C94F /* LaunchScreen.storyboard */ = {
			isa = PBXVariantGroup;
			children = (
				DF39939C1C15DFE00064C94F /* Base */,
			);
			name = LaunchScreen.storyboard;
			sourceTree = "<group>";
		};
		DF3993A81C15E1500064C94F /* Interface.storyboard */ = {
			isa = PBXVariantGroup;
			children = (
				DF3993A91C15E1500064C94F /* Base */,
			);
			name = Interface.storyboard;
			sourceTree = "<group>";
		};
/* End PBXVariantGroup section */

/* Begin XCBuildConfiguration section */
		DF39939F1C15DFE00064C94F /* Debug */ = {
			isa = XCBuildConfiguration;
			buildSettings = {
				ALWAYS_SEARCH_USER_PATHS = NO;
				CLANG_CXX_LANGUAGE_STANDARD = "gnu++0x";
				CLANG_CXX_LIBRARY = "libc++";
				CLANG_ENABLE_MODULES = YES;
				CLANG_ENABLE_OBJC_ARC = YES;
				CLANG_WARN_BOOL_CONVERSION = YES;
				CLANG_WARN_CONSTANT_CONVERSION = YES;
				CLANG_WARN_DIRECT_OBJC_ISA_USAGE = YES_ERROR;
				CLANG_WARN_EMPTY_BODY = YES;
				CLANG_WARN_ENUM_CONVERSION = YES;
				CLANG_WARN_INT_CONVERSION = YES;
				CLANG_WARN_OBJC_ROOT_CLASS = YES_ERROR;
				CLANG_WARN_UNREACHABLE_CODE = YES;
				CLANG_WARN__DUPLICATE_METHOD_MATCH = YES;
				"CODE_SIGN_IDENTITY[sdk=iphoneos*]" = "iPhone Developer";
				COPY_PHASE_STRIP = NO;
				DEBUG_INFORMATION_FORMAT = dwarf;
				ENABLE_STRICT_OBJC_MSGSEND = YES;
				ENABLE_TESTABILITY = YES;
				GCC_C_LANGUAGE_STANDARD = gnu99;
				GCC_DYNAMIC_NO_PIC = NO;
				GCC_NO_COMMON_BLOCKS = YES;
				GCC_OPTIMIZATION_LEVEL = 0;
				GCC_PREPROCESSOR_DEFINITIONS = (
					"DEBUG=1",
					"$(inherited)",
				);
				GCC_WARN_64_TO_32_BIT_CONVERSION = YES;
				GCC_WARN_ABOUT_RETURN_TYPE = YES_ERROR;
				GCC_WARN_UNDECLARED_SELECTOR = YES;
				GCC_WARN_UNINITIALIZED_AUTOS = YES_AGGRESSIVE;
				GCC_WARN_UNUSED_FUNCTION = YES;
				GCC_WARN_UNUSED_VARIABLE = YES;
				IPHONEOS_DEPLOYMENT_TARGET = 9.1;
				MTL_ENABLE_DEBUG_INFO = YES;
				ONLY_ACTIVE_ARCH = YES;
				SDKROOT = iphoneos;
				SWIFT_OPTIMIZATION_LEVEL = "-Onone";
			};
			name = Debug;
		};
		DF3993A01C15DFE00064C94F /* Release */ = {
			isa = XCBuildConfiguration;
			buildSettings = {
				ALWAYS_SEARCH_USER_PATHS = NO;
				CLANG_CXX_LANGUAGE_STANDARD = "gnu++0x";
				CLANG_CXX_LIBRARY = "libc++";
				CLANG_ENABLE_MODULES = YES;
				CLANG_ENABLE_OBJC_ARC = YES;
				CLANG_WARN_BOOL_CONVERSION = YES;
				CLANG_WARN_CONSTANT_CONVERSION = YES;
				CLANG_WARN_DIRECT_OBJC_ISA_USAGE = YES_ERROR;
				CLANG_WARN_EMPTY_BODY = YES;
				CLANG_WARN_ENUM_CONVERSION = YES;
				CLANG_WARN_INT_CONVERSION = YES;
				CLANG_WARN_OBJC_ROOT_CLASS = YES_ERROR;
				CLANG_WARN_UNREACHABLE_CODE = YES;
				CLANG_WARN__DUPLICATE_METHOD_MATCH = YES;
				"CODE_SIGN_IDENTITY[sdk=iphoneos*]" = "iPhone Developer";
				COPY_PHASE_STRIP = NO;
				DEBUG_INFORMATION_FORMAT = "dwarf-with-dsym";
				ENABLE_NS_ASSERTIONS = NO;
				ENABLE_STRICT_OBJC_MSGSEND = YES;
				GCC_C_LANGUAGE_STANDARD = gnu99;
				GCC_NO_COMMON_BLOCKS = YES;
				GCC_WARN_64_TO_32_BIT_CONVERSION = YES;
				GCC_WARN_ABOUT_RETURN_TYPE = YES_ERROR;
				GCC_WARN_UNDECLARED_SELECTOR = YES;
				GCC_WARN_UNINITIALIZED_AUTOS = YES_AGGRESSIVE;
				GCC_WARN_UNUSED_FUNCTION = YES;
				GCC_WARN_UNUSED_VARIABLE = YES;
				IPHONEOS_DEPLOYMENT_TARGET = 9.1;
				MTL_ENABLE_DEBUG_INFO = NO;
				SDKROOT = iphoneos;
				VALIDATE_PRODUCT = YES;
			};
			name = Release;
		};
		DF3993A21C15DFE00064C94F /* Debug */ = {
			isa = XCBuildConfiguration;
			buildSettings = {
				ASSETCATALOG_COMPILER_APPICON_NAME = AppIcon;
				INFOPLIST_FILE = IronSkies/Info.plist;
				LD_RUNPATH_SEARCH_PATHS = "$(inherited) @executable_path/Frameworks";
				PRODUCT_BUNDLE_IDENTIFIER = com.tiy.IronSkies;
				PRODUCT_NAME = "$(TARGET_NAME)";
			};
			name = Debug;
		};
		DF3993A31C15DFE00064C94F /* Release */ = {
			isa = XCBuildConfiguration;
			buildSettings = {
				ASSETCATALOG_COMPILER_APPICON_NAME = AppIcon;
				INFOPLIST_FILE = IronSkies/Info.plist;
				LD_RUNPATH_SEARCH_PATHS = "$(inherited) @executable_path/Frameworks";
				PRODUCT_BUNDLE_IDENTIFIER = com.tiy.IronSkies;
				PRODUCT_NAME = "$(TARGET_NAME)";
			};
			name = Release;
		};
		DF3993C21C15E1500064C94F /* Debug */ = {
			isa = XCBuildConfiguration;
			buildSettings = {
				INFOPLIST_FILE = "Watch Extension/Info.plist";
				LD_RUNPATH_SEARCH_PATHS = "$(inherited) @executable_path/Frameworks @executable_path/../../Frameworks";
				PRODUCT_BUNDLE_IDENTIFIER = com.tiy.IronSkies.watchkitapp.watchkitextension;
				PRODUCT_NAME = "${TARGET_NAME}";
				SDKROOT = watchos;
				SKIP_INSTALL = YES;
				TARGETED_DEVICE_FAMILY = 4;
				WATCHOS_DEPLOYMENT_TARGET = 2.0;
			};
			name = Debug;
		};
		DF3993C31C15E1500064C94F /* Release */ = {
			isa = XCBuildConfiguration;
			buildSettings = {
				INFOPLIST_FILE = "Watch Extension/Info.plist";
				LD_RUNPATH_SEARCH_PATHS = "$(inherited) @executable_path/Frameworks @executable_path/../../Frameworks";
				PRODUCT_BUNDLE_IDENTIFIER = com.tiy.IronSkies.watchkitapp.watchkitextension;
				PRODUCT_NAME = "${TARGET_NAME}";
				SDKROOT = watchos;
				SKIP_INSTALL = YES;
				TARGETED_DEVICE_FAMILY = 4;
				WATCHOS_DEPLOYMENT_TARGET = 2.0;
			};
			name = Release;
		};
		DF3993C61C15E1500064C94F /* Debug */ = {
			isa = XCBuildConfiguration;
			buildSettings = {
				ASSETCATALOG_COMPILER_APPICON_NAME = AppIcon;
				EMBEDDED_CONTENT_CONTAINS_SWIFT = YES;
				IBSC_MODULE = Watch_Extension;
				INFOPLIST_FILE = Watch/Info.plist;
				PRODUCT_BUNDLE_IDENTIFIER = com.tiy.IronSkies.watchkitapp;
				PRODUCT_NAME = "$(TARGET_NAME)";
				SDKROOT = watchos;
				SKIP_INSTALL = YES;
				TARGETED_DEVICE_FAMILY = 4;
				WATCHOS_DEPLOYMENT_TARGET = 2.0;
			};
			name = Debug;
		};
		DF3993C71C15E1500064C94F /* Release */ = {
			isa = XCBuildConfiguration;
			buildSettings = {
				ASSETCATALOG_COMPILER_APPICON_NAME = AppIcon;
				EMBEDDED_CONTENT_CONTAINS_SWIFT = YES;
				IBSC_MODULE = Watch_Extension;
				INFOPLIST_FILE = Watch/Info.plist;
				PRODUCT_BUNDLE_IDENTIFIER = com.tiy.IronSkies.watchkitapp;
				PRODUCT_NAME = "$(TARGET_NAME)";
				SDKROOT = watchos;
				SKIP_INSTALL = YES;
				TARGETED_DEVICE_FAMILY = 4;
				WATCHOS_DEPLOYMENT_TARGET = 2.0;
			};
			name = Release;
		};
/* End XCBuildConfiguration section */

/* Begin XCConfigurationList section */
		DF39938A1C15DFE00064C94F /* Build configuration list for PBXProject "IronSkies" */ = {
			isa = XCConfigurationList;
			buildConfigurations = (
				DF39939F1C15DFE00064C94F /* Debug */,
				DF3993A01C15DFE00064C94F /* Release */,
			);
			defaultConfigurationIsVisible = 0;
			defaultConfigurationName = Release;
		};
		DF3993A11C15DFE00064C94F /* Build configuration list for PBXNativeTarget "IronSkies" */ = {
			isa = XCConfigurationList;
			buildConfigurations = (
				DF3993A21C15DFE00064C94F /* Debug */,
				DF3993A31C15DFE00064C94F /* Release */,
			);
			defaultConfigurationIsVisible = 0;
			defaultConfigurationName = Release;
		};
		DF3993C11C15E1500064C94F /* Build configuration list for PBXNativeTarget "Watch Extension" */ = {
			isa = XCConfigurationList;
			buildConfigurations = (
				DF3993C21C15E1500064C94F /* Debug */,
				DF3993C31C15E1500064C94F /* Release */,
			);
			defaultConfigurationIsVisible = 0;
			defaultConfigurationName = Release;
		};
		DF3993C51C15E1500064C94F /* Build configuration list for PBXNativeTarget "Watch" */ = {
			isa = XCConfigurationList;
			buildConfigurations = (
				DF3993C61C15E1500064C94F /* Debug */,
				DF3993C71C15E1500064C94F /* Release */,
			);
			defaultConfigurationIsVisible = 0;
			defaultConfigurationName = Release;
		};
/* End XCConfigurationList section */
	};
	rootObject = DF3993871C15DFE00064C94F /* Project object */;
}
